<?xml version="1.0" encoding="utf-8"?>
<Project ToolsVersion="4.0" xmlns="http://schemas.microsoft.com/developer/msbuild/2003">
  <ItemGroup>
    <Filter Include="Source Files">
      <UniqueIdentifier>9d1e1c84-b014-470a-8bf9-f0c01f65599d</UniqueIdentifier>
      <Extensions>cpp;c;cc;cxx;def;odl;idl;hpj;bat;asm;asmx</Extensions>
    </Filter>
    <Filter Include="Source Files\Orientations">
      <UniqueIdentifier>{53e1ab6c-23b5-42a1-950e-1b4a56771daa}</UniqueIdentifier>
    </Filter>
    <Filter Include="Header Files">
      <UniqueIdentifier>b6e531dc-1508-48b7-aec8-0db689bec463</UniqueIdentifier>
      <Extensions>h;hpp;hxx;hm;inl;inc;xsd</Extensions>
    </Filter>
    <Filter Include="Header Files\Orientations">
      <UniqueIdentifier>{47e1c746-f0a6-4d54-9280-fdca51ca5d01}</UniqueIdentifier>
    </Filter>
    <Filter Include="Resource Files">
      <UniqueIdentifier>1093e584-f508-4b4b-a017-959ae9a0b1e6</UniqueIdentifier>
      <Extensions>rc;ico;cur;bmp;dlg;rc2;rct;bin;rgs;gif;jpg;jpeg;jpe;resx;tiff;tif;png;wav</Extensions>
    </Filter>
  </ItemGroup>
  <ItemGroup>
    <ClCompile Include="AgentActionComponent.cpp">
      <Filter>Source Files</Filter>
    </ClCompile>
    <ClCompile Include="AgentActionManager.cpp">
      <Filter>Source Files</Filter>
    </ClCompile>
    <ClCompile Include="GameEngine_AgentAction.cpp">
      <Filter>Source Files</Filter>
    </ClCompile>
    <ClCompile Include="main.cpp">
      <Filter>Source Files</Filter>
    </ClCompile>
    <ClCompile Include="Orientation.cpp">
      <Filter>Source Files\Orientations</Filter>
    </ClCompile>
    <ClCompile Include="Orientation_C.cpp">
      <Filter>Source Files\Orientations</Filter>
    </ClCompile>
    <ClCompile Include="Orientation_H.cpp">
      <Filter>Source Files\Orientations</Filter>
    </ClCompile>
    <ClCompile Include="Orientation_I.cpp">
      <Filter>Source Files\Orientations</Filter>
    </ClCompile>
    <ClCompile Include="Orientation_L.cpp">
      <Filter>Source Files\Orientations</Filter>
    </ClCompile>
    <ClCompile Include="Orientation_N.cpp">
      <Filter>Source Files\Orientations</Filter>
    </ClCompile>
    <ClCompile Include="Orientation_V.cpp">
      <Filter>Source Files\Orientations</Filter>
    </ClCompile>
  </ItemGroup>
  <ItemGroup>
    <ClInclude Include="ActionEntity.h">
      <Filter>Header Files</Filter>
    </ClInclude>
    <ClInclude Include="AgentActionComponent.h">
      <Filter>Header Files</Filter>
    </ClInclude>
    <ClInclude Include="AgentActionManager.h">
      <Filter>Header Files</Filter>
    </ClInclude>
    <ClInclude Include="GameEngine_AgentAction.h">
      <Filter>Header Files</Filter>
    </ClInclude>
    <ClInclude Include="Orientation.h">
      <Filter>Header Files\Orientations</Filter>
    </ClInclude>
    <ClInclude Include="Orientation_C.h">
      <Filter>Header Files\Orientations</Filter>
    </ClInclude>
    <ClInclude Include="Orientation_H.h">
      <Filter>Header Files\Orientations</Filter>
    </ClInclude>
    <ClInclude Include="Orientation_I.h">
      <Filter>Header Files\Orientations</Filter>
    </ClInclude>
    <ClInclude Include="Orientation_L.h">
      <Filter>Header Files\Orientations</Filter>
    </ClInclude>
    <ClInclude Include="Orientation_N.h">
      <Filter>Header Files\Orientations</Filter>
    </ClInclude>
    <ClInclude Include="Orientation_V.h">
      <Filter>Header Files\Orientations</Filter>
    </ClInclude>
  </ItemGroup>
</Project>