
Microsoft Visual Studio Solution File, Format Version 9.00
# Visual Studio 2005
Project("{8BC9CEB8-8B4A-11D0-8D11-00A0C91BC942}") = "GameEngineCore", "src\GameEngineCore\GameEngineCore_2005.vcproj", "{DB488001-8E98-4724-9787-72DA137C4E47}"
	ProjectSection(ProjectDependencies) = postProject
		{BEA5367D-0441-4677-934A-43A09ABBF8C6} = {BEA5367D-0441-4677-934A-43A09ABBF8C6}
		{3BF9D44F-4A29-46EE-9A04-EE706E602620} = {3BF9D44F-4A29-46EE-9A04-EE706E602620}
	EndProjectSection
EndProject
Project("{8BC9CEB8-8B4A-11D0-8D11-00A0C91BC942}") = "GameBulletPhysicsComponent", "src\GameBulletPhysicsComponent\GameBulletPhysicsComponent_2005.vcproj", "{015B0EBE-4BCE-4C7D-8F27-47A5C78C6B27}"
	ProjectSection(ProjectDependencies) = postProject
		{C1C6726D-7A72-46E9-AE61-E3E456950A3A} = {C1C6726D-7A72-46E9-AE61-E3E456950A3A}
		{3F9EB460-ACAF-4469-A9B2-3482C1F5998F} = {3F9EB460-ACAF-4469-A9B2-3482C1F5998F}
		{85D7BB84-7041-4885-96AD-83A2E10BD211} = {85D7BB84-7041-4885-96AD-83A2E10BD211}
		{57D67E6F-6DCA-4398-B5BE-47145F5C27C4} = {57D67E6F-6DCA-4398-B5BE-47145F5C27C4}
		{764AA9B9-F92B-440A-8736-7536D875B244} = {764AA9B9-F92B-440A-8736-7536D875B244}
		{DB488001-8E98-4724-9787-72DA137C4E47} = {DB488001-8E98-4724-9787-72DA137C4E47}
	EndProjectSection
EndProject
Project("{8BC9CEB8-8B4A-11D0-8D11-00A0C91BC942}") = "GameSapiComponent", "src\GameSapiComponent\GameSapiComponent_2005.vcproj", "{F606E654-0F08-4B81-8388-5A903BBA07E9}"
	ProjectSection(ProjectDependencies) = postProject
		{DB488001-8E98-4724-9787-72DA137C4E47} = {DB488001-8E98-4724-9787-72DA137C4E47}
	EndProjectSection
EndProject
Project("{8BC9CEB8-8B4A-11D0-8D11-00A0C91BC942}") = "GameAnimationsComponent", "src\GameAnimationComponent\GameAnimationsComponent_2005.vcproj", "{3E87E5FB-5C38-1139-85B7-CF179BA0D2AB}"
	ProjectSection(ProjectDependencies) = postProject
		{DB488001-8E98-4724-9787-72DA137C4E47} = {DB488001-8E98-4724-9787-72DA137C4E47}
		{BEA5367D-0441-4677-934A-43A09ABBF8C6} = {BEA5367D-0441-4677-934A-43A09ABBF8C6}
		{AE8EB9B3-D2C2-4372-AB4B-FC980EE69D2D} = {AE8EB9B3-D2C2-4372-AB4B-FC980EE69D2D}
		{1D558D7D-DA57-4908-BCFC-902054FE6B63} = {1D558D7D-DA57-4908-BCFC-902054FE6B63}
	EndProjectSection
EndProject
Project("{8BC9CEB8-8B4A-11D0-8D11-00A0C91BC942}") = "Coconut shy", "Samples\Coconut_shy\Coconut_shy_2005.vcproj", "{0D5CC932-3AEA-4AB2-802C-D4DA76A3A390}"
	ProjectSection(ProjectDependencies) = postProject
		{3E87E5FB-5C38-1139-85B7-CF179BA0D2AB} = {3E87E5FB-5C38-1139-85B7-CF179BA0D2AB}
		{015B0EBE-4BCE-4C7D-8F27-47A5C78C6B27} = {015B0EBE-4BCE-4C7D-8F27-47A5C78C6B27}
		{7B21D090-9A12-4E86-8E65-9AAEA2B72AB4} = {7B21D090-9A12-4E86-8E65-9AAEA2B72AB4}
		{2A423B83-D582-49BA-A45F-E27148099850} = {2A423B83-D582-49BA-A45F-E27148099850}
		{C93E4376-D274-4D5C-9D4B-597594E5B343} = {C93E4376-D274-4D5C-9D4B-597594E5B343}
		{F606E654-0F08-4B81-8388-5A903BBA07E9} = {F606E654-0F08-4B81-8388-5A903BBA07E9}
		{DB488001-8E98-4724-9787-72DA137C4E47} = {DB488001-8E98-4724-9787-72DA137C4E47}
	EndProjectSection
EndProject
Project("{8BC9CEB8-8B4A-11D0-8D11-00A0C91BC942}") = "GameSceneGraphComponent", "src\GameSceneGraphComponent\GameSceneGraphComponent_2005.vcproj", "{7B21D090-9A12-4E86-8E65-9AAEA2B72AB4}"
	ProjectSection(ProjectDependencies) = postProject
		{DB488001-8E98-4724-9787-72DA137C4E47} = {DB488001-8E98-4724-9787-72DA137C4E47}
		{1D558D7D-DA57-4908-BCFC-902054FE6B63} = {1D558D7D-DA57-4908-BCFC-902054FE6B63}
		{AE8EB9B3-D2C2-4372-AB4B-FC980EE69D2D} = {AE8EB9B3-D2C2-4372-AB4B-FC980EE69D2D}
	EndProjectSection
EndProject
Project("{8BC9CEB8-8B4A-11D0-8D11-00A0C91BC942}") = "GameSoundComponent", "src\GameSoundEngineComponent\GameSoundComponent_2005.vcproj", "{C93E4376-D274-4D5C-9D4B-597594E5B343}"
	ProjectSection(ProjectDependencies) = postProject
		{DB488001-8E98-4724-9787-72DA137C4E47} = {DB488001-8E98-4724-9787-72DA137C4E47}
	EndProjectSection
EndProject
Project("{8BC9CEB8-8B4A-11D0-8D11-00A0C91BC942}") = "GameCollisionComponent", "src\GameCollisionComponent\GameCollisionComponent_2005.vcproj", "{AFFBE2FC-17A7-4892-A398-94A1BF45574B}"
	ProjectSection(ProjectDependencies) = postProject
		{DB488001-8E98-4724-9787-72DA137C4E47} = {DB488001-8E98-4724-9787-72DA137C4E47}
	EndProjectSection
EndProject
Project("{2150E333-8FDC-42A3-9474-1A3956D46DE8}") = "GameEngine", "GameEngine", "{A6D1B062-D16B-4C0A-9D22-681FAD046BE0}"
EndProject
Project("{2150E333-8FDC-42A3-9474-1A3956D46DE8}") = "Dependencies", "Dependencies", "{99FD7239-73AE-4DFB-8201-7B4529041102}"
EndProject
Project("{8BC9CEB8-8B4A-11D0-8D11-00A0C91BC942}") = "Lua", "..\Dependencies\Lua\Lua_2005.vcproj", "{BEA5367D-0441-4677-934A-43A09ABBF8C6}"
EndProject
Project("{8BC9CEB8-8B4A-11D0-8D11-00A0C91BC942}") = "XmlParser", "..\Dependencies\XMLParser\XmlParserLib_2005.vcproj", "{3BF9D44F-4A29-46EE-9A04-EE706E602620}"
EndProject
Project("{8BC9CEB8-8B4A-11D0-8D11-00A0C91BC942}") = "libbulletcollision", "..\Dependencies\Bullet\bullet-2.74\msvc\8\libbulletcollision_2005.vcproj", "{764AA9B9-F92B-440A-8736-7536D875B244}"
EndProject
Project("{8BC9CEB8-8B4A-11D0-8D11-00A0C91BC942}") = "libbulletdynamics", "..\Dependencies\Bullet\bullet-2.74\msvc\8\libbulletdynamics_2005.vcproj", "{57D67E6F-6DCA-4398-B5BE-47145F5C27C4}"
EndProject
Project("{8BC9CEB8-8B4A-11D0-8D11-00A0C91BC942}") = "libbulletmath", "..\Dependencies\Bullet\bullet-2.74\msvc\8\libbulletmath_2005.vcproj", "{85D7BB84-7041-4885-96AD-83A2E10BD211}"
EndProject
Project("{8BC9CEB8-8B4A-11D0-8D11-00A0C91BC942}") = "libconvexdecomposition", "..\Dependencies\Bullet\bullet-2.74\msvc\8\libconvexdecomposition_2005.vcproj", "{3F9EB460-ACAF-4469-A9B2-3482C1F5998F}"
EndProject
Project("{8BC9CEB8-8B4A-11D0-8D11-00A0C91BC942}") = "libGIMPACTUtils", "..\Dependencies\Bullet\bullet-2.74\msvc\8\libGIMPACTUtils_2005.vcproj", "{C1C6726D-7A72-46E9-AE61-E3E456950A3A}"
EndProject
Project("{8BC9CEB8-8B4A-11D0-8D11-00A0C91BC942}") = "glfw", "..\..\Horde3D\Dependencies\Source\glfw\glfw.vcproj", "{2A423B83-D582-49BA-A45F-E27148099850}"
EndProject
Project("{2150E333-8FDC-42A3-9474-1A3956D46DE8}") = "Horde3D", "Horde3D", "{284A8B6D-11F0-4242-9FE9-FBA5E7E632BA}"
EndProject
Project("{8BC9CEB8-8B4A-11D0-8D11-00A0C91BC942}") = "Horde3D Engine", "..\..\Horde3D\Source\Horde3DEngine\Horde3D Engine.vcproj", "{1D558D7D-DA57-4908-BCFC-902054FE6B63}"
	ProjectSection(ProjectDependencies) = postProject
		{572DA8BF-33EA-4950-AA4C-D5A4C4C8E6BD} = {572DA8BF-33EA-4950-AA4C-D5A4C4C8E6BD}
		{7D7F9530-C61A-4BF2-B1C8-DE9D369880B6} = {7D7F9530-C61A-4BF2-B1C8-DE9D369880B6}
	EndProjectSection
EndProject
Project("{8BC9CEB8-8B4A-11D0-8D11-00A0C91BC942}") = "Horde3D Utils", "..\..\Horde3D\Source\Horde3DUtils\Horde3D Utils.vcproj", "{AE8EB9B3-D2C2-4372-AB4B-FC980EE69D2D}"
EndProject
Project("{8BC9CEB8-8B4A-11D0-8D11-00A0C91BC942}") = "Extension Terrain", "..\..\Extensions\Terrain\Source\Extension Terrain.vcproj", "{7D7F9530-C61A-4BF2-B1C8-DE9D369880B6}"
EndProject
Project("{8BC9CEB8-8B4A-11D0-8D11-00A0C91BC942}") = "DominoApp", "Samples\DominoDemo\DominoApp_2005.vcproj", "{AFB8F4F3-5342-4AAE-ACAA-CB6428F6212E}"
	ProjectSection(ProjectDependencies) = postProject
		{015B0EBE-4BCE-4C7D-8F27-47A5C78C6B27} = {015B0EBE-4BCE-4C7D-8F27-47A5C78C6B27}
		{7B21D090-9A12-4E86-8E65-9AAEA2B72AB4} = {7B21D090-9A12-4E86-8E65-9AAEA2B72AB4}
		{DB488001-8E98-4724-9787-72DA137C4E47} = {DB488001-8E98-4724-9787-72DA137C4E47}
	EndProjectSection
EndProject
Project("{8BC9CEB8-8B4A-11D0-8D11-00A0C91BC942}") = "Extension Sound", "..\..\Extensions\Sound\Source\Extension_Sound.vcproj", "{572DA8BF-33EA-4950-AA4C-D5A4C4C8E6BD}"
	ProjectSection(ProjectDependencies) = postProject
		{CEBDE98B-A6AA-46E6-BC79-FAAF823DB9EC} = {CEBDE98B-A6AA-46E6-BC79-FAAF823DB9EC}
	EndProjectSection
EndProject
Project("{8BC9CEB8-8B4A-11D0-8D11-00A0C91BC942}") = "ogg", "..\..\Extensions\Sound\Dependencies\Source\ogg\ogg.vcproj", "{15CBFEFF-7965-41F5-B4E2-21E8795C9159}"
EndProject
Project("{8BC9CEB8-8B4A-11D0-8D11-00A0C91BC942}") = "vorbis", "..\..\Extensions\Sound\Dependencies\Source\vorbis\vorbis.vcproj", "{3A214E06-B95E-4D61-A291-1F8DF2EC10FD}"
	ProjectSection(ProjectDependencies) = postProject
		{15CBFEFF-7965-41F5-B4E2-21E8795C9159} = {15CBFEFF-7965-41F5-B4E2-21E8795C9159}
	EndProjectSection
EndProject
Project("{8BC9CEB8-8B4A-11D0-8D11-00A0C91BC942}") = "vorbisfile", "..\..\Extensions\Sound\Dependencies\Source\vorbisfile\vorbisfile.vcproj", "{CEBDE98B-A6AA-46E6-BC79-FAAF823DB9EC}"
	ProjectSection(ProjectDependencies) = postProject
		{3A214E06-B95E-4D61-A291-1F8DF2EC10FD} = {3A214E06-B95E-4D61-A291-1F8DF2EC10FD}
	EndProjectSection
EndProject
Project("{2150E333-8FDC-42A3-9474-1A3956D46DE8}") = "Sound Dependencies", "Sound Dependencies", "{BB412F41-7C51-489A-AF33-A2736913EBA3}"
EndProject
Global
	GlobalSection(SolutionConfigurationPlatforms) = preSolution
		Debug|Win32 = Debug|Win32
		MemoryCheck|Win32 = MemoryCheck|Win32
		Release OpenMP|Win32 = Release OpenMP|Win32
		Release|Win32 = Release|Win32
	EndGlobalSection
	GlobalSection(ProjectConfigurationPlatforms) = postSolution
		{DB488001-8E98-4724-9787-72DA137C4E47}.Debug|Win32.ActiveCfg = Debug|Win32
		{DB488001-8E98-4724-9787-72DA137C4E47}.Debug|Win32.Build.0 = Debug|Win32
		{DB488001-8E98-4724-9787-72DA137C4E47}.MemoryCheck|Win32.ActiveCfg = Debug|Win32
		{DB488001-8E98-4724-9787-72DA137C4E47}.MemoryCheck|Win32.Build.0 = Debug|Win32
		{DB488001-8E98-4724-9787-72DA137C4E47}.Release OpenMP|Win32.ActiveCfg = Release OpenMP|Win32
		{DB488001-8E98-4724-9787-72DA137C4E47}.Release OpenMP|Win32.Build.0 = Release OpenMP|Win32
		{DB488001-8E98-4724-9787-72DA137C4E47}.Release|Win32.ActiveCfg = Release|Win32
		{DB488001-8E98-4724-9787-72DA137C4E47}.Release|Win32.Build.0 = Release|Win32
		{015B0EBE-4BCE-4C7D-8F27-47A5C78C6B27}.Debug|Win32.ActiveCfg = Debug|Win32
		{015B0EBE-4BCE-4C7D-8F27-47A5C78C6B27}.Debug|Win32.Build.0 = Debug|Win32
		{015B0EBE-4BCE-4C7D-8F27-47A5C78C6B27}.MemoryCheck|Win32.ActiveCfg = Debug|Win32
		{015B0EBE-4BCE-4C7D-8F27-47A5C78C6B27}.MemoryCheck|Win32.Build.0 = Debug|Win32
		{015B0EBE-4BCE-4C7D-8F27-47A5C78C6B27}.Release OpenMP|Win32.ActiveCfg = Release|Win32
		{015B0EBE-4BCE-4C7D-8F27-47A5C78C6B27}.Release OpenMP|Win32.Build.0 = Release|Win32
		{015B0EBE-4BCE-4C7D-8F27-47A5C78C6B27}.Release|Win32.ActiveCfg = Release|Win32
		{015B0EBE-4BCE-4C7D-8F27-47A5C78C6B27}.Release|Win32.Build.0 = Release|Win32
		{F606E654-0F08-4B81-8388-5A903BBA07E9}.Debug|Win32.ActiveCfg = Debug|Win32
		{F606E654-0F08-4B81-8388-5A903BBA07E9}.Debug|Win32.Build.0 = Debug|Win32
		{F606E654-0F08-4B81-8388-5A903BBA07E9}.MemoryCheck|Win32.ActiveCfg = Debug|Win32
		{F606E654-0F08-4B81-8388-5A903BBA07E9}.MemoryCheck|Win32.Build.0 = Debug|Win32
		{F606E654-0F08-4B81-8388-5A903BBA07E9}.Release OpenMP|Win32.ActiveCfg = Release|Win32
		{F606E654-0F08-4B81-8388-5A903BBA07E9}.Release OpenMP|Win32.Build.0 = Release|Win32
		{F606E654-0F08-4B81-8388-5A903BBA07E9}.Release|Win32.ActiveCfg = Release|Win32
		{F606E654-0F08-4B81-8388-5A903BBA07E9}.Release|Win32.Build.0 = Release|Win32
		{3E87E5FB-5C38-1139-85B7-CF179BA0D2AB}.Debug|Win32.ActiveCfg = Debug|Win32
		{3E87E5FB-5C38-1139-85B7-CF179BA0D2AB}.Debug|Win32.Build.0 = Debug|Win32
		{3E87E5FB-5C38-1139-85B7-CF179BA0D2AB}.MemoryCheck|Win32.ActiveCfg = Debug|Win32
		{3E87E5FB-5C38-1139-85B7-CF179BA0D2AB}.MemoryCheck|Win32.Build.0 = Debug|Win32
		{3E87E5FB-5C38-1139-85B7-CF179BA0D2AB}.Release OpenMP|Win32.ActiveCfg = Release|Win32
		{3E87E5FB-5C38-1139-85B7-CF179BA0D2AB}.Release OpenMP|Win32.Build.0 = Release|Win32
		{3E87E5FB-5C38-1139-85B7-CF179BA0D2AB}.Release|Win32.ActiveCfg = Release|Win32
		{3E87E5FB-5C38-1139-85B7-CF179BA0D2AB}.Release|Win32.Build.0 = Release|Win32
		{0D5CC932-3AEA-4AB2-802C-D4DA76A3A390}.Debug|Win32.ActiveCfg = Debug|Win32
		{0D5CC932-3AEA-4AB2-802C-D4DA76A3A390}.Debug|Win32.Build.0 = Debug|Win32
		{0D5CC932-3AEA-4AB2-802C-D4DA76A3A390}.MemoryCheck|Win32.ActiveCfg = MemoryCheck|Win32
		{0D5CC932-3AEA-4AB2-802C-D4DA76A3A390}.MemoryCheck|Win32.Build.0 = MemoryCheck|Win32
		{0D5CC932-3AEA-4AB2-802C-D4DA76A3A390}.Release OpenMP|Win32.ActiveCfg = Release|Win32
		{0D5CC932-3AEA-4AB2-802C-D4DA76A3A390}.Release OpenMP|Win32.Build.0 = Release|Win32
		{0D5CC932-3AEA-4AB2-802C-D4DA76A3A390}.Release|Win32.ActiveCfg = Release|Win32
		{0D5CC932-3AEA-4AB2-802C-D4DA76A3A390}.Release|Win32.Build.0 = Release|Win32
		{7B21D090-9A12-4E86-8E65-9AAEA2B72AB4}.Debug|Win32.ActiveCfg = Debug|Win32
		{7B21D090-9A12-4E86-8E65-9AAEA2B72AB4}.Debug|Win32.Build.0 = Debug|Win32
		{7B21D090-9A12-4E86-8E65-9AAEA2B72AB4}.MemoryCheck|Win32.ActiveCfg = Debug|Win32
		{7B21D090-9A12-4E86-8E65-9AAEA2B72AB4}.MemoryCheck|Win32.Build.0 = Debug|Win32
		{7B21D090-9A12-4E86-8E65-9AAEA2B72AB4}.Release OpenMP|Win32.ActiveCfg = Release|Win32
		{7B21D090-9A12-4E86-8E65-9AAEA2B72AB4}.Release OpenMP|Win32.Build.0 = Release|Win32
		{7B21D090-9A12-4E86-8E65-9AAEA2B72AB4}.Release|Win32.ActiveCfg = Release|Win32
		{7B21D090-9A12-4E86-8E65-9AAEA2B72AB4}.Release|Win32.Build.0 = Release|Win32
		{C93E4376-D274-4D5C-9D4B-597594E5B343}.Debug|Win32.ActiveCfg = Debug|Win32
		{C93E4376-D274-4D5C-9D4B-597594E5B343}.Debug|Win32.Build.0 = Debug|Win32
		{C93E4376-D274-4D5C-9D4B-597594E5B343}.MemoryCheck|Win32.ActiveCfg = Debug|Win32
		{C93E4376-D274-4D5C-9D4B-597594E5B343}.MemoryCheck|Win32.Build.0 = Debug|Win32
		{C93E4376-D274-4D5C-9D4B-597594E5B343}.Release OpenMP|Win32.ActiveCfg = Release|Win32
		{C93E4376-D274-4D5C-9D4B-597594E5B343}.Release OpenMP|Win32.Build.0 = Release|Win32
		{C93E4376-D274-4D5C-9D4B-597594E5B343}.Release|Win32.ActiveCfg = Release|Win32
		{C93E4376-D274-4D5C-9D4B-597594E5B343}.Release|Win32.Build.0 = Release|Win32
		{AFFBE2FC-17A7-4892-A398-94A1BF45574B}.Debug|Win32.ActiveCfg = Debug|Win32
		{AFFBE2FC-17A7-4892-A398-94A1BF45574B}.Debug|Win32.Build.0 = Debug|Win32
		{AFFBE2FC-17A7-4892-A398-94A1BF45574B}.MemoryCheck|Win32.ActiveCfg = Debug|Win32
		{AFFBE2FC-17A7-4892-A398-94A1BF45574B}.MemoryCheck|Win32.Build.0 = Debug|Win32
		{AFFBE2FC-17A7-4892-A398-94A1BF45574B}.Release OpenMP|Win32.ActiveCfg = Release|Win32
		{AFFBE2FC-17A7-4892-A398-94A1BF45574B}.Release OpenMP|Win32.Build.0 = Release|Win32
		{AFFBE2FC-17A7-4892-A398-94A1BF45574B}.Release|Win32.ActiveCfg = Release|Win32
		{AFFBE2FC-17A7-4892-A398-94A1BF45574B}.Release|Win32.Build.0 = Release|Win32
		{BEA5367D-0441-4677-934A-43A09ABBF8C6}.Debug|Win32.ActiveCfg = Debug|Win32
		{BEA5367D-0441-4677-934A-43A09ABBF8C6}.Debug|Win32.Build.0 = Debug|Win32
		{BEA5367D-0441-4677-934A-43A09ABBF8C6}.MemoryCheck|Win32.ActiveCfg = Debug|Win32
		{BEA5367D-0441-4677-934A-43A09ABBF8C6}.MemoryCheck|Win32.Build.0 = Debug|Win32
		{BEA5367D-0441-4677-934A-43A09ABBF8C6}.Release OpenMP|Win32.ActiveCfg = Release|Win32
		{BEA5367D-0441-4677-934A-43A09ABBF8C6}.Release OpenMP|Win32.Build.0 = Release|Win32
		{BEA5367D-0441-4677-934A-43A09ABBF8C6}.Release|Win32.ActiveCfg = Release|Win32
		{BEA5367D-0441-4677-934A-43A09ABBF8C6}.Release|Win32.Build.0 = Release|Win32
		{3BF9D44F-4A29-46EE-9A04-EE706E602620}.Debug|Win32.ActiveCfg = Debug|Win32
		{3BF9D44F-4A29-46EE-9A04-EE706E602620}.Debug|Win32.Build.0 = Debug|Win32
		{3BF9D44F-4A29-46EE-9A04-EE706E602620}.MemoryCheck|Win32.ActiveCfg = Debug|Win32
		{3BF9D44F-4A29-46EE-9A04-EE706E602620}.MemoryCheck|Win32.Build.0 = Debug|Win32
		{3BF9D44F-4A29-46EE-9A04-EE706E602620}.Release OpenMP|Win32.ActiveCfg = Release|Win32
		{3BF9D44F-4A29-46EE-9A04-EE706E602620}.Release OpenMP|Win32.Build.0 = Release|Win32
		{3BF9D44F-4A29-46EE-9A04-EE706E602620}.Release|Win32.ActiveCfg = Release|Win32
		{3BF9D44F-4A29-46EE-9A04-EE706E602620}.Release|Win32.Build.0 = Release|Win32
		{764AA9B9-F92B-440A-8736-7536D875B244}.Debug|Win32.ActiveCfg = Debug|Win32
		{764AA9B9-F92B-440A-8736-7536D875B244}.Debug|Win32.Build.0 = Debug|Win32
		{764AA9B9-F92B-440A-8736-7536D875B244}.MemoryCheck|Win32.ActiveCfg = Debug|Win32
		{764AA9B9-F92B-440A-8736-7536D875B244}.MemoryCheck|Win32.Build.0 = Debug|Win32
		{764AA9B9-F92B-440A-8736-7536D875B244}.Release OpenMP|Win32.ActiveCfg = Release|Win32
		{764AA9B9-F92B-440A-8736-7536D875B244}.Release OpenMP|Win32.Build.0 = Release|Win32
		{764AA9B9-F92B-440A-8736-7536D875B244}.Release|Win32.ActiveCfg = Release|Win32
		{764AA9B9-F92B-440A-8736-7536D875B244}.Release|Win32.Build.0 = Release|Win32
		{57D67E6F-6DCA-4398-B5BE-47145F5C27C4}.Debug|Win32.ActiveCfg = Debug|Win32
		{57D67E6F-6DCA-4398-B5BE-47145F5C27C4}.Debug|Win32.Build.0 = Debug|Win32
		{57D67E6F-6DCA-4398-B5BE-47145F5C27C4}.MemoryCheck|Win32.ActiveCfg = Debug|Win32
		{57D67E6F-6DCA-4398-B5BE-47145F5C27C4}.MemoryCheck|Win32.Build.0 = Debug|Win32
		{57D67E6F-6DCA-4398-B5BE-47145F5C27C4}.Release OpenMP|Win32.ActiveCfg = Release|Win32
		{57D67E6F-6DCA-4398-B5BE-47145F5C27C4}.Release OpenMP|Win32.Build.0 = Release|Win32
		{57D67E6F-6DCA-4398-B5BE-47145F5C27C4}.Release|Win32.ActiveCfg = Release|Win32
		{57D67E6F-6DCA-4398-B5BE-47145F5C27C4}.Release|Win32.Build.0 = Release|Win32
		{85D7BB84-7041-4885-96AD-83A2E10BD211}.Debug|Win32.ActiveCfg = Debug|Win32
		{85D7BB84-7041-4885-96AD-83A2E10BD211}.Debug|Win32.Build.0 = Debug|Win32
		{85D7BB84-7041-4885-96AD-83A2E10BD211}.MemoryCheck|Win32.ActiveCfg = Debug|Win32
		{85D7BB84-7041-4885-96AD-83A2E10BD211}.MemoryCheck|Win32.Build.0 = Debug|Win32
		{85D7BB84-7041-4885-96AD-83A2E10BD211}.Release OpenMP|Win32.ActiveCfg = Release|Win32
		{85D7BB84-7041-4885-96AD-83A2E10BD211}.Release OpenMP|Win32.Build.0 = Release|Win32
		{85D7BB84-7041-4885-96AD-83A2E10BD211}.Release|Win32.ActiveCfg = Release|Win32
		{85D7BB84-7041-4885-96AD-83A2E10BD211}.Release|Win32.Build.0 = Release|Win32
		{3F9EB460-ACAF-4469-A9B2-3482C1F5998F}.Debug|Win32.ActiveCfg = Debug|Win32
		{3F9EB460-ACAF-4469-A9B2-3482C1F5998F}.Debug|Win32.Build.0 = Debug|Win32
		{3F9EB460-ACAF-4469-A9B2-3482C1F5998F}.MemoryCheck|Win32.ActiveCfg = Debug|Win32
		{3F9EB460-ACAF-4469-A9B2-3482C1F5998F}.MemoryCheck|Win32.Build.0 = Debug|Win32
		{3F9EB460-ACAF-4469-A9B2-3482C1F5998F}.Release OpenMP|Win32.ActiveCfg = Release|Win32
		{3F9EB460-ACAF-4469-A9B2-3482C1F5998F}.Release OpenMP|Win32.Build.0 = Release|Win32
		{3F9EB460-ACAF-4469-A9B2-3482C1F5998F}.Release|Win32.ActiveCfg = Release|Win32
		{3F9EB460-ACAF-4469-A9B2-3482C1F5998F}.Release|Win32.Build.0 = Release|Win32
		{C1C6726D-7A72-46E9-AE61-E3E456950A3A}.Debug|Win32.ActiveCfg = Debug|Win32
		{C1C6726D-7A72-46E9-AE61-E3E456950A3A}.Debug|Win32.Build.0 = Debug|Win32
		{C1C6726D-7A72-46E9-AE61-E3E456950A3A}.MemoryCheck|Win32.ActiveCfg = Debug|Win32
		{C1C6726D-7A72-46E9-AE61-E3E456950A3A}.MemoryCheck|Win32.Build.0 = Debug|Win32
		{C1C6726D-7A72-46E9-AE61-E3E456950A3A}.Release OpenMP|Win32.ActiveCfg = Release|Win32
		{C1C6726D-7A72-46E9-AE61-E3E456950A3A}.Release OpenMP|Win32.Build.0 = Release|Win32
		{C1C6726D-7A72-46E9-AE61-E3E456950A3A}.Release|Win32.ActiveCfg = Release|Win32
		{C1C6726D-7A72-46E9-AE61-E3E456950A3A}.Release|Win32.Build.0 = Release|Win32
		{2A423B83-D582-49BA-A45F-E27148099850}.Debug|Win32.ActiveCfg = Debug|Win32
		{2A423B83-D582-49BA-A45F-E27148099850}.Debug|Win32.Build.0 = Debug|Win32
		{2A423B83-D582-49BA-A45F-E27148099850}.MemoryCheck|Win32.ActiveCfg = Debug|Win32
		{2A423B83-D582-49BA-A45F-E27148099850}.MemoryCheck|Win32.Build.0 = Debug|Win32
		{2A423B83-D582-49BA-A45F-E27148099850}.Release OpenMP|Win32.ActiveCfg = Release|Win32
		{2A423B83-D582-49BA-A45F-E27148099850}.Release OpenMP|Win32.Build.0 = Release|Win32
		{2A423B83-D582-49BA-A45F-E27148099850}.Release|Win32.ActiveCfg = Release|Win32
		{2A423B83-D582-49BA-A45F-E27148099850}.Release|Win32.Build.0 = Release|Win32
		{1D558D7D-DA57-4908-BCFC-902054FE6B63}.Debug|Win32.ActiveCfg = Debug|Win32
		{1D558D7D-DA57-4908-BCFC-902054FE6B63}.Debug|Win32.Build.0 = Debug|Win32
		{1D558D7D-DA57-4908-BCFC-902054FE6B63}.MemoryCheck|Win32.ActiveCfg = Debug|Win32
		{1D558D7D-DA57-4908-BCFC-902054FE6B63}.MemoryCheck|Win32.Build.0 = Debug|Win32
		{1D558D7D-DA57-4908-BCFC-902054FE6B63}.Release OpenMP|Win32.ActiveCfg = Release|Win32
		{1D558D7D-DA57-4908-BCFC-902054FE6B63}.Release OpenMP|Win32.Build.0 = Release|Win32
		{1D558D7D-DA57-4908-BCFC-902054FE6B63}.Release|Win32.ActiveCfg = Release|Win32
		{1D558D7D-DA57-4908-BCFC-902054FE6B63}.Release|Win32.Build.0 = Release|Win32
		{AE8EB9B3-D2C2-4372-AB4B-FC980EE69D2D}.Debug|Win32.ActiveCfg = Debug|Win32
		{AE8EB9B3-D2C2-4372-AB4B-FC980EE69D2D}.Debug|Win32.Build.0 = Debug|Win32
		{AE8EB9B3-D2C2-4372-AB4B-FC980EE69D2D}.MemoryCheck|Win32.ActiveCfg = Debug|Win32
		{AE8EB9B3-D2C2-4372-AB4B-FC980EE69D2D}.MemoryCheck|Win32.Build.0 = Debug|Win32
		{AE8EB9B3-D2C2-4372-AB4B-FC980EE69D2D}.Release OpenMP|Win32.ActiveCfg = Release|Win32
		{AE8EB9B3-D2C2-4372-AB4B-FC980EE69D2D}.Release OpenMP|Win32.Build.0 = Release|Win32
		{AE8EB9B3-D2C2-4372-AB4B-FC980EE69D2D}.Release|Win32.ActiveCfg = Release|Win32
		{AE8EB9B3-D2C2-4372-AB4B-FC980EE69D2D}.Release|Win32.Build.0 = Release|Win32
		{7D7F9530-C61A-4BF2-B1C8-DE9D369880B6}.Debug|Win32.ActiveCfg = Debug|Win32
		{7D7F9530-C61A-4BF2-B1C8-DE9D369880B6}.Debug|Win32.Build.0 = Debug|Win32
		{7D7F9530-C61A-4BF2-B1C8-DE9D369880B6}.MemoryCheck|Win32.ActiveCfg = Debug|Win32
		{7D7F9530-C61A-4BF2-B1C8-DE9D369880B6}.MemoryCheck|Win32.Build.0 = Debug|Win32
		{7D7F9530-C61A-4BF2-B1C8-DE9D369880B6}.Release OpenMP|Win32.ActiveCfg = Release|Win32
		{7D7F9530-C61A-4BF2-B1C8-DE9D369880B6}.Release OpenMP|Win32.Build.0 = Release|Win32
		{7D7F9530-C61A-4BF2-B1C8-DE9D369880B6}.Release|Win32.ActiveCfg = Release|Win32
		{7D7F9530-C61A-4BF2-B1C8-DE9D369880B6}.Release|Win32.Build.0 = Release|Win32
		{AFB8F4F3-5342-4AAE-ACAA-CB6428F6212E}.Debug|Win32.ActiveCfg = Debug|Win32
		{AFB8F4F3-5342-4AAE-ACAA-CB6428F6212E}.Debug|Win32.Build.0 = Debug|Win32
		{AFB8F4F3-5342-4AAE-ACAA-CB6428F6212E}.MemoryCheck|Win32.ActiveCfg = MemoryCheck|Win32
		{AFB8F4F3-5342-4AAE-ACAA-CB6428F6212E}.MemoryCheck|Win32.Build.0 = MemoryCheck|Win32
		{AFB8F4F3-5342-4AAE-ACAA-CB6428F6212E}.Release OpenMP|Win32.ActiveCfg = Release|Win32
		{AFB8F4F3-5342-4AAE-ACAA-CB6428F6212E}.Release OpenMP|Win32.Build.0 = Release|Win32
		{AFB8F4F3-5342-4AAE-ACAA-CB6428F6212E}.Release|Win32.ActiveCfg = Release|Win32
		{AFB8F4F3-5342-4AAE-ACAA-CB6428F6212E}.Release|Win32.Build.0 = Release|Win32
		{572DA8BF-33EA-4950-AA4C-D5A4C4C8E6BD}.Debug|Win32.ActiveCfg = Debug|Win32
		{572DA8BF-33EA-4950-AA4C-D5A4C4C8E6BD}.Debug|Win32.Build.0 = Debug|Win32
		{572DA8BF-33EA-4950-AA4C-D5A4C4C8E6BD}.MemoryCheck|Win32.ActiveCfg = Debug|Win32
		{572DA8BF-33EA-4950-AA4C-D5A4C4C8E6BD}.MemoryCheck|Win32.Build.0 = Debug|Win32
		{572DA8BF-33EA-4950-AA4C-D5A4C4C8E6BD}.Release OpenMP|Win32.ActiveCfg = Release|Win32
		{572DA8BF-33EA-4950-AA4C-D5A4C4C8E6BD}.Release OpenMP|Win32.Build.0 = Release|Win32
		{572DA8BF-33EA-4950-AA4C-D5A4C4C8E6BD}.Release|Win32.ActiveCfg = Release|Win32
		{572DA8BF-33EA-4950-AA4C-D5A4C4C8E6BD}.Release|Win32.Build.0 = Release|Win32
		{15CBFEFF-7965-41F5-B4E2-21E8795C9159}.Debug|Win32.ActiveCfg = Debug|Win32
		{15CBFEFF-7965-41F5-B4E2-21E8795C9159}.Debug|Win32.Build.0 = Debug|Win32
		{15CBFEFF-7965-41F5-B4E2-21E8795C9159}.MemoryCheck|Win32.ActiveCfg = Debug|Win32
		{15CBFEFF-7965-41F5-B4E2-21E8795C9159}.MemoryCheck|Win32.Build.0 = Debug|Win32
		{15CBFEFF-7965-41F5-B4E2-21E8795C9159}.Release OpenMP|Win32.ActiveCfg = Release|Win32
		{15CBFEFF-7965-41F5-B4E2-21E8795C9159}.Release OpenMP|Win32.Build.0 = Release|Win32
		{15CBFEFF-7965-41F5-B4E2-21E8795C9159}.Release|Win32.ActiveCfg = Release|Win32
		{15CBFEFF-7965-41F5-B4E2-21E8795C9159}.Release|Win32.Build.0 = Release|Win32
		{3A214E06-B95E-4D61-A291-1F8DF2EC10FD}.Debug|Win32.ActiveCfg = Debug|Win32
		{3A214E06-B95E-4D61-A291-1F8DF2EC10FD}.Debug|Win32.Build.0 = Debug|Win32
		{3A214E06-B95E-4D61-A291-1F8DF2EC10FD}.MemoryCheck|Win32.ActiveCfg = Debug|Win32
		{3A214E06-B95E-4D61-A291-1F8DF2EC10FD}.MemoryCheck|Win32.Build.0 = Debug|Win32
		{3A214E06-B95E-4D61-A291-1F8DF2EC10FD}.Release OpenMP|Win32.ActiveCfg = Release|Win32
		{3A214E06-B95E-4D61-A291-1F8DF2EC10FD}.Release OpenMP|Win32.Build.0 = Release|Win32
		{3A214E06-B95E-4D61-A291-1F8DF2EC10FD}.Release|Win32.ActiveCfg = Release|Win32
		{3A214E06-B95E-4D61-A291-1F8DF2EC10FD}.Release|Win32.Build.0 = Release|Win32
		{CEBDE98B-A6AA-46E6-BC79-FAAF823DB9EC}.Debug|Win32.ActiveCfg = Debug|Win32
		{CEBDE98B-A6AA-46E6-BC79-FAAF823DB9EC}.Debug|Win32.Build.0 = Debug|Win32
		{CEBDE98B-A6AA-46E6-BC79-FAAF823DB9EC}.MemoryCheck|Win32.ActiveCfg = Debug|Win32
		{CEBDE98B-A6AA-46E6-BC79-FAAF823DB9EC}.MemoryCheck|Win32.Build.0 = Debug|Win32
		{CEBDE98B-A6AA-46E6-BC79-FAAF823DB9EC}.Release OpenMP|Win32.ActiveCfg = Release|Win32
		{CEBDE98B-A6AA-46E6-BC79-FAAF823DB9EC}.Release OpenMP|Win32.Build.0 = Release|Win32
		{CEBDE98B-A6AA-46E6-BC79-FAAF823DB9EC}.Release|Win32.ActiveCfg = Release|Win32
		{CEBDE98B-A6AA-46E6-BC79-FAAF823DB9EC}.Release|Win32.Build.0 = Release|Win32
	EndGlobalSection
	GlobalSection(SolutionProperties) = preSolution
		HideSolutionNode = FALSE
	EndGlobalSection
	GlobalSection(NestedProjects) = preSolution
		{015B0EBE-4BCE-4C7D-8F27-47A5C78C6B27} = {A6D1B062-D16B-4C0A-9D22-681FAD046BE0}
		{F606E654-0F08-4B81-8388-5A903BBA07E9} = {A6D1B062-D16B-4C0A-9D22-681FAD046BE0}
		{3E87E5FB-5C38-1139-85B7-CF179BA0D2AB} = {A6D1B062-D16B-4C0A-9D22-681FAD046BE0}
		{7B21D090-9A12-4E86-8E65-9AAEA2B72AB4} = {A6D1B062-D16B-4C0A-9D22-681FAD046BE0}
		{C93E4376-D274-4D5C-9D4B-597594E5B343} = {A6D1B062-D16B-4C0A-9D22-681FAD046BE0}
		{AFFBE2FC-17A7-4892-A398-94A1BF45574B} = {A6D1B062-D16B-4C0A-9D22-681FAD046BE0}
		{DB488001-8E98-4724-9787-72DA137C4E47} = {A6D1B062-D16B-4C0A-9D22-681FAD046BE0}
		{BEA5367D-0441-4677-934A-43A09ABBF8C6} = {99FD7239-73AE-4DFB-8201-7B4529041102}
		{3BF9D44F-4A29-46EE-9A04-EE706E602620} = {99FD7239-73AE-4DFB-8201-7B4529041102}
		{764AA9B9-F92B-440A-8736-7536D875B244} = {99FD7239-73AE-4DFB-8201-7B4529041102}
		{57D67E6F-6DCA-4398-B5BE-47145F5C27C4} = {99FD7239-73AE-4DFB-8201-7B4529041102}
		{85D7BB84-7041-4885-96AD-83A2E10BD211} = {99FD7239-73AE-4DFB-8201-7B4529041102}
		{3F9EB460-ACAF-4469-A9B2-3482C1F5998F} = {99FD7239-73AE-4DFB-8201-7B4529041102}
		{C1C6726D-7A72-46E9-AE61-E3E456950A3A} = {99FD7239-73AE-4DFB-8201-7B4529041102}
		{2A423B83-D582-49BA-A45F-E27148099850} = {99FD7239-73AE-4DFB-8201-7B4529041102}
		{1D558D7D-DA57-4908-BCFC-902054FE6B63} = {284A8B6D-11F0-4242-9FE9-FBA5E7E632BA}
		{AE8EB9B3-D2C2-4372-AB4B-FC980EE69D2D} = {284A8B6D-11F0-4242-9FE9-FBA5E7E632BA}
		{7D7F9530-C61A-4BF2-B1C8-DE9D369880B6} = {284A8B6D-11F0-4242-9FE9-FBA5E7E632BA}
		{572DA8BF-33EA-4950-AA4C-D5A4C4C8E6BD} = {284A8B6D-11F0-4242-9FE9-FBA5E7E632BA}
		{BB412F41-7C51-489A-AF33-A2736913EBA3} = {284A8B6D-11F0-4242-9FE9-FBA5E7E632BA}
		{3A214E06-B95E-4D61-A291-1F8DF2EC10FD} = {BB412F41-7C51-489A-AF33-A2736913EBA3}
		{CEBDE98B-A6AA-46E6-BC79-FAAF823DB9EC} = {BB412F41-7C51-489A-AF33-A2736913EBA3}
		{15CBFEFF-7965-41F5-B4E2-21E8795C9159} = {BB412F41-7C51-489A-AF33-A2736913EBA3}
	EndGlobalSection
	GlobalSection(ExtensibilityGlobals) = postSolution
		AMDCaProjectFile = D:\Dokumente\Programmieren\GameEngine\CodeAnalyst\GameEngine_2005.caw
	EndGlobalSection
EndGlobal
