
Microsoft Visual Studio Solution File, Format Version 11.00
# Visual Studio 2010
Project("{2150E333-8FDC-42A3-9474-1A3956D46DE8}") = "GameEngine", "GameEngine", "{34B03AEB-4C36-4BC9-9D7F-9B6F5B305EBD}"
EndProject
Project("{2150E333-8FDC-42A3-9474-1A3956D46DE8}") = "Horde3D", "Horde3D", "{34A79A7B-6E40-422B-B83E-860EC839A8E1}"
EndProject
Project("{2150E333-8FDC-42A3-9474-1A3956D46DE8}") = "Editor", "Editor", "{8D9117A3-5683-4A36-9EB7-304FA087AD04}"
EndProject
Project("{2150E333-8FDC-42A3-9474-1A3956D46DE8}") = "Dependencies", "Dependencies", "{1F6CFC77-39EB-4C66-9C17-16D5B900D396}"
EndProject
Project("{2150E333-8FDC-42A3-9474-1A3956D46DE8}") = "Sound Dependencies", "Sound Dependencies", "{A4AFB9D2-B38A-4601-B4CB-FF14557E9425}"
EndProject
Project("{8BC9CEB8-8B4A-11D0-8D11-00A0C91BC942}") = "HordeSceneEditor", "src\HordeSceneEditor\HordeSceneEditor.vcxproj", "{E8DB005D-620C-4BBD-902C-1D0F273B5D51}"
EndProject
Project("{8BC9CEB8-8B4A-11D0-8D11-00A0C91BC942}") = "GameEnginePlugIn", "src\GameEnginePlugIn\GameEnginePlugIn.vcxproj", "{AE98057C-AD68-4F66-A78D-FD0E7D62AC73}"
EndProject
Project("{8BC9CEB8-8B4A-11D0-8D11-00A0C91BC942}") = "qtga", "src\tgaPlugIn\qtga.vcxproj", "{7B215A75-C507-3FDC-BE7C-4FE7E6E73A12}"
EndProject
Project("{8BC9CEB8-8B4A-11D0-8D11-00A0C91BC942}") = "qpsd", "src\psdPlugIn\qpsd.vcxproj", "{B64F4856-B01D-42A8-B6A7-B41D125B3D7C}"
EndProject
Project("{8BC9CEB8-8B4A-11D0-8D11-00A0C91BC942}") = "TerrainToolPlugIn", "src\TerrainToolPlugIn\TerrainToolPlugIn.vcxproj", "{5CD38FEE-1A7C-4727-9B44-D983D5556419}"
EndProject
Project("{8BC9CEB8-8B4A-11D0-8D11-00A0C91BC942}") = "HordeSceneEditorCore", "src\HordeSceneEditorCore\HordeSceneEditorCore.vcxproj", "{B50FE54C-0061-466D-892F-7C5A85854EB4}"
EndProject
Project("{8BC9CEB8-8B4A-11D0-8D11-00A0C91BC942}") = "QTerrainNodeExtension", "src\QTerrainNodeExtension\QTerrainNodeExtension.vcxproj", "{28EC7401-6DF8-441E-BE98-FDFFCE373E43}"
EndProject
Project("{8BC9CEB8-8B4A-11D0-8D11-00A0C91BC942}") = "EditorLib", "src\EditorLib\EditorLib.vcxproj", "{71DA73F2-C09D-4F4A-8955-CB3CB830061F}"
EndProject
Project("{8BC9CEB8-8B4A-11D0-8D11-00A0C91BC942}") = "QXmlTree", "src\QXmlTree\QXmlTree.vcxproj", "{5FDF2849-8AB0-4E61-AF32-1C9AF7479601}"
EndProject
Project("{8BC9CEB8-8B4A-11D0-8D11-00A0C91BC942}") = "QPropertyEditor", "src\QPropertyEditor\QPropertyEditor.vcxproj", "{C0A9DD0A-FDA1-4749-86B7-D831CDD4478B}"
EndProject
Project("{8BC9CEB8-8B4A-11D0-8D11-00A0C91BC942}") = "Extension_Terrain", "..\..\Extensions\Terrain\Source\Extension Terrain.vcxproj", "{7D7F9530-C61A-4BF2-B1C8-DE9D369880B6}"
EndProject
Project("{8BC9CEB8-8B4A-11D0-8D11-00A0C91BC942}") = "XmlParser", "..\Dependencies\XMLParser\XmlParserLib.vcxproj", "{3BF9D44F-4A29-46EE-9A04-EE706E602620}"
EndProject
Project("{8BC9CEB8-8B4A-11D0-8D11-00A0C91BC942}") = "ogg", "..\..\Extensions\Sound\Dependencies\Source\ogg\ogg.vcxproj", "{15CBFEFF-7965-41F5-B4E2-21E8795C9159}"
EndProject
Project("{8BC9CEB8-8B4A-11D0-8D11-00A0C91BC942}") = "vorbisfile", "..\..\Extensions\Sound\Dependencies\Source\vorbisfile\vorbisfile.vcxproj", "{CEBDE98B-A6AA-46E6-BC79-FAAF823DB9EC}"
EndProject
Project("{8BC9CEB8-8B4A-11D0-8D11-00A0C91BC942}") = "vorbis", "..\..\Extensions\Sound\Dependencies\Source\vorbis\vorbis.vcxproj", "{3A214E06-B95E-4D61-A291-1F8DF2EC10FD}"
EndProject
Project("{8BC9CEB8-8B4A-11D0-8D11-00A0C91BC942}") = "Extension_Sound", "..\..\Extensions\Sound\Source\Extension_Sound.vcxproj", "{572DA8BF-33EA-4950-AA4C-D5A4C4C8E6BD}"
EndProject
Project("{8BC9CEB8-8B4A-11D0-8D11-00A0C91BC942}") = "GameSceneGraphComponent", "..\GameEngine\src\GameSceneGraphComponent\GameSceneGraphComponent.vcxproj", "{7B21D090-9A12-4E86-8E65-9AAEA2B72AB4}"
EndProject
Project("{8BC9CEB8-8B4A-11D0-8D11-00A0C91BC942}") = "Horde3D Utils", "..\..\Horde3D\Source\Horde3DUtils\Horde3D Utils.vcxproj", "{AE8EB9B3-D2C2-4372-AB4B-FC980EE69D2D}"
EndProject
Project("{8BC9CEB8-8B4A-11D0-8D11-00A0C91BC942}") = "Horde3D Engine", "..\..\Horde3D\Source\Horde3DEngine\Horde3D Engine.vcxproj", "{1D558D7D-DA57-4908-BCFC-902054FE6B63}"
EndProject
Project("{8BC9CEB8-8B4A-11D0-8D11-00A0C91BC942}") = "libbulletcollision", "..\Dependencies\Bullet\bullet-2.74\msvc\8\libbulletcollision.vcxproj", "{834E6910-D179-4A80-AB73-3A8502BD2E84}"
EndProject
Project("{8BC9CEB8-8B4A-11D0-8D11-00A0C91BC942}") = "libbulletdynamics", "..\Dependencies\Bullet\bullet-2.74\msvc\8\libbulletdynamics.vcxproj", "{AAE1B4EC-1495-436E-9C7B-A0A1B6C8F00A}"
EndProject
Project("{8BC9CEB8-8B4A-11D0-8D11-00A0C91BC942}") = "libbulletmath", "..\Dependencies\Bullet\bullet-2.74\msvc\8\libbulletmath.vcxproj", "{9CFDEE73-7AD4-45DD-9453-EEF5FE8F6C85}"
EndProject
Project("{8BC9CEB8-8B4A-11D0-8D11-00A0C91BC942}") = "libconvexdecomposition", "..\Dependencies\Bullet\bullet-2.74\msvc\8\libconvexdecomposition.vcxproj", "{B5FEA270-4B23-4249-9864-D974001157C9}"
EndProject
Project("{8BC9CEB8-8B4A-11D0-8D11-00A0C91BC942}") = "libGIMPACTUtils", "..\Dependencies\Bullet\bullet-2.74\msvc\8\libGIMPACTUtils.vcxproj", "{4651A405-6EE2-42DC-9745-6555F69C553C}"
EndProject
Project("{8BC9CEB8-8B4A-11D0-8D11-00A0C91BC942}") = "Lua", "..\Dependencies\Lua\Lua.vcxproj", "{BEA5367D-0441-4677-934A-43A09ABBF8C6}"
EndProject
Project("{8BC9CEB8-8B4A-11D0-8D11-00A0C91BC942}") = "GameAnimationsComponent", "..\GameEngine\src\GameAnimationComponent\GameAnimationsComponent.vcxproj", "{3E87E5FB-5C38-1139-85B7-CF179BA0D2AB}"
EndProject
Project("{8BC9CEB8-8B4A-11D0-8D11-00A0C91BC942}") = "GameBulletPhysicsComponent", "..\GameEngine\src\GameBulletPhysicsComponent\GameBulletPhysicsComponent.vcxproj", "{015B0EBE-4BCE-4C7D-8F27-47A5C78C6B27}"
EndProject
Project("{8BC9CEB8-8B4A-11D0-8D11-00A0C91BC942}") = "GameCollisionComponent", "..\GameEngine\src\GameCollisionComponent\GameCollisionComponent.vcxproj", "{AFFBE2FC-17A7-4892-A398-94A1BF45574B}"
EndProject
Project("{8BC9CEB8-8B4A-11D0-8D11-00A0C91BC942}") = "GameEngineCore", "..\GameEngine\src\GameEngineCore\GameEngineCore.vcxproj", "{DB488001-8E98-4724-9787-72DA137C4E47}"
EndProject
Project("{8BC9CEB8-8B4A-11D0-8D11-00A0C91BC942}") = "GameSapiComponent", "..\GameEngine\src\GameSapiComponent\GameSapiComponent.vcxproj", "{F606E654-0F08-4B81-8388-5A903BBA07E9}"
EndProject
Project("{8BC9CEB8-8B4A-11D0-8D11-00A0C91BC942}") = "GameSoundComponent", "..\GameEngine\src\GameSoundEngineComponent\GameSoundComponent.vcxproj", "{C93E4376-D274-4D5C-9D4B-597594E5B343}"
EndProject
Global
	GlobalSection(SolutionConfigurationPlatforms) = preSolution
		Debug|Win32 = Debug|Win32
		DebugDll|Win32 = DebugDll|Win32
		DebugDoublePrecision|Win32 = DebugDoublePrecision|Win32
		Release OpenMP|Win32 = Release OpenMP|Win32
		Release|Win32 = Release|Win32
		ReleaseDll|Win32 = ReleaseDll|Win32
		ReleaseDoublePrecision|Win32 = ReleaseDoublePrecision|Win32
	EndGlobalSection
	GlobalSection(ProjectConfigurationPlatforms) = postSolution
		{E8DB005D-620C-4BBD-902C-1D0F273B5D51}.Debug|Win32.ActiveCfg = Debug|Win32
		{E8DB005D-620C-4BBD-902C-1D0F273B5D51}.Debug|Win32.Build.0 = Debug|Win32
		{E8DB005D-620C-4BBD-902C-1D0F273B5D51}.DebugDll|Win32.ActiveCfg = Debug|Win32
		{E8DB005D-620C-4BBD-902C-1D0F273B5D51}.DebugDll|Win32.Build.0 = Debug|Win32
		{E8DB005D-620C-4BBD-902C-1D0F273B5D51}.DebugDoublePrecision|Win32.ActiveCfg = Debug|Win32
		{E8DB005D-620C-4BBD-902C-1D0F273B5D51}.DebugDoublePrecision|Win32.Build.0 = Debug|Win32
		{E8DB005D-620C-4BBD-902C-1D0F273B5D51}.Release OpenMP|Win32.ActiveCfg = Release|Win32
		{E8DB005D-620C-4BBD-902C-1D0F273B5D51}.Release OpenMP|Win32.Build.0 = Release|Win32
		{E8DB005D-620C-4BBD-902C-1D0F273B5D51}.Release|Win32.ActiveCfg = Release|Win32
		{E8DB005D-620C-4BBD-902C-1D0F273B5D51}.Release|Win32.Build.0 = Release|Win32
		{E8DB005D-620C-4BBD-902C-1D0F273B5D51}.ReleaseDll|Win32.ActiveCfg = Release|Win32
		{E8DB005D-620C-4BBD-902C-1D0F273B5D51}.ReleaseDll|Win32.Build.0 = Release|Win32
		{E8DB005D-620C-4BBD-902C-1D0F273B5D51}.ReleaseDoublePrecision|Win32.ActiveCfg = Release|Win32
		{E8DB005D-620C-4BBD-902C-1D0F273B5D51}.ReleaseDoublePrecision|Win32.Build.0 = Release|Win32
		{AE98057C-AD68-4F66-A78D-FD0E7D62AC73}.Debug|Win32.ActiveCfg = Debug|Win32
		{AE98057C-AD68-4F66-A78D-FD0E7D62AC73}.Debug|Win32.Build.0 = Debug|Win32
		{AE98057C-AD68-4F66-A78D-FD0E7D62AC73}.DebugDll|Win32.ActiveCfg = Debug|Win32
		{AE98057C-AD68-4F66-A78D-FD0E7D62AC73}.DebugDll|Win32.Build.0 = Debug|Win32
		{AE98057C-AD68-4F66-A78D-FD0E7D62AC73}.DebugDoublePrecision|Win32.ActiveCfg = Debug|Win32
		{AE98057C-AD68-4F66-A78D-FD0E7D62AC73}.DebugDoublePrecision|Win32.Build.0 = Debug|Win32
		{AE98057C-AD68-4F66-A78D-FD0E7D62AC73}.Release OpenMP|Win32.ActiveCfg = Release|Win32
		{AE98057C-AD68-4F66-A78D-FD0E7D62AC73}.Release OpenMP|Win32.Build.0 = Release|Win32
		{AE98057C-AD68-4F66-A78D-FD0E7D62AC73}.Release|Win32.ActiveCfg = Release|Win32
		{AE98057C-AD68-4F66-A78D-FD0E7D62AC73}.Release|Win32.Build.0 = Release|Win32
		{AE98057C-AD68-4F66-A78D-FD0E7D62AC73}.ReleaseDll|Win32.ActiveCfg = Release|Win32
		{AE98057C-AD68-4F66-A78D-FD0E7D62AC73}.ReleaseDll|Win32.Build.0 = Release|Win32
		{AE98057C-AD68-4F66-A78D-FD0E7D62AC73}.ReleaseDoublePrecision|Win32.ActiveCfg = Release|Win32
		{AE98057C-AD68-4F66-A78D-FD0E7D62AC73}.ReleaseDoublePrecision|Win32.Build.0 = Release|Win32
		{7B215A75-C507-3FDC-BE7C-4FE7E6E73A12}.Debug|Win32.ActiveCfg = Debug|Win32
		{7B215A75-C507-3FDC-BE7C-4FE7E6E73A12}.Debug|Win32.Build.0 = Debug|Win32
		{7B215A75-C507-3FDC-BE7C-4FE7E6E73A12}.DebugDll|Win32.ActiveCfg = Debug|Win32
		{7B215A75-C507-3FDC-BE7C-4FE7E6E73A12}.DebugDll|Win32.Build.0 = Debug|Win32
		{7B215A75-C507-3FDC-BE7C-4FE7E6E73A12}.DebugDoublePrecision|Win32.ActiveCfg = Debug|Win32
		{7B215A75-C507-3FDC-BE7C-4FE7E6E73A12}.DebugDoublePrecision|Win32.Build.0 = Debug|Win32
		{7B215A75-C507-3FDC-BE7C-4FE7E6E73A12}.Release OpenMP|Win32.ActiveCfg = Release|Win32
		{7B215A75-C507-3FDC-BE7C-4FE7E6E73A12}.Release OpenMP|Win32.Build.0 = Release|Win32
		{7B215A75-C507-3FDC-BE7C-4FE7E6E73A12}.Release|Win32.ActiveCfg = Release|Win32
		{7B215A75-C507-3FDC-BE7C-4FE7E6E73A12}.Release|Win32.Build.0 = Release|Win32
		{7B215A75-C507-3FDC-BE7C-4FE7E6E73A12}.ReleaseDll|Win32.ActiveCfg = Release|Win32
		{7B215A75-C507-3FDC-BE7C-4FE7E6E73A12}.ReleaseDll|Win32.Build.0 = Release|Win32
		{7B215A75-C507-3FDC-BE7C-4FE7E6E73A12}.ReleaseDoublePrecision|Win32.ActiveCfg = Release|Win32
		{7B215A75-C507-3FDC-BE7C-4FE7E6E73A12}.ReleaseDoublePrecision|Win32.Build.0 = Release|Win32
		{B64F4856-B01D-42A8-B6A7-B41D125B3D7C}.Debug|Win32.ActiveCfg = Debug|Win32
		{B64F4856-B01D-42A8-B6A7-B41D125B3D7C}.Debug|Win32.Build.0 = Debug|Win32
		{B64F4856-B01D-42A8-B6A7-B41D125B3D7C}.DebugDll|Win32.ActiveCfg = Debug|Win32
		{B64F4856-B01D-42A8-B6A7-B41D125B3D7C}.DebugDll|Win32.Build.0 = Debug|Win32
		{B64F4856-B01D-42A8-B6A7-B41D125B3D7C}.DebugDoublePrecision|Win32.ActiveCfg = Debug|Win32
		{B64F4856-B01D-42A8-B6A7-B41D125B3D7C}.DebugDoublePrecision|Win32.Build.0 = Debug|Win32
		{B64F4856-B01D-42A8-B6A7-B41D125B3D7C}.Release OpenMP|Win32.ActiveCfg = Release|Win32
		{B64F4856-B01D-42A8-B6A7-B41D125B3D7C}.Release OpenMP|Win32.Build.0 = Release|Win32
		{B64F4856-B01D-42A8-B6A7-B41D125B3D7C}.Release|Win32.ActiveCfg = Release|Win32
		{B64F4856-B01D-42A8-B6A7-B41D125B3D7C}.Release|Win32.Build.0 = Release|Win32
		{B64F4856-B01D-42A8-B6A7-B41D125B3D7C}.ReleaseDll|Win32.ActiveCfg = Release|Win32
		{B64F4856-B01D-42A8-B6A7-B41D125B3D7C}.ReleaseDll|Win32.Build.0 = Release|Win32
		{B64F4856-B01D-42A8-B6A7-B41D125B3D7C}.ReleaseDoublePrecision|Win32.ActiveCfg = Release|Win32
		{B64F4856-B01D-42A8-B6A7-B41D125B3D7C}.ReleaseDoublePrecision|Win32.Build.0 = Release|Win32
		{5CD38FEE-1A7C-4727-9B44-D983D5556419}.Debug|Win32.ActiveCfg = Debug|Win32
		{5CD38FEE-1A7C-4727-9B44-D983D5556419}.Debug|Win32.Build.0 = Debug|Win32
		{5CD38FEE-1A7C-4727-9B44-D983D5556419}.DebugDll|Win32.ActiveCfg = Debug|Win32
		{5CD38FEE-1A7C-4727-9B44-D983D5556419}.DebugDll|Win32.Build.0 = Debug|Win32
		{5CD38FEE-1A7C-4727-9B44-D983D5556419}.DebugDoublePrecision|Win32.ActiveCfg = Debug|Win32
		{5CD38FEE-1A7C-4727-9B44-D983D5556419}.DebugDoublePrecision|Win32.Build.0 = Debug|Win32
		{5CD38FEE-1A7C-4727-9B44-D983D5556419}.Release OpenMP|Win32.ActiveCfg = Release|Win32
		{5CD38FEE-1A7C-4727-9B44-D983D5556419}.Release OpenMP|Win32.Build.0 = Release|Win32
		{5CD38FEE-1A7C-4727-9B44-D983D5556419}.Release|Win32.ActiveCfg = Release|Win32
		{5CD38FEE-1A7C-4727-9B44-D983D5556419}.Release|Win32.Build.0 = Release|Win32
		{5CD38FEE-1A7C-4727-9B44-D983D5556419}.ReleaseDll|Win32.ActiveCfg = Release|Win32
		{5CD38FEE-1A7C-4727-9B44-D983D5556419}.ReleaseDll|Win32.Build.0 = Release|Win32
		{5CD38FEE-1A7C-4727-9B44-D983D5556419}.ReleaseDoublePrecision|Win32.ActiveCfg = Release|Win32
		{5CD38FEE-1A7C-4727-9B44-D983D5556419}.ReleaseDoublePrecision|Win32.Build.0 = Release|Win32
		{B50FE54C-0061-466D-892F-7C5A85854EB4}.Debug|Win32.ActiveCfg = Debug|Win32
		{B50FE54C-0061-466D-892F-7C5A85854EB4}.Debug|Win32.Build.0 = Debug|Win32
		{B50FE54C-0061-466D-892F-7C5A85854EB4}.DebugDll|Win32.ActiveCfg = Debug|Win32
		{B50FE54C-0061-466D-892F-7C5A85854EB4}.DebugDll|Win32.Build.0 = Debug|Win32
		{B50FE54C-0061-466D-892F-7C5A85854EB4}.DebugDoublePrecision|Win32.ActiveCfg = Debug|Win32
		{B50FE54C-0061-466D-892F-7C5A85854EB4}.DebugDoublePrecision|Win32.Build.0 = Debug|Win32
		{B50FE54C-0061-466D-892F-7C5A85854EB4}.Release OpenMP|Win32.ActiveCfg = Release|Win32
		{B50FE54C-0061-466D-892F-7C5A85854EB4}.Release OpenMP|Win32.Build.0 = Release|Win32
		{B50FE54C-0061-466D-892F-7C5A85854EB4}.Release|Win32.ActiveCfg = Release|Win32
		{B50FE54C-0061-466D-892F-7C5A85854EB4}.Release|Win32.Build.0 = Release|Win32
		{B50FE54C-0061-466D-892F-7C5A85854EB4}.ReleaseDll|Win32.ActiveCfg = Release|Win32
		{B50FE54C-0061-466D-892F-7C5A85854EB4}.ReleaseDll|Win32.Build.0 = Release|Win32
		{B50FE54C-0061-466D-892F-7C5A85854EB4}.ReleaseDoublePrecision|Win32.ActiveCfg = Release|Win32
		{B50FE54C-0061-466D-892F-7C5A85854EB4}.ReleaseDoublePrecision|Win32.Build.0 = Release|Win32
		{28EC7401-6DF8-441E-BE98-FDFFCE373E43}.Debug|Win32.ActiveCfg = Debug|Win32
		{28EC7401-6DF8-441E-BE98-FDFFCE373E43}.Debug|Win32.Build.0 = Debug|Win32
		{28EC7401-6DF8-441E-BE98-FDFFCE373E43}.DebugDll|Win32.ActiveCfg = Debug|Win32
		{28EC7401-6DF8-441E-BE98-FDFFCE373E43}.DebugDll|Win32.Build.0 = Debug|Win32
		{28EC7401-6DF8-441E-BE98-FDFFCE373E43}.DebugDoublePrecision|Win32.ActiveCfg = Debug|Win32
		{28EC7401-6DF8-441E-BE98-FDFFCE373E43}.DebugDoublePrecision|Win32.Build.0 = Debug|Win32
		{28EC7401-6DF8-441E-BE98-FDFFCE373E43}.Release OpenMP|Win32.ActiveCfg = Release|Win32
		{28EC7401-6DF8-441E-BE98-FDFFCE373E43}.Release OpenMP|Win32.Build.0 = Release|Win32
		{28EC7401-6DF8-441E-BE98-FDFFCE373E43}.Release|Win32.ActiveCfg = Release|Win32
		{28EC7401-6DF8-441E-BE98-FDFFCE373E43}.Release|Win32.Build.0 = Release|Win32
		{28EC7401-6DF8-441E-BE98-FDFFCE373E43}.ReleaseDll|Win32.ActiveCfg = Release|Win32
		{28EC7401-6DF8-441E-BE98-FDFFCE373E43}.ReleaseDll|Win32.Build.0 = Release|Win32
		{28EC7401-6DF8-441E-BE98-FDFFCE373E43}.ReleaseDoublePrecision|Win32.ActiveCfg = Release|Win32
		{28EC7401-6DF8-441E-BE98-FDFFCE373E43}.ReleaseDoublePrecision|Win32.Build.0 = Release|Win32
		{71DA73F2-C09D-4F4A-8955-CB3CB830061F}.Debug|Win32.ActiveCfg = Debug|Win32
		{71DA73F2-C09D-4F4A-8955-CB3CB830061F}.Debug|Win32.Build.0 = Debug|Win32
		{71DA73F2-C09D-4F4A-8955-CB3CB830061F}.DebugDll|Win32.ActiveCfg = Debug|Win32
		{71DA73F2-C09D-4F4A-8955-CB3CB830061F}.DebugDll|Win32.Build.0 = Debug|Win32
		{71DA73F2-C09D-4F4A-8955-CB3CB830061F}.DebugDoublePrecision|Win32.ActiveCfg = Debug|Win32
		{71DA73F2-C09D-4F4A-8955-CB3CB830061F}.DebugDoublePrecision|Win32.Build.0 = Debug|Win32
		{71DA73F2-C09D-4F4A-8955-CB3CB830061F}.Release OpenMP|Win32.ActiveCfg = Release|Win32
		{71DA73F2-C09D-4F4A-8955-CB3CB830061F}.Release OpenMP|Win32.Build.0 = Release|Win32
		{71DA73F2-C09D-4F4A-8955-CB3CB830061F}.Release|Win32.ActiveCfg = Release|Win32
		{71DA73F2-C09D-4F4A-8955-CB3CB830061F}.Release|Win32.Build.0 = Release|Win32
		{71DA73F2-C09D-4F4A-8955-CB3CB830061F}.ReleaseDll|Win32.ActiveCfg = Release|Win32
		{71DA73F2-C09D-4F4A-8955-CB3CB830061F}.ReleaseDll|Win32.Build.0 = Release|Win32
		{71DA73F2-C09D-4F4A-8955-CB3CB830061F}.ReleaseDoublePrecision|Win32.ActiveCfg = Release|Win32
		{71DA73F2-C09D-4F4A-8955-CB3CB830061F}.ReleaseDoublePrecision|Win32.Build.0 = Release|Win32
		{5FDF2849-8AB0-4E61-AF32-1C9AF7479601}.Debug|Win32.ActiveCfg = Debug|Win32
		{5FDF2849-8AB0-4E61-AF32-1C9AF7479601}.Debug|Win32.Build.0 = Debug|Win32
		{5FDF2849-8AB0-4E61-AF32-1C9AF7479601}.DebugDll|Win32.ActiveCfg = Debug|Win32
		{5FDF2849-8AB0-4E61-AF32-1C9AF7479601}.DebugDll|Win32.Build.0 = Debug|Win32
		{5FDF2849-8AB0-4E61-AF32-1C9AF7479601}.DebugDoublePrecision|Win32.ActiveCfg = Debug|Win32
		{5FDF2849-8AB0-4E61-AF32-1C9AF7479601}.DebugDoublePrecision|Win32.Build.0 = Debug|Win32
		{5FDF2849-8AB0-4E61-AF32-1C9AF7479601}.Release OpenMP|Win32.ActiveCfg = Release|Win32
		{5FDF2849-8AB0-4E61-AF32-1C9AF7479601}.Release OpenMP|Win32.Build.0 = Release|Win32
		{5FDF2849-8AB0-4E61-AF32-1C9AF7479601}.Release|Win32.ActiveCfg = Release|Win32
		{5FDF2849-8AB0-4E61-AF32-1C9AF7479601}.Release|Win32.Build.0 = Release|Win32
		{5FDF2849-8AB0-4E61-AF32-1C9AF7479601}.ReleaseDll|Win32.ActiveCfg = Release|Win32
		{5FDF2849-8AB0-4E61-AF32-1C9AF7479601}.ReleaseDll|Win32.Build.0 = Release|Win32
		{5FDF2849-8AB0-4E61-AF32-1C9AF7479601}.ReleaseDoublePrecision|Win32.ActiveCfg = Release|Win32
		{5FDF2849-8AB0-4E61-AF32-1C9AF7479601}.ReleaseDoublePrecision|Win32.Build.0 = Release|Win32
		{C0A9DD0A-FDA1-4749-86B7-D831CDD4478B}.Debug|Win32.ActiveCfg = Debug|Win32
		{C0A9DD0A-FDA1-4749-86B7-D831CDD4478B}.Debug|Win32.Build.0 = Debug|Win32
		{C0A9DD0A-FDA1-4749-86B7-D831CDD4478B}.DebugDll|Win32.ActiveCfg = Debug|Win32
		{C0A9DD0A-FDA1-4749-86B7-D831CDD4478B}.DebugDll|Win32.Build.0 = Debug|Win32
		{C0A9DD0A-FDA1-4749-86B7-D831CDD4478B}.DebugDoublePrecision|Win32.ActiveCfg = Debug|Win32
		{C0A9DD0A-FDA1-4749-86B7-D831CDD4478B}.DebugDoublePrecision|Win32.Build.0 = Debug|Win32
		{C0A9DD0A-FDA1-4749-86B7-D831CDD4478B}.Release OpenMP|Win32.ActiveCfg = Release|Win32
		{C0A9DD0A-FDA1-4749-86B7-D831CDD4478B}.Release OpenMP|Win32.Build.0 = Release|Win32
		{C0A9DD0A-FDA1-4749-86B7-D831CDD4478B}.Release|Win32.ActiveCfg = Release|Win32
		{C0A9DD0A-FDA1-4749-86B7-D831CDD4478B}.Release|Win32.Build.0 = Release|Win32
		{C0A9DD0A-FDA1-4749-86B7-D831CDD4478B}.ReleaseDll|Win32.ActiveCfg = Release|Win32
		{C0A9DD0A-FDA1-4749-86B7-D831CDD4478B}.ReleaseDll|Win32.Build.0 = Release|Win32
		{C0A9DD0A-FDA1-4749-86B7-D831CDD4478B}.ReleaseDoublePrecision|Win32.ActiveCfg = Release|Win32
		{C0A9DD0A-FDA1-4749-86B7-D831CDD4478B}.ReleaseDoublePrecision|Win32.Build.0 = Release|Win32
		{7D7F9530-C61A-4BF2-B1C8-DE9D369880B6}.Debug|Win32.ActiveCfg = Debug|Win32
		{7D7F9530-C61A-4BF2-B1C8-DE9D369880B6}.Debug|Win32.Build.0 = Debug|Win32
		{7D7F9530-C61A-4BF2-B1C8-DE9D369880B6}.DebugDll|Win32.ActiveCfg = Debug|Win32
		{7D7F9530-C61A-4BF2-B1C8-DE9D369880B6}.DebugDll|Win32.Build.0 = Debug|Win32
		{7D7F9530-C61A-4BF2-B1C8-DE9D369880B6}.DebugDoublePrecision|Win32.ActiveCfg = Debug|Win32
		{7D7F9530-C61A-4BF2-B1C8-DE9D369880B6}.DebugDoublePrecision|Win32.Build.0 = Debug|Win32
		{7D7F9530-C61A-4BF2-B1C8-DE9D369880B6}.Release OpenMP|Win32.ActiveCfg = Release|Win32
		{7D7F9530-C61A-4BF2-B1C8-DE9D369880B6}.Release OpenMP|Win32.Build.0 = Release|Win32
		{7D7F9530-C61A-4BF2-B1C8-DE9D369880B6}.Release|Win32.ActiveCfg = Release|Win32
		{7D7F9530-C61A-4BF2-B1C8-DE9D369880B6}.Release|Win32.Build.0 = Release|Win32
		{7D7F9530-C61A-4BF2-B1C8-DE9D369880B6}.ReleaseDll|Win32.ActiveCfg = Release|Win32
		{7D7F9530-C61A-4BF2-B1C8-DE9D369880B6}.ReleaseDll|Win32.Build.0 = Release|Win32
		{7D7F9530-C61A-4BF2-B1C8-DE9D369880B6}.ReleaseDoublePrecision|Win32.ActiveCfg = Release|Win32
		{7D7F9530-C61A-4BF2-B1C8-DE9D369880B6}.ReleaseDoublePrecision|Win32.Build.0 = Release|Win32
		{3BF9D44F-4A29-46EE-9A04-EE706E602620}.Debug|Win32.ActiveCfg = Debug|Win32
		{3BF9D44F-4A29-46EE-9A04-EE706E602620}.Debug|Win32.Build.0 = Debug|Win32
		{3BF9D44F-4A29-46EE-9A04-EE706E602620}.DebugDll|Win32.ActiveCfg = Debug|Win32
		{3BF9D44F-4A29-46EE-9A04-EE706E602620}.DebugDll|Win32.Build.0 = Debug|Win32
		{3BF9D44F-4A29-46EE-9A04-EE706E602620}.DebugDoublePrecision|Win32.ActiveCfg = Debug|Win32
		{3BF9D44F-4A29-46EE-9A04-EE706E602620}.DebugDoublePrecision|Win32.Build.0 = Debug|Win32
		{3BF9D44F-4A29-46EE-9A04-EE706E602620}.Release OpenMP|Win32.ActiveCfg = Release|Win32
		{3BF9D44F-4A29-46EE-9A04-EE706E602620}.Release OpenMP|Win32.Build.0 = Release|Win32
		{3BF9D44F-4A29-46EE-9A04-EE706E602620}.Release|Win32.ActiveCfg = Release|Win32
		{3BF9D44F-4A29-46EE-9A04-EE706E602620}.Release|Win32.Build.0 = Release|Win32
		{3BF9D44F-4A29-46EE-9A04-EE706E602620}.ReleaseDll|Win32.ActiveCfg = Release|Win32
		{3BF9D44F-4A29-46EE-9A04-EE706E602620}.ReleaseDll|Win32.Build.0 = Release|Win32
		{3BF9D44F-4A29-46EE-9A04-EE706E602620}.ReleaseDoublePrecision|Win32.ActiveCfg = Release|Win32
		{3BF9D44F-4A29-46EE-9A04-EE706E602620}.ReleaseDoublePrecision|Win32.Build.0 = Release|Win32
		{15CBFEFF-7965-41F5-B4E2-21E8795C9159}.Debug|Win32.ActiveCfg = Debug|Win32
		{15CBFEFF-7965-41F5-B4E2-21E8795C9159}.Debug|Win32.Build.0 = Debug|Win32
		{15CBFEFF-7965-41F5-B4E2-21E8795C9159}.DebugDll|Win32.ActiveCfg = Debug|Win32
		{15CBFEFF-7965-41F5-B4E2-21E8795C9159}.DebugDll|Win32.Build.0 = Debug|Win32
		{15CBFEFF-7965-41F5-B4E2-21E8795C9159}.DebugDoublePrecision|Win32.ActiveCfg = Debug|Win32
		{15CBFEFF-7965-41F5-B4E2-21E8795C9159}.DebugDoublePrecision|Win32.Build.0 = Debug|Win32
		{15CBFEFF-7965-41F5-B4E2-21E8795C9159}.Release OpenMP|Win32.ActiveCfg = Release|Win32
		{15CBFEFF-7965-41F5-B4E2-21E8795C9159}.Release OpenMP|Win32.Build.0 = Release|Win32
		{15CBFEFF-7965-41F5-B4E2-21E8795C9159}.Release|Win32.ActiveCfg = Release|Win32
		{15CBFEFF-7965-41F5-B4E2-21E8795C9159}.Release|Win32.Build.0 = Release|Win32
		{15CBFEFF-7965-41F5-B4E2-21E8795C9159}.ReleaseDll|Win32.ActiveCfg = Release|Win32
		{15CBFEFF-7965-41F5-B4E2-21E8795C9159}.ReleaseDll|Win32.Build.0 = Release|Win32
		{15CBFEFF-7965-41F5-B4E2-21E8795C9159}.ReleaseDoublePrecision|Win32.ActiveCfg = Release|Win32
		{15CBFEFF-7965-41F5-B4E2-21E8795C9159}.ReleaseDoublePrecision|Win32.Build.0 = Release|Win32
		{CEBDE98B-A6AA-46E6-BC79-FAAF823DB9EC}.Debug|Win32.ActiveCfg = Debug|Win32
		{CEBDE98B-A6AA-46E6-BC79-FAAF823DB9EC}.Debug|Win32.Build.0 = Debug|Win32
		{CEBDE98B-A6AA-46E6-BC79-FAAF823DB9EC}.DebugDll|Win32.ActiveCfg = Debug|Win32
		{CEBDE98B-A6AA-46E6-BC79-FAAF823DB9EC}.DebugDll|Win32.Build.0 = Debug|Win32
		{CEBDE98B-A6AA-46E6-BC79-FAAF823DB9EC}.DebugDoublePrecision|Win32.ActiveCfg = Debug|Win32
		{CEBDE98B-A6AA-46E6-BC79-FAAF823DB9EC}.DebugDoublePrecision|Win32.Build.0 = Debug|Win32
		{CEBDE98B-A6AA-46E6-BC79-FAAF823DB9EC}.Release OpenMP|Win32.ActiveCfg = Release|Win32
		{CEBDE98B-A6AA-46E6-BC79-FAAF823DB9EC}.Release OpenMP|Win32.Build.0 = Release|Win32
		{CEBDE98B-A6AA-46E6-BC79-FAAF823DB9EC}.Release|Win32.ActiveCfg = Release|Win32
		{CEBDE98B-A6AA-46E6-BC79-FAAF823DB9EC}.Release|Win32.Build.0 = Release|Win32
		{CEBDE98B-A6AA-46E6-BC79-FAAF823DB9EC}.ReleaseDll|Win32.ActiveCfg = Release|Win32
		{CEBDE98B-A6AA-46E6-BC79-FAAF823DB9EC}.ReleaseDll|Win32.Build.0 = Release|Win32
		{CEBDE98B-A6AA-46E6-BC79-FAAF823DB9EC}.ReleaseDoublePrecision|Win32.ActiveCfg = Release|Win32
		{CEBDE98B-A6AA-46E6-BC79-FAAF823DB9EC}.ReleaseDoublePrecision|Win32.Build.0 = Release|Win32
		{3A214E06-B95E-4D61-A291-1F8DF2EC10FD}.Debug|Win32.ActiveCfg = Debug|Win32
		{3A214E06-B95E-4D61-A291-1F8DF2EC10FD}.Debug|Win32.Build.0 = Debug|Win32
		{3A214E06-B95E-4D61-A291-1F8DF2EC10FD}.DebugDll|Win32.ActiveCfg = Debug|Win32
		{3A214E06-B95E-4D61-A291-1F8DF2EC10FD}.DebugDll|Win32.Build.0 = Debug|Win32
		{3A214E06-B95E-4D61-A291-1F8DF2EC10FD}.DebugDoublePrecision|Win32.ActiveCfg = Debug|Win32
		{3A214E06-B95E-4D61-A291-1F8DF2EC10FD}.DebugDoublePrecision|Win32.Build.0 = Debug|Win32
		{3A214E06-B95E-4D61-A291-1F8DF2EC10FD}.Release OpenMP|Win32.ActiveCfg = Release|Win32
		{3A214E06-B95E-4D61-A291-1F8DF2EC10FD}.Release OpenMP|Win32.Build.0 = Release|Win32
		{3A214E06-B95E-4D61-A291-1F8DF2EC10FD}.Release|Win32.ActiveCfg = Release|Win32
		{3A214E06-B95E-4D61-A291-1F8DF2EC10FD}.Release|Win32.Build.0 = Release|Win32
		{3A214E06-B95E-4D61-A291-1F8DF2EC10FD}.ReleaseDll|Win32.ActiveCfg = Release|Win32
		{3A214E06-B95E-4D61-A291-1F8DF2EC10FD}.ReleaseDll|Win32.Build.0 = Release|Win32
		{3A214E06-B95E-4D61-A291-1F8DF2EC10FD}.ReleaseDoublePrecision|Win32.ActiveCfg = Release|Win32
		{3A214E06-B95E-4D61-A291-1F8DF2EC10FD}.ReleaseDoublePrecision|Win32.Build.0 = Release|Win32
		{572DA8BF-33EA-4950-AA4C-D5A4C4C8E6BD}.Debug|Win32.ActiveCfg = Debug|Win32
		{572DA8BF-33EA-4950-AA4C-D5A4C4C8E6BD}.Debug|Win32.Build.0 = Debug|Win32
		{572DA8BF-33EA-4950-AA4C-D5A4C4C8E6BD}.DebugDll|Win32.ActiveCfg = Debug|Win32
		{572DA8BF-33EA-4950-AA4C-D5A4C4C8E6BD}.DebugDll|Win32.Build.0 = Debug|Win32
		{572DA8BF-33EA-4950-AA4C-D5A4C4C8E6BD}.DebugDoublePrecision|Win32.ActiveCfg = Debug|Win32
		{572DA8BF-33EA-4950-AA4C-D5A4C4C8E6BD}.DebugDoublePrecision|Win32.Build.0 = Debug|Win32
		{572DA8BF-33EA-4950-AA4C-D5A4C4C8E6BD}.Release OpenMP|Win32.ActiveCfg = Release|Win32
		{572DA8BF-33EA-4950-AA4C-D5A4C4C8E6BD}.Release OpenMP|Win32.Build.0 = Release|Win32
		{572DA8BF-33EA-4950-AA4C-D5A4C4C8E6BD}.Release|Win32.ActiveCfg = Release|Win32
		{572DA8BF-33EA-4950-AA4C-D5A4C4C8E6BD}.Release|Win32.Build.0 = Release|Win32
		{572DA8BF-33EA-4950-AA4C-D5A4C4C8E6BD}.ReleaseDll|Win32.ActiveCfg = Release|Win32
		{572DA8BF-33EA-4950-AA4C-D5A4C4C8E6BD}.ReleaseDll|Win32.Build.0 = Release|Win32
		{572DA8BF-33EA-4950-AA4C-D5A4C4C8E6BD}.ReleaseDoublePrecision|Win32.ActiveCfg = Release|Win32
		{572DA8BF-33EA-4950-AA4C-D5A4C4C8E6BD}.ReleaseDoublePrecision|Win32.Build.0 = Release|Win32
		{7B21D090-9A12-4E86-8E65-9AAEA2B72AB4}.Debug|Win32.ActiveCfg = Debug|Win32
		{7B21D090-9A12-4E86-8E65-9AAEA2B72AB4}.Debug|Win32.Build.0 = Debug|Win32
		{7B21D090-9A12-4E86-8E65-9AAEA2B72AB4}.DebugDll|Win32.ActiveCfg = Debug|Win32
		{7B21D090-9A12-4E86-8E65-9AAEA2B72AB4}.DebugDll|Win32.Build.0 = Debug|Win32
		{7B21D090-9A12-4E86-8E65-9AAEA2B72AB4}.DebugDoublePrecision|Win32.ActiveCfg = Debug|Win32
		{7B21D090-9A12-4E86-8E65-9AAEA2B72AB4}.DebugDoublePrecision|Win32.Build.0 = Debug|Win32
		{7B21D090-9A12-4E86-8E65-9AAEA2B72AB4}.Release OpenMP|Win32.ActiveCfg = Release|Win32
		{7B21D090-9A12-4E86-8E65-9AAEA2B72AB4}.Release OpenMP|Win32.Build.0 = Release|Win32
		{7B21D090-9A12-4E86-8E65-9AAEA2B72AB4}.Release|Win32.ActiveCfg = Release|Win32
		{7B21D090-9A12-4E86-8E65-9AAEA2B72AB4}.Release|Win32.Build.0 = Release|Win32
		{7B21D090-9A12-4E86-8E65-9AAEA2B72AB4}.ReleaseDll|Win32.ActiveCfg = Release|Win32
		{7B21D090-9A12-4E86-8E65-9AAEA2B72AB4}.ReleaseDll|Win32.Build.0 = Release|Win32
		{7B21D090-9A12-4E86-8E65-9AAEA2B72AB4}.ReleaseDoublePrecision|Win32.ActiveCfg = Release|Win32
		{7B21D090-9A12-4E86-8E65-9AAEA2B72AB4}.ReleaseDoublePrecision|Win32.Build.0 = Release|Win32
		{AE8EB9B3-D2C2-4372-AB4B-FC980EE69D2D}.Debug|Win32.ActiveCfg = Debug|Win32
		{AE8EB9B3-D2C2-4372-AB4B-FC980EE69D2D}.Debug|Win32.Build.0 = Debug|Win32
		{AE8EB9B3-D2C2-4372-AB4B-FC980EE69D2D}.DebugDll|Win32.ActiveCfg = Debug|Win32
		{AE8EB9B3-D2C2-4372-AB4B-FC980EE69D2D}.DebugDll|Win32.Build.0 = Debug|Win32
		{AE8EB9B3-D2C2-4372-AB4B-FC980EE69D2D}.DebugDoublePrecision|Win32.ActiveCfg = Debug|Win32
		{AE8EB9B3-D2C2-4372-AB4B-FC980EE69D2D}.DebugDoublePrecision|Win32.Build.0 = Debug|Win32
		{AE8EB9B3-D2C2-4372-AB4B-FC980EE69D2D}.Release OpenMP|Win32.ActiveCfg = Release|Win32
		{AE8EB9B3-D2C2-4372-AB4B-FC980EE69D2D}.Release OpenMP|Win32.Build.0 = Release|Win32
		{AE8EB9B3-D2C2-4372-AB4B-FC980EE69D2D}.Release|Win32.ActiveCfg = Release|Win32
		{AE8EB9B3-D2C2-4372-AB4B-FC980EE69D2D}.Release|Win32.Build.0 = Release|Win32
		{AE8EB9B3-D2C2-4372-AB4B-FC980EE69D2D}.ReleaseDll|Win32.ActiveCfg = Release|Win32
		{AE8EB9B3-D2C2-4372-AB4B-FC980EE69D2D}.ReleaseDll|Win32.Build.0 = Release|Win32
		{AE8EB9B3-D2C2-4372-AB4B-FC980EE69D2D}.ReleaseDoublePrecision|Win32.ActiveCfg = Release|Win32
		{AE8EB9B3-D2C2-4372-AB4B-FC980EE69D2D}.ReleaseDoublePrecision|Win32.Build.0 = Release|Win32
		{1D558D7D-DA57-4908-BCFC-902054FE6B63}.Debug|Win32.ActiveCfg = Debug|Win32
		{1D558D7D-DA57-4908-BCFC-902054FE6B63}.Debug|Win32.Build.0 = Debug|Win32
		{1D558D7D-DA57-4908-BCFC-902054FE6B63}.DebugDll|Win32.ActiveCfg = Debug|Win32
		{1D558D7D-DA57-4908-BCFC-902054FE6B63}.DebugDll|Win32.Build.0 = Debug|Win32
		{1D558D7D-DA57-4908-BCFC-902054FE6B63}.DebugDoublePrecision|Win32.ActiveCfg = Debug|Win32
		{1D558D7D-DA57-4908-BCFC-902054FE6B63}.DebugDoublePrecision|Win32.Build.0 = Debug|Win32
		{1D558D7D-DA57-4908-BCFC-902054FE6B63}.Release OpenMP|Win32.ActiveCfg = Release|Win32
		{1D558D7D-DA57-4908-BCFC-902054FE6B63}.Release OpenMP|Win32.Build.0 = Release|Win32
		{1D558D7D-DA57-4908-BCFC-902054FE6B63}.Release|Win32.ActiveCfg = Release|Win32
		{1D558D7D-DA57-4908-BCFC-902054FE6B63}.Release|Win32.Build.0 = Release|Win32
		{1D558D7D-DA57-4908-BCFC-902054FE6B63}.ReleaseDll|Win32.ActiveCfg = Release|Win32
		{1D558D7D-DA57-4908-BCFC-902054FE6B63}.ReleaseDll|Win32.Build.0 = Release|Win32
		{1D558D7D-DA57-4908-BCFC-902054FE6B63}.ReleaseDoublePrecision|Win32.ActiveCfg = Release|Win32
		{1D558D7D-DA57-4908-BCFC-902054FE6B63}.ReleaseDoublePrecision|Win32.Build.0 = Release|Win32
		{834E6910-D179-4A80-AB73-3A8502BD2E84}.Debug|Win32.ActiveCfg = Debug|Win32
		{834E6910-D179-4A80-AB73-3A8502BD2E84}.Debug|Win32.Build.0 = Debug|Win32
		{834E6910-D179-4A80-AB73-3A8502BD2E84}.DebugDll|Win32.ActiveCfg = DebugDll|Win32
		{834E6910-D179-4A80-AB73-3A8502BD2E84}.DebugDll|Win32.Build.0 = DebugDll|Win32
		{834E6910-D179-4A80-AB73-3A8502BD2E84}.DebugDoublePrecision|Win32.ActiveCfg = DebugDoublePrecision|Win32
		{834E6910-D179-4A80-AB73-3A8502BD2E84}.DebugDoublePrecision|Win32.Build.0 = DebugDoublePrecision|Win32
		{834E6910-D179-4A80-AB73-3A8502BD2E84}.Release OpenMP|Win32.ActiveCfg = Release|Win32
		{834E6910-D179-4A80-AB73-3A8502BD2E84}.Release OpenMP|Win32.Build.0 = Release|Win32
		{834E6910-D179-4A80-AB73-3A8502BD2E84}.Release|Win32.ActiveCfg = Release|Win32
		{834E6910-D179-4A80-AB73-3A8502BD2E84}.Release|Win32.Build.0 = Release|Win32
		{834E6910-D179-4A80-AB73-3A8502BD2E84}.ReleaseDll|Win32.ActiveCfg = ReleaseDll|Win32
		{834E6910-D179-4A80-AB73-3A8502BD2E84}.ReleaseDll|Win32.Build.0 = ReleaseDll|Win32
		{834E6910-D179-4A80-AB73-3A8502BD2E84}.ReleaseDoublePrecision|Win32.ActiveCfg = ReleaseDoublePrecision|Win32
		{834E6910-D179-4A80-AB73-3A8502BD2E84}.ReleaseDoublePrecision|Win32.Build.0 = ReleaseDoublePrecision|Win32
		{AAE1B4EC-1495-436E-9C7B-A0A1B6C8F00A}.Debug|Win32.ActiveCfg = Debug|Win32
		{AAE1B4EC-1495-436E-9C7B-A0A1B6C8F00A}.Debug|Win32.Build.0 = Debug|Win32
		{AAE1B4EC-1495-436E-9C7B-A0A1B6C8F00A}.DebugDll|Win32.ActiveCfg = DebugDll|Win32
		{AAE1B4EC-1495-436E-9C7B-A0A1B6C8F00A}.DebugDll|Win32.Build.0 = DebugDll|Win32
		{AAE1B4EC-1495-436E-9C7B-A0A1B6C8F00A}.DebugDoublePrecision|Win32.ActiveCfg = DebugDoublePrecision|Win32
		{AAE1B4EC-1495-436E-9C7B-A0A1B6C8F00A}.DebugDoublePrecision|Win32.Build.0 = DebugDoublePrecision|Win32
		{AAE1B4EC-1495-436E-9C7B-A0A1B6C8F00A}.Release OpenMP|Win32.ActiveCfg = Release|Win32
		{AAE1B4EC-1495-436E-9C7B-A0A1B6C8F00A}.Release OpenMP|Win32.Build.0 = Release|Win32
		{AAE1B4EC-1495-436E-9C7B-A0A1B6C8F00A}.Release|Win32.ActiveCfg = Release|Win32
		{AAE1B4EC-1495-436E-9C7B-A0A1B6C8F00A}.Release|Win32.Build.0 = Release|Win32
		{AAE1B4EC-1495-436E-9C7B-A0A1B6C8F00A}.ReleaseDll|Win32.ActiveCfg = ReleaseDll|Win32
		{AAE1B4EC-1495-436E-9C7B-A0A1B6C8F00A}.ReleaseDll|Win32.Build.0 = ReleaseDll|Win32
		{AAE1B4EC-1495-436E-9C7B-A0A1B6C8F00A}.ReleaseDoublePrecision|Win32.ActiveCfg = ReleaseDoublePrecision|Win32
		{AAE1B4EC-1495-436E-9C7B-A0A1B6C8F00A}.ReleaseDoublePrecision|Win32.Build.0 = ReleaseDoublePrecision|Win32
		{9CFDEE73-7AD4-45DD-9453-EEF5FE8F6C85}.Debug|Win32.ActiveCfg = Debug|Win32
		{9CFDEE73-7AD4-45DD-9453-EEF5FE8F6C85}.Debug|Win32.Build.0 = Debug|Win32
		{9CFDEE73-7AD4-45DD-9453-EEF5FE8F6C85}.DebugDll|Win32.ActiveCfg = DebugDll|Win32
		{9CFDEE73-7AD4-45DD-9453-EEF5FE8F6C85}.DebugDll|Win32.Build.0 = DebugDll|Win32
		{9CFDEE73-7AD4-45DD-9453-EEF5FE8F6C85}.DebugDoublePrecision|Win32.ActiveCfg = DebugDoublePrecision|Win32
		{9CFDEE73-7AD4-45DD-9453-EEF5FE8F6C85}.DebugDoublePrecision|Win32.Build.0 = DebugDoublePrecision|Win32
		{9CFDEE73-7AD4-45DD-9453-EEF5FE8F6C85}.Release OpenMP|Win32.ActiveCfg = Release|Win32
		{9CFDEE73-7AD4-45DD-9453-EEF5FE8F6C85}.Release OpenMP|Win32.Build.0 = Release|Win32
		{9CFDEE73-7AD4-45DD-9453-EEF5FE8F6C85}.Release|Win32.ActiveCfg = Release|Win32
		{9CFDEE73-7AD4-45DD-9453-EEF5FE8F6C85}.Release|Win32.Build.0 = Release|Win32
		{9CFDEE73-7AD4-45DD-9453-EEF5FE8F6C85}.ReleaseDll|Win32.ActiveCfg = ReleaseDll|Win32
		{9CFDEE73-7AD4-45DD-9453-EEF5FE8F6C85}.ReleaseDll|Win32.Build.0 = ReleaseDll|Win32
		{9CFDEE73-7AD4-45DD-9453-EEF5FE8F6C85}.ReleaseDoublePrecision|Win32.ActiveCfg = ReleaseDoublePrecision|Win32
		{9CFDEE73-7AD4-45DD-9453-EEF5FE8F6C85}.ReleaseDoublePrecision|Win32.Build.0 = ReleaseDoublePrecision|Win32
		{B5FEA270-4B23-4249-9864-D974001157C9}.Debug|Win32.ActiveCfg = Debug|Win32
		{B5FEA270-4B23-4249-9864-D974001157C9}.Debug|Win32.Build.0 = Debug|Win32
		{B5FEA270-4B23-4249-9864-D974001157C9}.DebugDll|Win32.ActiveCfg = DebugDll|Win32
		{B5FEA270-4B23-4249-9864-D974001157C9}.DebugDll|Win32.Build.0 = DebugDll|Win32
		{B5FEA270-4B23-4249-9864-D974001157C9}.DebugDoublePrecision|Win32.ActiveCfg = DebugDoublePrecision|Win32
		{B5FEA270-4B23-4249-9864-D974001157C9}.DebugDoublePrecision|Win32.Build.0 = DebugDoublePrecision|Win32
		{B5FEA270-4B23-4249-9864-D974001157C9}.Release OpenMP|Win32.ActiveCfg = Release|Win32
		{B5FEA270-4B23-4249-9864-D974001157C9}.Release OpenMP|Win32.Build.0 = Release|Win32
		{B5FEA270-4B23-4249-9864-D974001157C9}.Release|Win32.ActiveCfg = Release|Win32
		{B5FEA270-4B23-4249-9864-D974001157C9}.Release|Win32.Build.0 = Release|Win32
		{B5FEA270-4B23-4249-9864-D974001157C9}.ReleaseDll|Win32.ActiveCfg = ReleaseDll|Win32
		{B5FEA270-4B23-4249-9864-D974001157C9}.ReleaseDll|Win32.Build.0 = ReleaseDll|Win32
		{B5FEA270-4B23-4249-9864-D974001157C9}.ReleaseDoublePrecision|Win32.ActiveCfg = ReleaseDoublePrecision|Win32
		{B5FEA270-4B23-4249-9864-D974001157C9}.ReleaseDoublePrecision|Win32.Build.0 = ReleaseDoublePrecision|Win32
		{4651A405-6EE2-42DC-9745-6555F69C553C}.Debug|Win32.ActiveCfg = Debug|Win32
		{4651A405-6EE2-42DC-9745-6555F69C553C}.Debug|Win32.Build.0 = Debug|Win32
		{4651A405-6EE2-42DC-9745-6555F69C553C}.DebugDll|Win32.ActiveCfg = DebugDll|Win32
		{4651A405-6EE2-42DC-9745-6555F69C553C}.DebugDll|Win32.Build.0 = DebugDll|Win32
		{4651A405-6EE2-42DC-9745-6555F69C553C}.DebugDoublePrecision|Win32.ActiveCfg = DebugDoublePrecision|Win32
		{4651A405-6EE2-42DC-9745-6555F69C553C}.DebugDoublePrecision|Win32.Build.0 = DebugDoublePrecision|Win32
		{4651A405-6EE2-42DC-9745-6555F69C553C}.Release OpenMP|Win32.ActiveCfg = Release|Win32
		{4651A405-6EE2-42DC-9745-6555F69C553C}.Release OpenMP|Win32.Build.0 = Release|Win32
		{4651A405-6EE2-42DC-9745-6555F69C553C}.Release|Win32.ActiveCfg = Release|Win32
		{4651A405-6EE2-42DC-9745-6555F69C553C}.Release|Win32.Build.0 = Release|Win32
		{4651A405-6EE2-42DC-9745-6555F69C553C}.ReleaseDll|Win32.ActiveCfg = ReleaseDll|Win32
		{4651A405-6EE2-42DC-9745-6555F69C553C}.ReleaseDll|Win32.Build.0 = ReleaseDll|Win32
		{4651A405-6EE2-42DC-9745-6555F69C553C}.ReleaseDoublePrecision|Win32.ActiveCfg = ReleaseDoublePrecision|Win32
		{4651A405-6EE2-42DC-9745-6555F69C553C}.ReleaseDoublePrecision|Win32.Build.0 = ReleaseDoublePrecision|Win32
		{BEA5367D-0441-4677-934A-43A09ABBF8C6}.Debug|Win32.ActiveCfg = Debug|Win32
		{BEA5367D-0441-4677-934A-43A09ABBF8C6}.Debug|Win32.Build.0 = Debug|Win32
		{BEA5367D-0441-4677-934A-43A09ABBF8C6}.DebugDll|Win32.ActiveCfg = Debug|Win32
		{BEA5367D-0441-4677-934A-43A09ABBF8C6}.DebugDll|Win32.Build.0 = Debug|Win32
		{BEA5367D-0441-4677-934A-43A09ABBF8C6}.DebugDoublePrecision|Win32.ActiveCfg = Debug|Win32
		{BEA5367D-0441-4677-934A-43A09ABBF8C6}.DebugDoublePrecision|Win32.Build.0 = Debug|Win32
		{BEA5367D-0441-4677-934A-43A09ABBF8C6}.Release OpenMP|Win32.ActiveCfg = Release|Win32
		{BEA5367D-0441-4677-934A-43A09ABBF8C6}.Release OpenMP|Win32.Build.0 = Release|Win32
		{BEA5367D-0441-4677-934A-43A09ABBF8C6}.Release|Win32.ActiveCfg = Release|Win32
		{BEA5367D-0441-4677-934A-43A09ABBF8C6}.Release|Win32.Build.0 = Release|Win32
		{BEA5367D-0441-4677-934A-43A09ABBF8C6}.ReleaseDll|Win32.ActiveCfg = Release|Win32
		{BEA5367D-0441-4677-934A-43A09ABBF8C6}.ReleaseDll|Win32.Build.0 = Release|Win32
		{BEA5367D-0441-4677-934A-43A09ABBF8C6}.ReleaseDoublePrecision|Win32.ActiveCfg = Release|Win32
		{BEA5367D-0441-4677-934A-43A09ABBF8C6}.ReleaseDoublePrecision|Win32.Build.0 = Release|Win32
		{3E87E5FB-5C38-1139-85B7-CF179BA0D2AB}.Debug|Win32.ActiveCfg = Debug|Win32
		{3E87E5FB-5C38-1139-85B7-CF179BA0D2AB}.Debug|Win32.Build.0 = Debug|Win32
		{3E87E5FB-5C38-1139-85B7-CF179BA0D2AB}.DebugDll|Win32.ActiveCfg = Debug|Win32
		{3E87E5FB-5C38-1139-85B7-CF179BA0D2AB}.DebugDll|Win32.Build.0 = Debug|Win32
		{3E87E5FB-5C38-1139-85B7-CF179BA0D2AB}.DebugDoublePrecision|Win32.ActiveCfg = Debug|Win32
		{3E87E5FB-5C38-1139-85B7-CF179BA0D2AB}.DebugDoublePrecision|Win32.Build.0 = Debug|Win32
		{3E87E5FB-5C38-1139-85B7-CF179BA0D2AB}.Release OpenMP|Win32.ActiveCfg = Release|Win32
		{3E87E5FB-5C38-1139-85B7-CF179BA0D2AB}.Release OpenMP|Win32.Build.0 = Release|Win32
		{3E87E5FB-5C38-1139-85B7-CF179BA0D2AB}.Release|Win32.ActiveCfg = Release|Win32
		{3E87E5FB-5C38-1139-85B7-CF179BA0D2AB}.Release|Win32.Build.0 = Release|Win32
		{3E87E5FB-5C38-1139-85B7-CF179BA0D2AB}.ReleaseDll|Win32.ActiveCfg = Release|Win32
		{3E87E5FB-5C38-1139-85B7-CF179BA0D2AB}.ReleaseDll|Win32.Build.0 = Release|Win32
		{3E87E5FB-5C38-1139-85B7-CF179BA0D2AB}.ReleaseDoublePrecision|Win32.ActiveCfg = Release|Win32
		{3E87E5FB-5C38-1139-85B7-CF179BA0D2AB}.ReleaseDoublePrecision|Win32.Build.0 = Release|Win32
		{015B0EBE-4BCE-4C7D-8F27-47A5C78C6B27}.Debug|Win32.ActiveCfg = Debug|Win32
		{015B0EBE-4BCE-4C7D-8F27-47A5C78C6B27}.Debug|Win32.Build.0 = Debug|Win32
		{015B0EBE-4BCE-4C7D-8F27-47A5C78C6B27}.DebugDll|Win32.ActiveCfg = Debug|Win32
		{015B0EBE-4BCE-4C7D-8F27-47A5C78C6B27}.DebugDll|Win32.Build.0 = Debug|Win32
		{015B0EBE-4BCE-4C7D-8F27-47A5C78C6B27}.DebugDoublePrecision|Win32.ActiveCfg = Debug|Win32
		{015B0EBE-4BCE-4C7D-8F27-47A5C78C6B27}.DebugDoublePrecision|Win32.Build.0 = Debug|Win32
		{015B0EBE-4BCE-4C7D-8F27-47A5C78C6B27}.Release OpenMP|Win32.ActiveCfg = Release|Win32
		{015B0EBE-4BCE-4C7D-8F27-47A5C78C6B27}.Release OpenMP|Win32.Build.0 = Release|Win32
		{015B0EBE-4BCE-4C7D-8F27-47A5C78C6B27}.Release|Win32.ActiveCfg = Release|Win32
		{015B0EBE-4BCE-4C7D-8F27-47A5C78C6B27}.Release|Win32.Build.0 = Release|Win32
		{015B0EBE-4BCE-4C7D-8F27-47A5C78C6B27}.ReleaseDll|Win32.ActiveCfg = Release|Win32
		{015B0EBE-4BCE-4C7D-8F27-47A5C78C6B27}.ReleaseDll|Win32.Build.0 = Release|Win32
		{015B0EBE-4BCE-4C7D-8F27-47A5C78C6B27}.ReleaseDoublePrecision|Win32.ActiveCfg = Release|Win32
		{015B0EBE-4BCE-4C7D-8F27-47A5C78C6B27}.ReleaseDoublePrecision|Win32.Build.0 = Release|Win32
		{AFFBE2FC-17A7-4892-A398-94A1BF45574B}.Debug|Win32.ActiveCfg = Debug|Win32
		{AFFBE2FC-17A7-4892-A398-94A1BF45574B}.Debug|Win32.Build.0 = Debug|Win32
		{AFFBE2FC-17A7-4892-A398-94A1BF45574B}.DebugDll|Win32.ActiveCfg = Debug|Win32
		{AFFBE2FC-17A7-4892-A398-94A1BF45574B}.DebugDll|Win32.Build.0 = Debug|Win32
		{AFFBE2FC-17A7-4892-A398-94A1BF45574B}.DebugDoublePrecision|Win32.ActiveCfg = Debug|Win32
		{AFFBE2FC-17A7-4892-A398-94A1BF45574B}.DebugDoublePrecision|Win32.Build.0 = Debug|Win32
		{AFFBE2FC-17A7-4892-A398-94A1BF45574B}.Release OpenMP|Win32.ActiveCfg = Release|Win32
		{AFFBE2FC-17A7-4892-A398-94A1BF45574B}.Release OpenMP|Win32.Build.0 = Release|Win32
		{AFFBE2FC-17A7-4892-A398-94A1BF45574B}.Release|Win32.ActiveCfg = Release|Win32
		{AFFBE2FC-17A7-4892-A398-94A1BF45574B}.Release|Win32.Build.0 = Release|Win32
		{AFFBE2FC-17A7-4892-A398-94A1BF45574B}.ReleaseDll|Win32.ActiveCfg = Release|Win32
		{AFFBE2FC-17A7-4892-A398-94A1BF45574B}.ReleaseDll|Win32.Build.0 = Release|Win32
		{AFFBE2FC-17A7-4892-A398-94A1BF45574B}.ReleaseDoublePrecision|Win32.ActiveCfg = Release|Win32
		{AFFBE2FC-17A7-4892-A398-94A1BF45574B}.ReleaseDoublePrecision|Win32.Build.0 = Release|Win32
		{DB488001-8E98-4724-9787-72DA137C4E47}.Debug|Win32.ActiveCfg = Debug|Win32
		{DB488001-8E98-4724-9787-72DA137C4E47}.Debug|Win32.Build.0 = Debug|Win32
		{DB488001-8E98-4724-9787-72DA137C4E47}.DebugDll|Win32.ActiveCfg = Debug|Win32
		{DB488001-8E98-4724-9787-72DA137C4E47}.DebugDll|Win32.Build.0 = Debug|Win32
		{DB488001-8E98-4724-9787-72DA137C4E47}.DebugDoublePrecision|Win32.ActiveCfg = Debug|Win32
		{DB488001-8E98-4724-9787-72DA137C4E47}.DebugDoublePrecision|Win32.Build.0 = Debug|Win32
		{DB488001-8E98-4724-9787-72DA137C4E47}.Release OpenMP|Win32.ActiveCfg = Release OpenMP|Win32
		{DB488001-8E98-4724-9787-72DA137C4E47}.Release OpenMP|Win32.Build.0 = Release OpenMP|Win32
		{DB488001-8E98-4724-9787-72DA137C4E47}.Release|Win32.ActiveCfg = Release|Win32
		{DB488001-8E98-4724-9787-72DA137C4E47}.Release|Win32.Build.0 = Release|Win32
		{DB488001-8E98-4724-9787-72DA137C4E47}.ReleaseDll|Win32.ActiveCfg = Release|Win32
		{DB488001-8E98-4724-9787-72DA137C4E47}.ReleaseDll|Win32.Build.0 = Release|Win32
		{DB488001-8E98-4724-9787-72DA137C4E47}.ReleaseDoublePrecision|Win32.ActiveCfg = Release|Win32
		{DB488001-8E98-4724-9787-72DA137C4E47}.ReleaseDoublePrecision|Win32.Build.0 = Release|Win32
		{F606E654-0F08-4B81-8388-5A903BBA07E9}.Debug|Win32.ActiveCfg = Debug|Win32
		{F606E654-0F08-4B81-8388-5A903BBA07E9}.Debug|Win32.Build.0 = Debug|Win32
		{F606E654-0F08-4B81-8388-5A903BBA07E9}.DebugDll|Win32.ActiveCfg = Debug|Win32
		{F606E654-0F08-4B81-8388-5A903BBA07E9}.DebugDll|Win32.Build.0 = Debug|Win32
		{F606E654-0F08-4B81-8388-5A903BBA07E9}.DebugDoublePrecision|Win32.ActiveCfg = Debug|Win32
		{F606E654-0F08-4B81-8388-5A903BBA07E9}.DebugDoublePrecision|Win32.Build.0 = Debug|Win32
		{F606E654-0F08-4B81-8388-5A903BBA07E9}.Release OpenMP|Win32.ActiveCfg = Release|Win32
		{F606E654-0F08-4B81-8388-5A903BBA07E9}.Release OpenMP|Win32.Build.0 = Release|Win32
		{F606E654-0F08-4B81-8388-5A903BBA07E9}.Release|Win32.ActiveCfg = Release|Win32
		{F606E654-0F08-4B81-8388-5A903BBA07E9}.Release|Win32.Build.0 = Release|Win32
		{F606E654-0F08-4B81-8388-5A903BBA07E9}.ReleaseDll|Win32.ActiveCfg = Release|Win32
		{F606E654-0F08-4B81-8388-5A903BBA07E9}.ReleaseDll|Win32.Build.0 = Release|Win32
		{F606E654-0F08-4B81-8388-5A903BBA07E9}.ReleaseDoublePrecision|Win32.ActiveCfg = Release|Win32
		{F606E654-0F08-4B81-8388-5A903BBA07E9}.ReleaseDoublePrecision|Win32.Build.0 = Release|Win32
		{C93E4376-D274-4D5C-9D4B-597594E5B343}.Debug|Win32.ActiveCfg = Debug|Win32
		{C93E4376-D274-4D5C-9D4B-597594E5B343}.Debug|Win32.Build.0 = Debug|Win32
		{C93E4376-D274-4D5C-9D4B-597594E5B343}.DebugDll|Win32.ActiveCfg = Debug|Win32
		{C93E4376-D274-4D5C-9D4B-597594E5B343}.DebugDll|Win32.Build.0 = Debug|Win32
		{C93E4376-D274-4D5C-9D4B-597594E5B343}.DebugDoublePrecision|Win32.ActiveCfg = Debug|Win32
		{C93E4376-D274-4D5C-9D4B-597594E5B343}.DebugDoublePrecision|Win32.Build.0 = Debug|Win32
		{C93E4376-D274-4D5C-9D4B-597594E5B343}.Release OpenMP|Win32.ActiveCfg = Release OpenMP|Win32
		{C93E4376-D274-4D5C-9D4B-597594E5B343}.Release OpenMP|Win32.Build.0 = Release OpenMP|Win32
		{C93E4376-D274-4D5C-9D4B-597594E5B343}.Release|Win32.ActiveCfg = Release|Win32
		{C93E4376-D274-4D5C-9D4B-597594E5B343}.Release|Win32.Build.0 = Release|Win32
		{C93E4376-D274-4D5C-9D4B-597594E5B343}.ReleaseDll|Win32.ActiveCfg = Release|Win32
		{C93E4376-D274-4D5C-9D4B-597594E5B343}.ReleaseDll|Win32.Build.0 = Release|Win32
		{C93E4376-D274-4D5C-9D4B-597594E5B343}.ReleaseDoublePrecision|Win32.ActiveCfg = Release|Win32
		{C93E4376-D274-4D5C-9D4B-597594E5B343}.ReleaseDoublePrecision|Win32.Build.0 = Release|Win32
	EndGlobalSection
	GlobalSection(SolutionProperties) = preSolution
		HideSolutionNode = FALSE
	EndGlobalSection
	GlobalSection(NestedProjects) = preSolution
		{AE98057C-AD68-4F66-A78D-FD0E7D62AC73} = {34B03AEB-4C36-4BC9-9D7F-9B6F5B305EBD}
		{7B21D090-9A12-4E86-8E65-9AAEA2B72AB4} = {34B03AEB-4C36-4BC9-9D7F-9B6F5B305EBD}
		{3E87E5FB-5C38-1139-85B7-CF179BA0D2AB} = {34B03AEB-4C36-4BC9-9D7F-9B6F5B305EBD}
		{015B0EBE-4BCE-4C7D-8F27-47A5C78C6B27} = {34B03AEB-4C36-4BC9-9D7F-9B6F5B305EBD}
		{AFFBE2FC-17A7-4892-A398-94A1BF45574B} = {34B03AEB-4C36-4BC9-9D7F-9B6F5B305EBD}
		{DB488001-8E98-4724-9787-72DA137C4E47} = {34B03AEB-4C36-4BC9-9D7F-9B6F5B305EBD}
		{F606E654-0F08-4B81-8388-5A903BBA07E9} = {34B03AEB-4C36-4BC9-9D7F-9B6F5B305EBD}
		{C93E4376-D274-4D5C-9D4B-597594E5B343} = {34B03AEB-4C36-4BC9-9D7F-9B6F5B305EBD}
		{A4AFB9D2-B38A-4601-B4CB-FF14557E9425} = {34A79A7B-6E40-422B-B83E-860EC839A8E1}
		{7D7F9530-C61A-4BF2-B1C8-DE9D369880B6} = {34A79A7B-6E40-422B-B83E-860EC839A8E1}
		{572DA8BF-33EA-4950-AA4C-D5A4C4C8E6BD} = {34A79A7B-6E40-422B-B83E-860EC839A8E1}
		{AE8EB9B3-D2C2-4372-AB4B-FC980EE69D2D} = {34A79A7B-6E40-422B-B83E-860EC839A8E1}
		{1D558D7D-DA57-4908-BCFC-902054FE6B63} = {34A79A7B-6E40-422B-B83E-860EC839A8E1}
		{E8DB005D-620C-4BBD-902C-1D0F273B5D51} = {8D9117A3-5683-4A36-9EB7-304FA087AD04}
		{7B215A75-C507-3FDC-BE7C-4FE7E6E73A12} = {8D9117A3-5683-4A36-9EB7-304FA087AD04}
		{B64F4856-B01D-42A8-B6A7-B41D125B3D7C} = {8D9117A3-5683-4A36-9EB7-304FA087AD04}
		{5CD38FEE-1A7C-4727-9B44-D983D5556419} = {8D9117A3-5683-4A36-9EB7-304FA087AD04}
		{B50FE54C-0061-466D-892F-7C5A85854EB4} = {8D9117A3-5683-4A36-9EB7-304FA087AD04}
		{28EC7401-6DF8-441E-BE98-FDFFCE373E43} = {8D9117A3-5683-4A36-9EB7-304FA087AD04}
		{71DA73F2-C09D-4F4A-8955-CB3CB830061F} = {8D9117A3-5683-4A36-9EB7-304FA087AD04}
		{5FDF2849-8AB0-4E61-AF32-1C9AF7479601} = {8D9117A3-5683-4A36-9EB7-304FA087AD04}
		{C0A9DD0A-FDA1-4749-86B7-D831CDD4478B} = {8D9117A3-5683-4A36-9EB7-304FA087AD04}
		{3BF9D44F-4A29-46EE-9A04-EE706E602620} = {1F6CFC77-39EB-4C66-9C17-16D5B900D396}
		{834E6910-D179-4A80-AB73-3A8502BD2E84} = {1F6CFC77-39EB-4C66-9C17-16D5B900D396}
		{AAE1B4EC-1495-436E-9C7B-A0A1B6C8F00A} = {1F6CFC77-39EB-4C66-9C17-16D5B900D396}
		{9CFDEE73-7AD4-45DD-9453-EEF5FE8F6C85} = {1F6CFC77-39EB-4C66-9C17-16D5B900D396}
		{B5FEA270-4B23-4249-9864-D974001157C9} = {1F6CFC77-39EB-4C66-9C17-16D5B900D396}
		{4651A405-6EE2-42DC-9745-6555F69C553C} = {1F6CFC77-39EB-4C66-9C17-16D5B900D396}
		{BEA5367D-0441-4677-934A-43A09ABBF8C6} = {1F6CFC77-39EB-4C66-9C17-16D5B900D396}
		{15CBFEFF-7965-41F5-B4E2-21E8795C9159} = {A4AFB9D2-B38A-4601-B4CB-FF14557E9425}
		{CEBDE98B-A6AA-46E6-BC79-FAAF823DB9EC} = {A4AFB9D2-B38A-4601-B4CB-FF14557E9425}
		{3A214E06-B95E-4D61-A291-1F8DF2EC10FD} = {A4AFB9D2-B38A-4601-B4CB-FF14557E9425}
	EndGlobalSection
EndGlobal
