
Microsoft Visual Studio Solution File, Format Version 10.00
# Visual Studio 2008
Project("{2150E333-8FDC-42A3-9474-1A3956D46DE8}") = "GameEngine", "GameEngine", "{34B03AEB-4C36-4BC9-9D7F-9B6F5B305EBD}"
EndProject
Project("{2150E333-8FDC-42A3-9474-1A3956D46DE8}") = "Horde3D", "Horde3D", "{34A79A7B-6E40-422B-B83E-860EC839A8E1}"
EndProject
Project("{2150E333-8FDC-42A3-9474-1A3956D46DE8}") = "Editor", "Editor", "{8D9117A3-5683-4A36-9EB7-304FA087AD04}"
EndProject
Project("{2150E333-8FDC-42A3-9474-1A3956D46DE8}") = "Dependencies", "Dependencies", "{1F6CFC77-39EB-4C66-9C17-16D5B900D396}"
EndProject
Project("{8BC9CEB8-8B4A-11D0-8D11-00A0C91BC942}") = "HordeSceneEditor", "src\HordeSceneEditor\HordeSceneEditor_2008.vcproj", "{E8DB005D-620C-4BBD-902C-1D0F273B5D51}"
	ProjectSection(ProjectDependencies) = postProject
		{28EC7401-6DF8-441E-BE98-FDFFCE373E43} = {28EC7401-6DF8-441E-BE98-FDFFCE373E43}
		{C0A9DD0A-FDA1-4749-86B7-D831CDD4478B} = {C0A9DD0A-FDA1-4749-86B7-D831CDD4478B}
		{5FDF2849-8AB0-4E61-AF32-1C9AF7479601} = {5FDF2849-8AB0-4E61-AF32-1C9AF7479601}
		{B50FE54C-0061-466D-892F-7C5A85854EB4} = {B50FE54C-0061-466D-892F-7C5A85854EB4}
		{B64F4856-B01D-42A8-B6A7-B41D125B3D7C} = {B64F4856-B01D-42A8-B6A7-B41D125B3D7C}
		{7B215A75-C507-3FDC-BE7C-4FE7E6E73A12} = {7B215A75-C507-3FDC-BE7C-4FE7E6E73A12}
		{AE98057C-AD68-4F66-A78D-FD0E7D62AC73} = {AE98057C-AD68-4F66-A78D-FD0E7D62AC73}
		{1D558D7D-DA57-4908-BCFC-902054FE6B63} = {1D558D7D-DA57-4908-BCFC-902054FE6B63}
		{AE8EB9B3-D2C2-4372-AB4B-FC980EE69D2D} = {AE8EB9B3-D2C2-4372-AB4B-FC980EE69D2D}
		{5CD38FEE-1A7C-4727-9B44-D983D5556419} = {5CD38FEE-1A7C-4727-9B44-D983D5556419}
		{71DA73F2-C09D-4F4A-8955-CB3CB830061F} = {71DA73F2-C09D-4F4A-8955-CB3CB830061F}
	EndProjectSection
EndProject
Project("{8BC9CEB8-8B4A-11D0-8D11-00A0C91BC942}") = "GameEnginePlugIn", "src\GameEnginePlugIn\GameEnginePlugIn_2008.vcproj", "{AE98057C-AD68-4F66-A78D-FD0E7D62AC73}"
	ProjectSection(ProjectDependencies) = postProject
		{DB488001-8E98-4724-9787-72DA137C4E47} = {DB488001-8E98-4724-9787-72DA137C4E47}
		{C0A9DD0A-FDA1-4749-86B7-D831CDD4478B} = {C0A9DD0A-FDA1-4749-86B7-D831CDD4478B}
		{5FDF2849-8AB0-4E61-AF32-1C9AF7479601} = {5FDF2849-8AB0-4E61-AF32-1C9AF7479601}
		{B50FE54C-0061-466D-892F-7C5A85854EB4} = {B50FE54C-0061-466D-892F-7C5A85854EB4}
		{3BF9D44F-4A29-46EE-9A04-EE706E602620} = {3BF9D44F-4A29-46EE-9A04-EE706E602620}
		{F606E654-0F08-4B81-8388-5A903BBA07E9} = {F606E654-0F08-4B81-8388-5A903BBA07E9}
		{C93E4376-D274-4D5C-9D4B-597594E5B343} = {C93E4376-D274-4D5C-9D4B-597594E5B343}
		{7B21D090-9A12-4E86-8E65-9AAEA2B72AB4} = {7B21D090-9A12-4E86-8E65-9AAEA2B72AB4}
		{015B0EBE-4BCE-4C7D-8F27-47A5C78C6B27} = {015B0EBE-4BCE-4C7D-8F27-47A5C78C6B27}
		{3E87E5FB-5C38-1139-85B7-CF179BA0D2AB} = {3E87E5FB-5C38-1139-85B7-CF179BA0D2AB}
		{AFFBE2FC-17A7-4892-A398-94A1BF45574B} = {AFFBE2FC-17A7-4892-A398-94A1BF45574B}
	EndProjectSection
EndProject
Project("{8BC9CEB8-8B4A-11D0-8D11-00A0C91BC942}") = "qtga", "src\tgaPlugIn\qtga_2008.vcproj", "{7B215A75-C507-3FDC-BE7C-4FE7E6E73A12}"
EndProject
Project("{8BC9CEB8-8B4A-11D0-8D11-00A0C91BC942}") = "qpsd", "src\psdPlugIn\qpsd_2008.vcproj", "{B64F4856-B01D-42A8-B6A7-B41D125B3D7C}"
EndProject
Project("{8BC9CEB8-8B4A-11D0-8D11-00A0C91BC942}") = "TerrainToolPlugIn", "src\TerrainToolPlugIn\TerrainToolPlugIn_2008.vcproj", "{5CD38FEE-1A7C-4727-9B44-D983D5556419}"
	ProjectSection(ProjectDependencies) = postProject
		{B50FE54C-0061-466D-892F-7C5A85854EB4} = {B50FE54C-0061-466D-892F-7C5A85854EB4}
	EndProjectSection
EndProject
Project("{8BC9CEB8-8B4A-11D0-8D11-00A0C91BC942}") = "HordeSceneEditorCore", "src\HordeSceneEditorCore\HordeSceneEditorCore_2008.vcproj", "{B50FE54C-0061-466D-892F-7C5A85854EB4}"
	ProjectSection(ProjectDependencies) = postProject
		{C0A9DD0A-FDA1-4749-86B7-D831CDD4478B} = {C0A9DD0A-FDA1-4749-86B7-D831CDD4478B}
		{5FDF2849-8AB0-4E61-AF32-1C9AF7479601} = {5FDF2849-8AB0-4E61-AF32-1C9AF7479601}
		{BEA5367D-0441-4677-934A-43A09ABBF8C6} = {BEA5367D-0441-4677-934A-43A09ABBF8C6}
		{AE8EB9B3-D2C2-4372-AB4B-FC980EE69D2D} = {AE8EB9B3-D2C2-4372-AB4B-FC980EE69D2D}
	EndProjectSection
EndProject
Project("{8BC9CEB8-8B4A-11D0-8D11-00A0C91BC942}") = "QTerrainNodeExtension", "src\QTerrainNodeExtension\QTerrainNodeExtension_2008.vcproj", "{28EC7401-6DF8-441E-BE98-FDFFCE373E43}"
	ProjectSection(ProjectDependencies) = postProject
		{B50FE54C-0061-466D-892F-7C5A85854EB4} = {B50FE54C-0061-466D-892F-7C5A85854EB4}
		{1D558D7D-DA57-4908-BCFC-902054FE6B63} = {1D558D7D-DA57-4908-BCFC-902054FE6B63}
		{AE8EB9B3-D2C2-4372-AB4B-FC980EE69D2D} = {AE8EB9B3-D2C2-4372-AB4B-FC980EE69D2D}
	EndProjectSection
EndProject
Project("{8BC9CEB8-8B4A-11D0-8D11-00A0C91BC942}") = "EditorLib", "src\EditorLib\EditorLib_2008.vcproj", "{71DA73F2-C09D-4F4A-8955-CB3CB830061F}"
EndProject
Project("{8BC9CEB8-8B4A-11D0-8D11-00A0C91BC942}") = "QXmlTree", "src\QXmlTree\QXmlTree_2008.vcproj", "{5FDF2849-8AB0-4E61-AF32-1C9AF7479601}"
EndProject
Project("{8BC9CEB8-8B4A-11D0-8D11-00A0C91BC942}") = "QPropertyEditor", "src\QPropertyEditor\QPropertyEditor_2008.vcproj", "{C0A9DD0A-FDA1-4749-86B7-D831CDD4478B}"
EndProject
Project("{8BC9CEB8-8B4A-11D0-8D11-00A0C91BC942}") = "GameEngineCore", "..\GameEngine\src\GameEngineCore\GameEngineCore_2008.vcproj", "{DB488001-8E98-4724-9787-72DA137C4E47}"
	ProjectSection(ProjectDependencies) = postProject
		{3BF9D44F-4A29-46EE-9A04-EE706E602620} = {3BF9D44F-4A29-46EE-9A04-EE706E602620}
		{43FABD59-E406-44BC-B9F6-ED8646134078} = {43FABD59-E406-44BC-B9F6-ED8646134078}
		{BEA5367D-0441-4677-934A-43A09ABBF8C6} = {BEA5367D-0441-4677-934A-43A09ABBF8C6}
		{1D558D7D-DA57-4908-BCFC-902054FE6B63} = {1D558D7D-DA57-4908-BCFC-902054FE6B63}
		{AE8EB9B3-D2C2-4372-AB4B-FC980EE69D2D} = {AE8EB9B3-D2C2-4372-AB4B-FC980EE69D2D}
	EndProjectSection
EndProject
Project("{8BC9CEB8-8B4A-11D0-8D11-00A0C91BC942}") = "GameSoundComponent", "..\GameEngine\src\GameSoundEngineComponent\GameSoundComponent_2008.vcproj", "{C93E4376-D274-4D5C-9D4B-597594E5B343}"
	ProjectSection(ProjectDependencies) = postProject
		{DB488001-8E98-4724-9787-72DA137C4E47} = {DB488001-8E98-4724-9787-72DA137C4E47}
		{3BF9D44F-4A29-46EE-9A04-EE706E602620} = {3BF9D44F-4A29-46EE-9A04-EE706E602620}
	EndProjectSection
EndProject
Project("{8BC9CEB8-8B4A-11D0-8D11-00A0C91BC942}") = "GameAnimationsComponent", "..\GameEngine\src\GameAnimationComponent\GameAnimationsComponent_2008.vcproj", "{3E87E5FB-5C38-1139-85B7-CF179BA0D2AB}"
	ProjectSection(ProjectDependencies) = postProject
		{DB488001-8E98-4724-9787-72DA137C4E47} = {DB488001-8E98-4724-9787-72DA137C4E47}
		{3BF9D44F-4A29-46EE-9A04-EE706E602620} = {3BF9D44F-4A29-46EE-9A04-EE706E602620}
		{BEA5367D-0441-4677-934A-43A09ABBF8C6} = {BEA5367D-0441-4677-934A-43A09ABBF8C6}
		{1D558D7D-DA57-4908-BCFC-902054FE6B63} = {1D558D7D-DA57-4908-BCFC-902054FE6B63}
		{AE8EB9B3-D2C2-4372-AB4B-FC980EE69D2D} = {AE8EB9B3-D2C2-4372-AB4B-FC980EE69D2D}
	EndProjectSection
EndProject
Project("{8BC9CEB8-8B4A-11D0-8D11-00A0C91BC942}") = "GameBulletPhysicsComponent", "..\GameEngine\src\GameBulletPhysicsComponent\GameBulletPhysicsComponent_2008.vcproj", "{015B0EBE-4BCE-4C7D-8F27-47A5C78C6B27}"
	ProjectSection(ProjectDependencies) = postProject
		{DB488001-8E98-4724-9787-72DA137C4E47} = {DB488001-8E98-4724-9787-72DA137C4E47}
		{4651A405-6EE2-42DC-9745-6555F69C553C} = {4651A405-6EE2-42DC-9745-6555F69C553C}
		{834E6910-D179-4A80-AB73-3A8502BD2E84} = {834E6910-D179-4A80-AB73-3A8502BD2E84}
		{3BF9D44F-4A29-46EE-9A04-EE706E602620} = {3BF9D44F-4A29-46EE-9A04-EE706E602620}
		{B5FEA270-4B23-4249-9864-D974001157C9} = {B5FEA270-4B23-4249-9864-D974001157C9}
		{9CFDEE73-7AD4-45DD-9453-EEF5FE8F6C85} = {9CFDEE73-7AD4-45DD-9453-EEF5FE8F6C85}
		{BEA5367D-0441-4677-934A-43A09ABBF8C6} = {BEA5367D-0441-4677-934A-43A09ABBF8C6}
		{AAE1B4EC-1495-436E-9C7B-A0A1B6C8F00A} = {AAE1B4EC-1495-436E-9C7B-A0A1B6C8F00A}
	EndProjectSection
EndProject
Project("{8BC9CEB8-8B4A-11D0-8D11-00A0C91BC942}") = "GameSceneGraphComponent", "..\GameEngine\src\GameSceneGraphComponent\GameSceneGraphComponent_2008.vcproj", "{7B21D090-9A12-4E86-8E65-9AAEA2B72AB4}"
	ProjectSection(ProjectDependencies) = postProject
		{DB488001-8E98-4724-9787-72DA137C4E47} = {DB488001-8E98-4724-9787-72DA137C4E47}
		{3BF9D44F-4A29-46EE-9A04-EE706E602620} = {3BF9D44F-4A29-46EE-9A04-EE706E602620}
		{1D558D7D-DA57-4908-BCFC-902054FE6B63} = {1D558D7D-DA57-4908-BCFC-902054FE6B63}
		{AE8EB9B3-D2C2-4372-AB4B-FC980EE69D2D} = {AE8EB9B3-D2C2-4372-AB4B-FC980EE69D2D}
	EndProjectSection
EndProject
Project("{8BC9CEB8-8B4A-11D0-8D11-00A0C91BC942}") = "Horde3D Engine", "..\..\Horde3D\Source\Horde3DEngine\Horde3D Engine_2008.vcproj", "{1D558D7D-DA57-4908-BCFC-902054FE6B63}"
	ProjectSection(ProjectDependencies) = postProject
		{7D7F9530-C61A-4BF2-B1C8-DE9D369880B6} = {7D7F9530-C61A-4BF2-B1C8-DE9D369880B6}
		{572DA8BF-33EA-4950-AA4C-D5A4C4C8E6BD} = {572DA8BF-33EA-4950-AA4C-D5A4C4C8E6BD}
	EndProjectSection
EndProject
Project("{8BC9CEB8-8B4A-11D0-8D11-00A0C91BC942}") = "Horde3D Utils", "..\..\Horde3D\Source\Horde3DUtils\Horde3D Utils_2008.vcproj", "{AE8EB9B3-D2C2-4372-AB4B-FC980EE69D2D}"
	ProjectSection(ProjectDependencies) = postProject
		{1D558D7D-DA57-4908-BCFC-902054FE6B63} = {1D558D7D-DA57-4908-BCFC-902054FE6B63}
	EndProjectSection
EndProject
Project("{8BC9CEB8-8B4A-11D0-8D11-00A0C91BC942}") = "Extension_Terrain", "..\..\Extensions\Terrain\Source\Extension Terrain_2008.vcproj", "{7D7F9530-C61A-4BF2-B1C8-DE9D369880B6}"
EndProject
Project("{8BC9CEB8-8B4A-11D0-8D11-00A0C91BC942}") = "Lua", "..\Dependencies\Lua\Lua_2008.vcproj", "{BEA5367D-0441-4677-934A-43A09ABBF8C6}"
EndProject
Project("{8BC9CEB8-8B4A-11D0-8D11-00A0C91BC942}") = "XmlParser", "..\Dependencies\XMLParser\XmlParserLib_2008.vcproj", "{3BF9D44F-4A29-46EE-9A04-EE706E602620}"
EndProject
Project("{8BC9CEB8-8B4A-11D0-8D11-00A0C91BC942}") = "GameCollisionComponent", "..\GameEngine\src\GameCollisionComponent\GameCollisionComponent_2008.vcproj", "{AFFBE2FC-17A7-4892-A398-94A1BF45574B}"
	ProjectSection(ProjectDependencies) = postProject
		{DB488001-8E98-4724-9787-72DA137C4E47} = {DB488001-8E98-4724-9787-72DA137C4E47}
	EndProjectSection
EndProject
Project("{8BC9CEB8-8B4A-11D0-8D11-00A0C91BC942}") = "GameSapiComponent", "..\GameEngine\src\GameSapiComponent\GameSapiComponent_2008.vcproj", "{F606E654-0F08-4B81-8388-5A903BBA07E9}"
	ProjectSection(ProjectDependencies) = postProject
		{DB488001-8E98-4724-9787-72DA137C4E47} = {DB488001-8E98-4724-9787-72DA137C4E47}
		{3BF9D44F-4A29-46EE-9A04-EE706E602620} = {3BF9D44F-4A29-46EE-9A04-EE706E602620}
		{BEA5367D-0441-4677-934A-43A09ABBF8C6} = {BEA5367D-0441-4677-934A-43A09ABBF8C6}
	EndProjectSection
EndProject
Project("{8BC9CEB8-8B4A-11D0-8D11-00A0C91BC942}") = "libbulletcollision", "..\Dependencies\Bullet\bullet-2.74\msvc\8\libbulletcollision_2008.vcproj", "{834E6910-D179-4A80-AB73-3A8502BD2E84}"
EndProject
Project("{8BC9CEB8-8B4A-11D0-8D11-00A0C91BC942}") = "libbulletdynamics", "..\Dependencies\Bullet\bullet-2.74\msvc\8\libbulletdynamics_2008.vcproj", "{AAE1B4EC-1495-436E-9C7B-A0A1B6C8F00A}"
EndProject
Project("{8BC9CEB8-8B4A-11D0-8D11-00A0C91BC942}") = "libbulletmath", "..\Dependencies\Bullet\bullet-2.74\msvc\8\libbulletmath_2008.vcproj", "{9CFDEE73-7AD4-45DD-9453-EEF5FE8F6C85}"
EndProject
Project("{8BC9CEB8-8B4A-11D0-8D11-00A0C91BC942}") = "libconvexdecomposition", "..\Dependencies\Bullet\bullet-2.74\msvc\8\libconvexdecomposition_2008.vcproj", "{B5FEA270-4B23-4249-9864-D974001157C9}"
EndProject
Project("{8BC9CEB8-8B4A-11D0-8D11-00A0C91BC942}") = "libGIMPACTUtils", "..\Dependencies\Bullet\bullet-2.74\msvc\8\libGIMPACTUtils_2008.vcproj", "{4651A405-6EE2-42DC-9745-6555F69C553C}"
EndProject
Project("{2150E333-8FDC-42A3-9474-1A3956D46DE8}") = "Sound Dependencies", "Sound Dependencies", "{A4AFB9D2-B38A-4601-B4CB-FF14557E9425}"
EndProject
Project("{8BC9CEB8-8B4A-11D0-8D11-00A0C91BC942}") = "ogg", "..\..\Extensions\Sound\Dependencies\Source\ogg\ogg_2008.vcproj", "{15CBFEFF-7965-41F5-B4E2-21E8795C9159}"
EndProject
Project("{8BC9CEB8-8B4A-11D0-8D11-00A0C91BC942}") = "vorbisfile", "..\..\Extensions\Sound\Dependencies\Source\vorbisfile\vorbisfile_2008.vcproj", "{CEBDE98B-A6AA-46E6-BC79-FAAF823DB9EC}"
	ProjectSection(ProjectDependencies) = postProject
		{3A214E06-B95E-4D61-A291-1F8DF2EC10FD} = {3A214E06-B95E-4D61-A291-1F8DF2EC10FD}
	EndProjectSection
EndProject
Project("{8BC9CEB8-8B4A-11D0-8D11-00A0C91BC942}") = "vorbis", "..\..\Extensions\Sound\Dependencies\Source\vorbis\vorbis_2008.vcproj", "{3A214E06-B95E-4D61-A291-1F8DF2EC10FD}"
	ProjectSection(ProjectDependencies) = postProject
		{15CBFEFF-7965-41F5-B4E2-21E8795C9159} = {15CBFEFF-7965-41F5-B4E2-21E8795C9159}
	EndProjectSection
EndProject
Project("{8BC9CEB8-8B4A-11D0-8D11-00A0C91BC942}") = "Extension_Sound", "..\..\Extensions\Sound\Source\Extension_Sound_2008.vcproj", "{572DA8BF-33EA-4950-AA4C-D5A4C4C8E6BD}"
	ProjectSection(ProjectDependencies) = postProject
		{CEBDE98B-A6AA-46E6-BC79-FAAF823DB9EC} = {CEBDE98B-A6AA-46E6-BC79-FAAF823DB9EC}
	EndProjectSection
EndProject
Project("{8BC9CEB8-8B4A-11D0-8D11-00A0C91BC942}") = "zlib", "..\Dependencies\zlib\zlib_2008.vcproj", "{43FABD59-E406-44BC-B9F6-ED8646134078}"
EndProject
Global
	GlobalSection(SolutionConfigurationPlatforms) = preSolution
		Debug|Win32 = Debug|Win32
		Release OpenMP|Win32 = Release OpenMP|Win32
		Release|Win32 = Release|Win32
	EndGlobalSection
	GlobalSection(ProjectConfigurationPlatforms) = postSolution
		{E8DB005D-620C-4BBD-902C-1D0F273B5D51}.Debug|Win32.ActiveCfg = Debug|Win32
		{E8DB005D-620C-4BBD-902C-1D0F273B5D51}.Debug|Win32.Build.0 = Debug|Win32
		{E8DB005D-620C-4BBD-902C-1D0F273B5D51}.Release OpenMP|Win32.ActiveCfg = Release|Win32
		{E8DB005D-620C-4BBD-902C-1D0F273B5D51}.Release OpenMP|Win32.Build.0 = Release|Win32
		{E8DB005D-620C-4BBD-902C-1D0F273B5D51}.Release|Win32.ActiveCfg = Release|Win32
		{E8DB005D-620C-4BBD-902C-1D0F273B5D51}.Release|Win32.Build.0 = Release|Win32
		{AE98057C-AD68-4F66-A78D-FD0E7D62AC73}.Debug|Win32.ActiveCfg = Debug|Win32
		{AE98057C-AD68-4F66-A78D-FD0E7D62AC73}.Debug|Win32.Build.0 = Debug|Win32
		{AE98057C-AD68-4F66-A78D-FD0E7D62AC73}.Release OpenMP|Win32.ActiveCfg = Release|Win32
		{AE98057C-AD68-4F66-A78D-FD0E7D62AC73}.Release OpenMP|Win32.Build.0 = Release|Win32
		{AE98057C-AD68-4F66-A78D-FD0E7D62AC73}.Release|Win32.ActiveCfg = Release|Win32
		{AE98057C-AD68-4F66-A78D-FD0E7D62AC73}.Release|Win32.Build.0 = Release|Win32
		{7B215A75-C507-3FDC-BE7C-4FE7E6E73A12}.Debug|Win32.ActiveCfg = Debug|Win32
		{7B215A75-C507-3FDC-BE7C-4FE7E6E73A12}.Debug|Win32.Build.0 = Debug|Win32
		{7B215A75-C507-3FDC-BE7C-4FE7E6E73A12}.Release OpenMP|Win32.ActiveCfg = Release|Win32
		{7B215A75-C507-3FDC-BE7C-4FE7E6E73A12}.Release OpenMP|Win32.Build.0 = Release|Win32
		{7B215A75-C507-3FDC-BE7C-4FE7E6E73A12}.Release|Win32.ActiveCfg = Release|Win32
		{7B215A75-C507-3FDC-BE7C-4FE7E6E73A12}.Release|Win32.Build.0 = Release|Win32
		{B64F4856-B01D-42A8-B6A7-B41D125B3D7C}.Debug|Win32.ActiveCfg = Debug|Win32
		{B64F4856-B01D-42A8-B6A7-B41D125B3D7C}.Debug|Win32.Build.0 = Debug|Win32
		{B64F4856-B01D-42A8-B6A7-B41D125B3D7C}.Release OpenMP|Win32.ActiveCfg = Release|Win32
		{B64F4856-B01D-42A8-B6A7-B41D125B3D7C}.Release OpenMP|Win32.Build.0 = Release|Win32
		{B64F4856-B01D-42A8-B6A7-B41D125B3D7C}.Release|Win32.ActiveCfg = Release|Win32
		{B64F4856-B01D-42A8-B6A7-B41D125B3D7C}.Release|Win32.Build.0 = Release|Win32
		{5CD38FEE-1A7C-4727-9B44-D983D5556419}.Debug|Win32.ActiveCfg = Debug|Win32
		{5CD38FEE-1A7C-4727-9B44-D983D5556419}.Debug|Win32.Build.0 = Debug|Win32
		{5CD38FEE-1A7C-4727-9B44-D983D5556419}.Release OpenMP|Win32.ActiveCfg = Release|Win32
		{5CD38FEE-1A7C-4727-9B44-D983D5556419}.Release OpenMP|Win32.Build.0 = Release|Win32
		{5CD38FEE-1A7C-4727-9B44-D983D5556419}.Release|Win32.ActiveCfg = Release|Win32
		{5CD38FEE-1A7C-4727-9B44-D983D5556419}.Release|Win32.Build.0 = Release|Win32
		{B50FE54C-0061-466D-892F-7C5A85854EB4}.Debug|Win32.ActiveCfg = Debug|Win32
		{B50FE54C-0061-466D-892F-7C5A85854EB4}.Debug|Win32.Build.0 = Debug|Win32
		{B50FE54C-0061-466D-892F-7C5A85854EB4}.Release OpenMP|Win32.ActiveCfg = Release|Win32
		{B50FE54C-0061-466D-892F-7C5A85854EB4}.Release OpenMP|Win32.Build.0 = Release|Win32
		{B50FE54C-0061-466D-892F-7C5A85854EB4}.Release|Win32.ActiveCfg = Release|Win32
		{B50FE54C-0061-466D-892F-7C5A85854EB4}.Release|Win32.Build.0 = Release|Win32
		{28EC7401-6DF8-441E-BE98-FDFFCE373E43}.Debug|Win32.ActiveCfg = Debug|Win32
		{28EC7401-6DF8-441E-BE98-FDFFCE373E43}.Debug|Win32.Build.0 = Debug|Win32
		{28EC7401-6DF8-441E-BE98-FDFFCE373E43}.Release OpenMP|Win32.ActiveCfg = Release|Win32
		{28EC7401-6DF8-441E-BE98-FDFFCE373E43}.Release OpenMP|Win32.Build.0 = Release|Win32
		{28EC7401-6DF8-441E-BE98-FDFFCE373E43}.Release|Win32.ActiveCfg = Release|Win32
		{28EC7401-6DF8-441E-BE98-FDFFCE373E43}.Release|Win32.Build.0 = Release|Win32
		{71DA73F2-C09D-4F4A-8955-CB3CB830061F}.Debug|Win32.ActiveCfg = Debug|Win32
		{71DA73F2-C09D-4F4A-8955-CB3CB830061F}.Debug|Win32.Build.0 = Debug|Win32
		{71DA73F2-C09D-4F4A-8955-CB3CB830061F}.Release OpenMP|Win32.ActiveCfg = Release|Win32
		{71DA73F2-C09D-4F4A-8955-CB3CB830061F}.Release OpenMP|Win32.Build.0 = Release|Win32
		{71DA73F2-C09D-4F4A-8955-CB3CB830061F}.Release|Win32.ActiveCfg = Release|Win32
		{71DA73F2-C09D-4F4A-8955-CB3CB830061F}.Release|Win32.Build.0 = Release|Win32
		{5FDF2849-8AB0-4E61-AF32-1C9AF7479601}.Debug|Win32.ActiveCfg = Debug|Win32
		{5FDF2849-8AB0-4E61-AF32-1C9AF7479601}.Debug|Win32.Build.0 = Debug|Win32
		{5FDF2849-8AB0-4E61-AF32-1C9AF7479601}.Release OpenMP|Win32.ActiveCfg = Release|Win32
		{5FDF2849-8AB0-4E61-AF32-1C9AF7479601}.Release OpenMP|Win32.Build.0 = Release|Win32
		{5FDF2849-8AB0-4E61-AF32-1C9AF7479601}.Release|Win32.ActiveCfg = Release|Win32
		{5FDF2849-8AB0-4E61-AF32-1C9AF7479601}.Release|Win32.Build.0 = Release|Win32
		{C0A9DD0A-FDA1-4749-86B7-D831CDD4478B}.Debug|Win32.ActiveCfg = Debug|Win32
		{C0A9DD0A-FDA1-4749-86B7-D831CDD4478B}.Debug|Win32.Build.0 = Debug|Win32
		{C0A9DD0A-FDA1-4749-86B7-D831CDD4478B}.Release OpenMP|Win32.ActiveCfg = Release|Win32
		{C0A9DD0A-FDA1-4749-86B7-D831CDD4478B}.Release OpenMP|Win32.Build.0 = Release|Win32
		{C0A9DD0A-FDA1-4749-86B7-D831CDD4478B}.Release|Win32.ActiveCfg = Release|Win32
		{C0A9DD0A-FDA1-4749-86B7-D831CDD4478B}.Release|Win32.Build.0 = Release|Win32
		{DB488001-8E98-4724-9787-72DA137C4E47}.Debug|Win32.ActiveCfg = Debug|Win32
		{DB488001-8E98-4724-9787-72DA137C4E47}.Debug|Win32.Build.0 = Debug|Win32
		{DB488001-8E98-4724-9787-72DA137C4E47}.Release OpenMP|Win32.ActiveCfg = Release OpenMP|Win32
		{DB488001-8E98-4724-9787-72DA137C4E47}.Release OpenMP|Win32.Build.0 = Release OpenMP|Win32
		{DB488001-8E98-4724-9787-72DA137C4E47}.Release|Win32.ActiveCfg = Release|Win32
		{DB488001-8E98-4724-9787-72DA137C4E47}.Release|Win32.Build.0 = Release|Win32
		{C93E4376-D274-4D5C-9D4B-597594E5B343}.Debug|Win32.ActiveCfg = Debug|Win32
		{C93E4376-D274-4D5C-9D4B-597594E5B343}.Debug|Win32.Build.0 = Debug|Win32
		{C93E4376-D274-4D5C-9D4B-597594E5B343}.Release OpenMP|Win32.ActiveCfg = Release|Win32
		{C93E4376-D274-4D5C-9D4B-597594E5B343}.Release OpenMP|Win32.Build.0 = Release|Win32
		{C93E4376-D274-4D5C-9D4B-597594E5B343}.Release|Win32.ActiveCfg = Release|Win32
		{C93E4376-D274-4D5C-9D4B-597594E5B343}.Release|Win32.Build.0 = Release|Win32
		{3E87E5FB-5C38-1139-85B7-CF179BA0D2AB}.Debug|Win32.ActiveCfg = Debug|Win32
		{3E87E5FB-5C38-1139-85B7-CF179BA0D2AB}.Debug|Win32.Build.0 = Debug|Win32
		{3E87E5FB-5C38-1139-85B7-CF179BA0D2AB}.Release OpenMP|Win32.ActiveCfg = Release|Win32
		{3E87E5FB-5C38-1139-85B7-CF179BA0D2AB}.Release OpenMP|Win32.Build.0 = Release|Win32
		{3E87E5FB-5C38-1139-85B7-CF179BA0D2AB}.Release|Win32.ActiveCfg = Release|Win32
		{3E87E5FB-5C38-1139-85B7-CF179BA0D2AB}.Release|Win32.Build.0 = Release|Win32
		{015B0EBE-4BCE-4C7D-8F27-47A5C78C6B27}.Debug|Win32.ActiveCfg = Debug|Win32
		{015B0EBE-4BCE-4C7D-8F27-47A5C78C6B27}.Debug|Win32.Build.0 = Debug|Win32
		{015B0EBE-4BCE-4C7D-8F27-47A5C78C6B27}.Release OpenMP|Win32.ActiveCfg = Release|Win32
		{015B0EBE-4BCE-4C7D-8F27-47A5C78C6B27}.Release OpenMP|Win32.Build.0 = Release|Win32
		{015B0EBE-4BCE-4C7D-8F27-47A5C78C6B27}.Release|Win32.ActiveCfg = Release|Win32
		{015B0EBE-4BCE-4C7D-8F27-47A5C78C6B27}.Release|Win32.Build.0 = Release|Win32
		{7B21D090-9A12-4E86-8E65-9AAEA2B72AB4}.Debug|Win32.ActiveCfg = Debug|Win32
		{7B21D090-9A12-4E86-8E65-9AAEA2B72AB4}.Debug|Win32.Build.0 = Debug|Win32
		{7B21D090-9A12-4E86-8E65-9AAEA2B72AB4}.Release OpenMP|Win32.ActiveCfg = Release|Win32
		{7B21D090-9A12-4E86-8E65-9AAEA2B72AB4}.Release OpenMP|Win32.Build.0 = Release|Win32
		{7B21D090-9A12-4E86-8E65-9AAEA2B72AB4}.Release|Win32.ActiveCfg = Release|Win32
		{7B21D090-9A12-4E86-8E65-9AAEA2B72AB4}.Release|Win32.Build.0 = Release|Win32
		{1D558D7D-DA57-4908-BCFC-902054FE6B63}.Debug|Win32.ActiveCfg = Debug|Win32
		{1D558D7D-DA57-4908-BCFC-902054FE6B63}.Debug|Win32.Build.0 = Debug|Win32
		{1D558D7D-DA57-4908-BCFC-902054FE6B63}.Release OpenMP|Win32.ActiveCfg = Release|Win32
		{1D558D7D-DA57-4908-BCFC-902054FE6B63}.Release OpenMP|Win32.Build.0 = Release|Win32
		{1D558D7D-DA57-4908-BCFC-902054FE6B63}.Release|Win32.ActiveCfg = Release|Win32
		{1D558D7D-DA57-4908-BCFC-902054FE6B63}.Release|Win32.Build.0 = Release|Win32
		{AE8EB9B3-D2C2-4372-AB4B-FC980EE69D2D}.Debug|Win32.ActiveCfg = Debug|Win32
		{AE8EB9B3-D2C2-4372-AB4B-FC980EE69D2D}.Debug|Win32.Build.0 = Debug|Win32
		{AE8EB9B3-D2C2-4372-AB4B-FC980EE69D2D}.Release OpenMP|Win32.ActiveCfg = Release|Win32
		{AE8EB9B3-D2C2-4372-AB4B-FC980EE69D2D}.Release OpenMP|Win32.Build.0 = Release|Win32
		{AE8EB9B3-D2C2-4372-AB4B-FC980EE69D2D}.Release|Win32.ActiveCfg = Release|Win32
		{AE8EB9B3-D2C2-4372-AB4B-FC980EE69D2D}.Release|Win32.Build.0 = Release|Win32
		{7D7F9530-C61A-4BF2-B1C8-DE9D369880B6}.Debug|Win32.ActiveCfg = Debug|Win32
		{7D7F9530-C61A-4BF2-B1C8-DE9D369880B6}.Debug|Win32.Build.0 = Debug|Win32
		{7D7F9530-C61A-4BF2-B1C8-DE9D369880B6}.Release OpenMP|Win32.ActiveCfg = Release|Win32
		{7D7F9530-C61A-4BF2-B1C8-DE9D369880B6}.Release OpenMP|Win32.Build.0 = Release|Win32
		{7D7F9530-C61A-4BF2-B1C8-DE9D369880B6}.Release|Win32.ActiveCfg = Release|Win32
		{7D7F9530-C61A-4BF2-B1C8-DE9D369880B6}.Release|Win32.Build.0 = Release|Win32
		{BEA5367D-0441-4677-934A-43A09ABBF8C6}.Debug|Win32.ActiveCfg = Debug|Win32
		{BEA5367D-0441-4677-934A-43A09ABBF8C6}.Debug|Win32.Build.0 = Debug|Win32
		{BEA5367D-0441-4677-934A-43A09ABBF8C6}.Release OpenMP|Win32.ActiveCfg = Release|Win32
		{BEA5367D-0441-4677-934A-43A09ABBF8C6}.Release OpenMP|Win32.Build.0 = Release|Win32
		{BEA5367D-0441-4677-934A-43A09ABBF8C6}.Release|Win32.ActiveCfg = Release|Win32
		{BEA5367D-0441-4677-934A-43A09ABBF8C6}.Release|Win32.Build.0 = Release|Win32
		{3BF9D44F-4A29-46EE-9A04-EE706E602620}.Debug|Win32.ActiveCfg = Debug|Win32
		{3BF9D44F-4A29-46EE-9A04-EE706E602620}.Debug|Win32.Build.0 = Debug|Win32
		{3BF9D44F-4A29-46EE-9A04-EE706E602620}.Release OpenMP|Win32.ActiveCfg = Release|Win32
		{3BF9D44F-4A29-46EE-9A04-EE706E602620}.Release OpenMP|Win32.Build.0 = Release|Win32
		{3BF9D44F-4A29-46EE-9A04-EE706E602620}.Release|Win32.ActiveCfg = Release|Win32
		{3BF9D44F-4A29-46EE-9A04-EE706E602620}.Release|Win32.Build.0 = Release|Win32
		{AFFBE2FC-17A7-4892-A398-94A1BF45574B}.Debug|Win32.ActiveCfg = Debug|Win32
		{AFFBE2FC-17A7-4892-A398-94A1BF45574B}.Debug|Win32.Build.0 = Debug|Win32
		{AFFBE2FC-17A7-4892-A398-94A1BF45574B}.Release OpenMP|Win32.ActiveCfg = Release|Win32
		{AFFBE2FC-17A7-4892-A398-94A1BF45574B}.Release OpenMP|Win32.Build.0 = Release|Win32
		{AFFBE2FC-17A7-4892-A398-94A1BF45574B}.Release|Win32.ActiveCfg = Release|Win32
		{AFFBE2FC-17A7-4892-A398-94A1BF45574B}.Release|Win32.Build.0 = Release|Win32
		{F606E654-0F08-4B81-8388-5A903BBA07E9}.Debug|Win32.ActiveCfg = Debug|Win32
		{F606E654-0F08-4B81-8388-5A903BBA07E9}.Debug|Win32.Build.0 = Debug|Win32
		{F606E654-0F08-4B81-8388-5A903BBA07E9}.Release OpenMP|Win32.ActiveCfg = Release|Win32
		{F606E654-0F08-4B81-8388-5A903BBA07E9}.Release OpenMP|Win32.Build.0 = Release|Win32
		{F606E654-0F08-4B81-8388-5A903BBA07E9}.Release|Win32.ActiveCfg = Release|Win32
		{F606E654-0F08-4B81-8388-5A903BBA07E9}.Release|Win32.Build.0 = Release|Win32
		{834E6910-D179-4A80-AB73-3A8502BD2E84}.Debug|Win32.ActiveCfg = Debug|Win32
		{834E6910-D179-4A80-AB73-3A8502BD2E84}.Debug|Win32.Build.0 = Debug|Win32
		{834E6910-D179-4A80-AB73-3A8502BD2E84}.Release OpenMP|Win32.ActiveCfg = Release|Win32
		{834E6910-D179-4A80-AB73-3A8502BD2E84}.Release OpenMP|Win32.Build.0 = Release|Win32
		{834E6910-D179-4A80-AB73-3A8502BD2E84}.Release|Win32.ActiveCfg = Release|Win32
		{834E6910-D179-4A80-AB73-3A8502BD2E84}.Release|Win32.Build.0 = Release|Win32
		{AAE1B4EC-1495-436E-9C7B-A0A1B6C8F00A}.Debug|Win32.ActiveCfg = Debug|Win32
		{AAE1B4EC-1495-436E-9C7B-A0A1B6C8F00A}.Debug|Win32.Build.0 = Debug|Win32
		{AAE1B4EC-1495-436E-9C7B-A0A1B6C8F00A}.Release OpenMP|Win32.ActiveCfg = Release|Win32
		{AAE1B4EC-1495-436E-9C7B-A0A1B6C8F00A}.Release OpenMP|Win32.Build.0 = Release|Win32
		{AAE1B4EC-1495-436E-9C7B-A0A1B6C8F00A}.Release|Win32.ActiveCfg = Release|Win32
		{AAE1B4EC-1495-436E-9C7B-A0A1B6C8F00A}.Release|Win32.Build.0 = Release|Win32
		{9CFDEE73-7AD4-45DD-9453-EEF5FE8F6C85}.Debug|Win32.ActiveCfg = Debug|Win32
		{9CFDEE73-7AD4-45DD-9453-EEF5FE8F6C85}.Debug|Win32.Build.0 = Debug|Win32
		{9CFDEE73-7AD4-45DD-9453-EEF5FE8F6C85}.Release OpenMP|Win32.ActiveCfg = Release|Win32
		{9CFDEE73-7AD4-45DD-9453-EEF5FE8F6C85}.Release OpenMP|Win32.Build.0 = Release|Win32
		{9CFDEE73-7AD4-45DD-9453-EEF5FE8F6C85}.Release|Win32.ActiveCfg = Release|Win32
		{9CFDEE73-7AD4-45DD-9453-EEF5FE8F6C85}.Release|Win32.Build.0 = Release|Win32
		{B5FEA270-4B23-4249-9864-D974001157C9}.Debug|Win32.ActiveCfg = Debug|Win32
		{B5FEA270-4B23-4249-9864-D974001157C9}.Debug|Win32.Build.0 = Debug|Win32
		{B5FEA270-4B23-4249-9864-D974001157C9}.Release OpenMP|Win32.ActiveCfg = Release|Win32
		{B5FEA270-4B23-4249-9864-D974001157C9}.Release OpenMP|Win32.Build.0 = Release|Win32
		{B5FEA270-4B23-4249-9864-D974001157C9}.Release|Win32.ActiveCfg = Release|Win32
		{B5FEA270-4B23-4249-9864-D974001157C9}.Release|Win32.Build.0 = Release|Win32
		{4651A405-6EE2-42DC-9745-6555F69C553C}.Debug|Win32.ActiveCfg = Debug|Win32
		{4651A405-6EE2-42DC-9745-6555F69C553C}.Debug|Win32.Build.0 = Debug|Win32
		{4651A405-6EE2-42DC-9745-6555F69C553C}.Release OpenMP|Win32.ActiveCfg = Release|Win32
		{4651A405-6EE2-42DC-9745-6555F69C553C}.Release OpenMP|Win32.Build.0 = Release|Win32
		{4651A405-6EE2-42DC-9745-6555F69C553C}.Release|Win32.ActiveCfg = Release|Win32
		{4651A405-6EE2-42DC-9745-6555F69C553C}.Release|Win32.Build.0 = Release|Win32
		{15CBFEFF-7965-41F5-B4E2-21E8795C9159}.Debug|Win32.ActiveCfg = Debug|Win32
		{15CBFEFF-7965-41F5-B4E2-21E8795C9159}.Debug|Win32.Build.0 = Debug|Win32
		{15CBFEFF-7965-41F5-B4E2-21E8795C9159}.Release OpenMP|Win32.ActiveCfg = Release|Win32
		{15CBFEFF-7965-41F5-B4E2-21E8795C9159}.Release OpenMP|Win32.Build.0 = Release|Win32
		{15CBFEFF-7965-41F5-B4E2-21E8795C9159}.Release|Win32.ActiveCfg = Release|Win32
		{15CBFEFF-7965-41F5-B4E2-21E8795C9159}.Release|Win32.Build.0 = Release|Win32
		{CEBDE98B-A6AA-46E6-BC79-FAAF823DB9EC}.Debug|Win32.ActiveCfg = Debug|Win32
		{CEBDE98B-A6AA-46E6-BC79-FAAF823DB9EC}.Debug|Win32.Build.0 = Debug|Win32
		{CEBDE98B-A6AA-46E6-BC79-FAAF823DB9EC}.Release OpenMP|Win32.ActiveCfg = Release|Win32
		{CEBDE98B-A6AA-46E6-BC79-FAAF823DB9EC}.Release OpenMP|Win32.Build.0 = Release|Win32
		{CEBDE98B-A6AA-46E6-BC79-FAAF823DB9EC}.Release|Win32.ActiveCfg = Release|Win32
		{CEBDE98B-A6AA-46E6-BC79-FAAF823DB9EC}.Release|Win32.Build.0 = Release|Win32
		{3A214E06-B95E-4D61-A291-1F8DF2EC10FD}.Debug|Win32.ActiveCfg = Debug|Win32
		{3A214E06-B95E-4D61-A291-1F8DF2EC10FD}.Debug|Win32.Build.0 = Debug|Win32
		{3A214E06-B95E-4D61-A291-1F8DF2EC10FD}.Release OpenMP|Win32.ActiveCfg = Release|Win32
		{3A214E06-B95E-4D61-A291-1F8DF2EC10FD}.Release OpenMP|Win32.Build.0 = Release|Win32
		{3A214E06-B95E-4D61-A291-1F8DF2EC10FD}.Release|Win32.ActiveCfg = Release|Win32
		{3A214E06-B95E-4D61-A291-1F8DF2EC10FD}.Release|Win32.Build.0 = Release|Win32
		{572DA8BF-33EA-4950-AA4C-D5A4C4C8E6BD}.Debug|Win32.ActiveCfg = Debug|Win32
		{572DA8BF-33EA-4950-AA4C-D5A4C4C8E6BD}.Debug|Win32.Build.0 = Debug|Win32
		{572DA8BF-33EA-4950-AA4C-D5A4C4C8E6BD}.Release OpenMP|Win32.ActiveCfg = Release|Win32
		{572DA8BF-33EA-4950-AA4C-D5A4C4C8E6BD}.Release OpenMP|Win32.Build.0 = Release|Win32
		{572DA8BF-33EA-4950-AA4C-D5A4C4C8E6BD}.Release|Win32.ActiveCfg = Release|Win32
		{572DA8BF-33EA-4950-AA4C-D5A4C4C8E6BD}.Release|Win32.Build.0 = Release|Win32
		{43FABD59-E406-44BC-B9F6-ED8646134078}.Debug|Win32.ActiveCfg = Debug|Win32
		{43FABD59-E406-44BC-B9F6-ED8646134078}.Debug|Win32.Build.0 = Debug|Win32
		{43FABD59-E406-44BC-B9F6-ED8646134078}.Release OpenMP|Win32.ActiveCfg = Release|Win32
		{43FABD59-E406-44BC-B9F6-ED8646134078}.Release OpenMP|Win32.Build.0 = Release|Win32
		{43FABD59-E406-44BC-B9F6-ED8646134078}.Release|Win32.ActiveCfg = Release|Win32
		{43FABD59-E406-44BC-B9F6-ED8646134078}.Release|Win32.Build.0 = Release|Win32
	EndGlobalSection
	GlobalSection(SolutionProperties) = preSolution
		HideSolutionNode = FALSE
	EndGlobalSection
	GlobalSection(NestedProjects) = preSolution
		{AE98057C-AD68-4F66-A78D-FD0E7D62AC73} = {34B03AEB-4C36-4BC9-9D7F-9B6F5B305EBD}
		{DB488001-8E98-4724-9787-72DA137C4E47} = {34B03AEB-4C36-4BC9-9D7F-9B6F5B305EBD}
		{C93E4376-D274-4D5C-9D4B-597594E5B343} = {34B03AEB-4C36-4BC9-9D7F-9B6F5B305EBD}
		{3E87E5FB-5C38-1139-85B7-CF179BA0D2AB} = {34B03AEB-4C36-4BC9-9D7F-9B6F5B305EBD}
		{015B0EBE-4BCE-4C7D-8F27-47A5C78C6B27} = {34B03AEB-4C36-4BC9-9D7F-9B6F5B305EBD}
		{7B21D090-9A12-4E86-8E65-9AAEA2B72AB4} = {34B03AEB-4C36-4BC9-9D7F-9B6F5B305EBD}
		{AFFBE2FC-17A7-4892-A398-94A1BF45574B} = {34B03AEB-4C36-4BC9-9D7F-9B6F5B305EBD}
		{F606E654-0F08-4B81-8388-5A903BBA07E9} = {34B03AEB-4C36-4BC9-9D7F-9B6F5B305EBD}
		{1D558D7D-DA57-4908-BCFC-902054FE6B63} = {34A79A7B-6E40-422B-B83E-860EC839A8E1}
		{AE8EB9B3-D2C2-4372-AB4B-FC980EE69D2D} = {34A79A7B-6E40-422B-B83E-860EC839A8E1}
		{7D7F9530-C61A-4BF2-B1C8-DE9D369880B6} = {34A79A7B-6E40-422B-B83E-860EC839A8E1}
		{A4AFB9D2-B38A-4601-B4CB-FF14557E9425} = {34A79A7B-6E40-422B-B83E-860EC839A8E1}
		{572DA8BF-33EA-4950-AA4C-D5A4C4C8E6BD} = {34A79A7B-6E40-422B-B83E-860EC839A8E1}
		{E8DB005D-620C-4BBD-902C-1D0F273B5D51} = {8D9117A3-5683-4A36-9EB7-304FA087AD04}
		{7B215A75-C507-3FDC-BE7C-4FE7E6E73A12} = {8D9117A3-5683-4A36-9EB7-304FA087AD04}
		{B64F4856-B01D-42A8-B6A7-B41D125B3D7C} = {8D9117A3-5683-4A36-9EB7-304FA087AD04}
		{5CD38FEE-1A7C-4727-9B44-D983D5556419} = {8D9117A3-5683-4A36-9EB7-304FA087AD04}
		{B50FE54C-0061-466D-892F-7C5A85854EB4} = {8D9117A3-5683-4A36-9EB7-304FA087AD04}
		{28EC7401-6DF8-441E-BE98-FDFFCE373E43} = {8D9117A3-5683-4A36-9EB7-304FA087AD04}
		{71DA73F2-C09D-4F4A-8955-CB3CB830061F} = {8D9117A3-5683-4A36-9EB7-304FA087AD04}
		{5FDF2849-8AB0-4E61-AF32-1C9AF7479601} = {8D9117A3-5683-4A36-9EB7-304FA087AD04}
		{C0A9DD0A-FDA1-4749-86B7-D831CDD4478B} = {8D9117A3-5683-4A36-9EB7-304FA087AD04}
		{BEA5367D-0441-4677-934A-43A09ABBF8C6} = {1F6CFC77-39EB-4C66-9C17-16D5B900D396}
		{3BF9D44F-4A29-46EE-9A04-EE706E602620} = {1F6CFC77-39EB-4C66-9C17-16D5B900D396}
		{834E6910-D179-4A80-AB73-3A8502BD2E84} = {1F6CFC77-39EB-4C66-9C17-16D5B900D396}
		{AAE1B4EC-1495-436E-9C7B-A0A1B6C8F00A} = {1F6CFC77-39EB-4C66-9C17-16D5B900D396}
		{9CFDEE73-7AD4-45DD-9453-EEF5FE8F6C85} = {1F6CFC77-39EB-4C66-9C17-16D5B900D396}
		{B5FEA270-4B23-4249-9864-D974001157C9} = {1F6CFC77-39EB-4C66-9C17-16D5B900D396}
		{4651A405-6EE2-42DC-9745-6555F69C553C} = {1F6CFC77-39EB-4C66-9C17-16D5B900D396}
		{43FABD59-E406-44BC-B9F6-ED8646134078} = {1F6CFC77-39EB-4C66-9C17-16D5B900D396}
		{15CBFEFF-7965-41F5-B4E2-21E8795C9159} = {A4AFB9D2-B38A-4601-B4CB-FF14557E9425}
		{CEBDE98B-A6AA-46E6-BC79-FAAF823DB9EC} = {A4AFB9D2-B38A-4601-B4CB-FF14557E9425}
		{3A214E06-B95E-4D61-A291-1F8DF2EC10FD} = {A4AFB9D2-B38A-4601-B4CB-FF14557E9425}
	EndGlobalSection
EndGlobal
