
Microsoft Visual Studio Solution File, Format Version 10.00
# Visual Studio 2008
Project("{2150E333-8FDC-42A3-9474-1A3956D46DE8}") = "GameEngine", "GameEngine", "{A6D1B062-D16B-4C0A-9D22-681FAD046BE0}"
EndProject
Project("{2150E333-8FDC-42A3-9474-1A3956D46DE8}") = "Dependencies", "Dependencies", "{99FD7239-73AE-4DFB-8201-7B4529041102}"
EndProject
Project("{2150E333-8FDC-42A3-9474-1A3956D46DE8}") = "Horde3D", "Horde3D", "{284A8B6D-11F0-4242-9FE9-FBA5E7E632BA}"
EndProject
Project("{2150E333-8FDC-42A3-9474-1A3956D46DE8}") = "Sound Dependencies", "Sound Dependencies", "{BB412F41-7C51-489A-AF33-A2736913EBA3}"
EndProject
Project("{8BC9CEB8-8B4A-11D0-8D11-00A0C91BC942}") = "GameEngineCore", "src\GameEngineCore\GameEngineCore_2008.vcproj", "{DB488001-8E98-4724-9787-72DA137C4E47}"
	ProjectSection(ProjectDependencies) = postProject
		{3BF9D44F-4A29-46EE-9A04-EE706E602620} = {3BF9D44F-4A29-46EE-9A04-EE706E602620}
		{43FABD59-E406-44BC-B9F6-ED8646134078} = {43FABD59-E406-44BC-B9F6-ED8646134078}
		{BEA5367D-0441-4677-934A-43A09ABBF8C6} = {BEA5367D-0441-4677-934A-43A09ABBF8C6}
	EndProjectSection
EndProject
Project("{8BC9CEB8-8B4A-11D0-8D11-00A0C91BC942}") = "GameBulletPhysicsComponent", "src\GameBulletPhysicsComponent\GameBulletPhysicsComponent_2008.vcproj", "{015B0EBE-4BCE-4C7D-8F27-47A5C78C6B27}"
	ProjectSection(ProjectDependencies) = postProject
		{DB488001-8E98-4724-9787-72DA137C4E47} = {DB488001-8E98-4724-9787-72DA137C4E47}
		{4651A405-6EE2-42DC-9745-6555F69C553C} = {4651A405-6EE2-42DC-9745-6555F69C553C}
		{834E6910-D179-4A80-AB73-3A8502BD2E84} = {834E6910-D179-4A80-AB73-3A8502BD2E84}
		{B5FEA270-4B23-4249-9864-D974001157C9} = {B5FEA270-4B23-4249-9864-D974001157C9}
		{9CFDEE73-7AD4-45DD-9453-EEF5FE8F6C85} = {9CFDEE73-7AD4-45DD-9453-EEF5FE8F6C85}
		{AAE1B4EC-1495-436E-9C7B-A0A1B6C8F00A} = {AAE1B4EC-1495-436E-9C7B-A0A1B6C8F00A}
	EndProjectSection
EndProject
Project("{8BC9CEB8-8B4A-11D0-8D11-00A0C91BC942}") = "GameSapiComponent", "src\GameSapiComponent\GameSapiComponent_2008.vcproj", "{F606E654-0F08-4B81-8388-5A903BBA07E9}"
	ProjectSection(ProjectDependencies) = postProject
		{DB488001-8E98-4724-9787-72DA137C4E47} = {DB488001-8E98-4724-9787-72DA137C4E47}
		{3BF9D44F-4A29-46EE-9A04-EE706E602620} = {3BF9D44F-4A29-46EE-9A04-EE706E602620}
		{BEA5367D-0441-4677-934A-43A09ABBF8C6} = {BEA5367D-0441-4677-934A-43A09ABBF8C6}
	EndProjectSection
EndProject
Project("{8BC9CEB8-8B4A-11D0-8D11-00A0C91BC942}") = "GameAnimationsComponent", "src\GameAnimationComponent\GameAnimationsComponent_2008.vcproj", "{3E87E5FB-5C38-1139-85B7-CF179BA0D2AB}"
	ProjectSection(ProjectDependencies) = postProject
		{DB488001-8E98-4724-9787-72DA137C4E47} = {DB488001-8E98-4724-9787-72DA137C4E47}
		{BEA5367D-0441-4677-934A-43A09ABBF8C6} = {BEA5367D-0441-4677-934A-43A09ABBF8C6}
		{1D558D7D-DA57-4908-BCFC-902054FE6B63} = {1D558D7D-DA57-4908-BCFC-902054FE6B63}
		{AE8EB9B3-D2C2-4372-AB4B-FC980EE69D2D} = {AE8EB9B3-D2C2-4372-AB4B-FC980EE69D2D}
	EndProjectSection
EndProject
Project("{8BC9CEB8-8B4A-11D0-8D11-00A0C91BC942}") = "Coconut_shy", "Samples\Coconut_shy\Coconut_shy_2008.vcproj", "{0D5CC932-3AEA-4AB2-802C-D4DA76A3A390}"
	ProjectSection(ProjectDependencies) = postProject
		{DB488001-8E98-4724-9787-72DA137C4E47} = {DB488001-8E98-4724-9787-72DA137C4E47}
		{1D558D7D-DA57-4908-BCFC-902054FE6B63} = {1D558D7D-DA57-4908-BCFC-902054FE6B63}
		{2A423B83-D582-49BA-A45F-E27148099850} = {2A423B83-D582-49BA-A45F-E27148099850}
		{7B21D090-9A12-4E86-8E65-9AAEA2B72AB4} = {7B21D090-9A12-4E86-8E65-9AAEA2B72AB4}
		{AE8EB9B3-D2C2-4372-AB4B-FC980EE69D2D} = {AE8EB9B3-D2C2-4372-AB4B-FC980EE69D2D}
		{015B0EBE-4BCE-4C7D-8F27-47A5C78C6B27} = {015B0EBE-4BCE-4C7D-8F27-47A5C78C6B27}
	EndProjectSection
EndProject
Project("{8BC9CEB8-8B4A-11D0-8D11-00A0C91BC942}") = "GameSceneGraphComponent", "src\GameSceneGraphComponent\GameSceneGraphComponent_2008.vcproj", "{7B21D090-9A12-4E86-8E65-9AAEA2B72AB4}"
	ProjectSection(ProjectDependencies) = postProject
		{DB488001-8E98-4724-9787-72DA137C4E47} = {DB488001-8E98-4724-9787-72DA137C4E47}
		{1D558D7D-DA57-4908-BCFC-902054FE6B63} = {1D558D7D-DA57-4908-BCFC-902054FE6B63}
		{AE8EB9B3-D2C2-4372-AB4B-FC980EE69D2D} = {AE8EB9B3-D2C2-4372-AB4B-FC980EE69D2D}
	EndProjectSection
EndProject
Project("{8BC9CEB8-8B4A-11D0-8D11-00A0C91BC942}") = "GameSoundComponent", "src\GameSoundEngineComponent\GameSoundComponent_2008.vcproj", "{C93E4376-D274-4D5C-9D4B-597594E5B343}"
	ProjectSection(ProjectDependencies) = postProject
		{DB488001-8E98-4724-9787-72DA137C4E47} = {DB488001-8E98-4724-9787-72DA137C4E47}
		{3BF9D44F-4A29-46EE-9A04-EE706E602620} = {3BF9D44F-4A29-46EE-9A04-EE706E602620}
	EndProjectSection
EndProject
Project("{8BC9CEB8-8B4A-11D0-8D11-00A0C91BC942}") = "GameCollisionComponent", "src\GameCollisionComponent\GameCollisionComponent_2008.vcproj", "{AFFBE2FC-17A7-4892-A398-94A1BF45574B}"
	ProjectSection(ProjectDependencies) = postProject
		{DB488001-8E98-4724-9787-72DA137C4E47} = {DB488001-8E98-4724-9787-72DA137C4E47}
	EndProjectSection
EndProject
Project("{8BC9CEB8-8B4A-11D0-8D11-00A0C91BC942}") = "Lua", "..\Dependencies\Lua\Lua_2008.vcproj", "{BEA5367D-0441-4677-934A-43A09ABBF8C6}"
EndProject
Project("{8BC9CEB8-8B4A-11D0-8D11-00A0C91BC942}") = "XmlParser", "..\Dependencies\XMLParser\XmlParserLib_2008.vcproj", "{3BF9D44F-4A29-46EE-9A04-EE706E602620}"
EndProject
Project("{8BC9CEB8-8B4A-11D0-8D11-00A0C91BC942}") = "libbulletcollision", "..\Dependencies\Bullet\bullet-2.74\msvc\8\libbulletcollision_2008.vcproj", "{834E6910-D179-4A80-AB73-3A8502BD2E84}"
EndProject
Project("{8BC9CEB8-8B4A-11D0-8D11-00A0C91BC942}") = "libbulletdynamics", "..\Dependencies\Bullet\bullet-2.74\msvc\8\libbulletdynamics_2008.vcproj", "{AAE1B4EC-1495-436E-9C7B-A0A1B6C8F00A}"
EndProject
Project("{8BC9CEB8-8B4A-11D0-8D11-00A0C91BC942}") = "libbulletmath", "..\Dependencies\Bullet\bullet-2.74\msvc\8\libbulletmath_2008.vcproj", "{9CFDEE73-7AD4-45DD-9453-EEF5FE8F6C85}"
EndProject
Project("{8BC9CEB8-8B4A-11D0-8D11-00A0C91BC942}") = "libconvexdecomposition", "..\Dependencies\Bullet\bullet-2.74\msvc\8\libconvexdecomposition_2008.vcproj", "{B5FEA270-4B23-4249-9864-D974001157C9}"
EndProject
Project("{8BC9CEB8-8B4A-11D0-8D11-00A0C91BC942}") = "libGIMPACTUtils", "..\Dependencies\Bullet\bullet-2.74\msvc\8\libGIMPACTUtils_2008.vcproj", "{4651A405-6EE2-42DC-9745-6555F69C553C}"
EndProject
Project("{8BC9CEB8-8B4A-11D0-8D11-00A0C91BC942}") = "glfw", "..\..\Horde3D\Samples\glfw\glfw_2008.vcproj", "{2A423B83-D582-49BA-A45F-E27148099850}"
EndProject
Project("{8BC9CEB8-8B4A-11D0-8D11-00A0C91BC942}") = "Horde3D Engine", "..\..\Horde3D\Source\Horde3DEngine\Horde3D Engine_2008.vcproj", "{1D558D7D-DA57-4908-BCFC-902054FE6B63}"
	ProjectSection(ProjectDependencies) = postProject
		{7D7F9530-C61A-4BF2-B1C8-DE9D369880B6} = {7D7F9530-C61A-4BF2-B1C8-DE9D369880B6}
		{572DA8BF-33EA-4950-AA4C-D5A4C4C8E6BD} = {572DA8BF-33EA-4950-AA4C-D5A4C4C8E6BD}
	EndProjectSection
EndProject
Project("{8BC9CEB8-8B4A-11D0-8D11-00A0C91BC942}") = "Horde3D Utils", "..\..\Horde3D\Source\Horde3DUtils\Horde3D Utils_2008.vcproj", "{AE8EB9B3-D2C2-4372-AB4B-FC980EE69D2D}"
	ProjectSection(ProjectDependencies) = postProject
		{1D558D7D-DA57-4908-BCFC-902054FE6B63} = {1D558D7D-DA57-4908-BCFC-902054FE6B63}
	EndProjectSection
EndProject
Project("{8BC9CEB8-8B4A-11D0-8D11-00A0C91BC942}") = "Extension_Terrain", "..\..\Extensions\Terrain\Source\Extension Terrain_2008.vcproj", "{7D7F9530-C61A-4BF2-B1C8-DE9D369880B6}"
EndProject
Project("{8BC9CEB8-8B4A-11D0-8D11-00A0C91BC942}") = "DominoApp", "Samples\DominoDemo\DominoApp_2008.vcproj", "{AFB8F4F3-5342-4AAE-ACAA-CB6428F6212E}"
	ProjectSection(ProjectDependencies) = postProject
		{DB488001-8E98-4724-9787-72DA137C4E47} = {DB488001-8E98-4724-9787-72DA137C4E47}
		{1D558D7D-DA57-4908-BCFC-902054FE6B63} = {1D558D7D-DA57-4908-BCFC-902054FE6B63}
		{7B21D090-9A12-4E86-8E65-9AAEA2B72AB4} = {7B21D090-9A12-4E86-8E65-9AAEA2B72AB4}
		{AE8EB9B3-D2C2-4372-AB4B-FC980EE69D2D} = {AE8EB9B3-D2C2-4372-AB4B-FC980EE69D2D}
	EndProjectSection
EndProject
Project("{8BC9CEB8-8B4A-11D0-8D11-00A0C91BC942}") = "Extension_Sound", "..\..\Extensions\Sound\Source\Extension_Sound_2008.vcproj", "{572DA8BF-33EA-4950-AA4C-D5A4C4C8E6BD}"
	ProjectSection(ProjectDependencies) = postProject
		{3A214E06-B95E-4D61-A291-1F8DF2EC10FD} = {3A214E06-B95E-4D61-A291-1F8DF2EC10FD}
		{CEBDE98B-A6AA-46E6-BC79-FAAF823DB9EC} = {CEBDE98B-A6AA-46E6-BC79-FAAF823DB9EC}
		{15CBFEFF-7965-41F5-B4E2-21E8795C9159} = {15CBFEFF-7965-41F5-B4E2-21E8795C9159}
	EndProjectSection
EndProject
Project("{8BC9CEB8-8B4A-11D0-8D11-00A0C91BC942}") = "ogg", "..\..\Extensions\Sound\Dependencies\Source\ogg\ogg_2008.vcproj", "{15CBFEFF-7965-41F5-B4E2-21E8795C9159}"
EndProject
Project("{8BC9CEB8-8B4A-11D0-8D11-00A0C91BC942}") = "vorbis", "..\..\Extensions\Sound\Dependencies\Source\vorbis\vorbis_2008.vcproj", "{3A214E06-B95E-4D61-A291-1F8DF2EC10FD}"
	ProjectSection(ProjectDependencies) = postProject
		{15CBFEFF-7965-41F5-B4E2-21E8795C9159} = {15CBFEFF-7965-41F5-B4E2-21E8795C9159}
	EndProjectSection
EndProject
Project("{8BC9CEB8-8B4A-11D0-8D11-00A0C91BC942}") = "vorbisfile", "..\..\Extensions\Sound\Dependencies\Source\vorbisfile\vorbisfile_2008.vcproj", "{CEBDE98B-A6AA-46E6-BC79-FAAF823DB9EC}"
	ProjectSection(ProjectDependencies) = postProject
		{3A214E06-B95E-4D61-A291-1F8DF2EC10FD} = {3A214E06-B95E-4D61-A291-1F8DF2EC10FD}
	EndProjectSection
EndProject
Project("{8BC9CEB8-8B4A-11D0-8D11-00A0C91BC942}") = "GameIKComponent", "src\GameIKComponent\GameIKComponent_2008.vcproj", "{C767B2A0-CF6F-45CA-AE4B-37DDB759AD23}"
	ProjectSection(ProjectDependencies) = postProject
		{DB488001-8E98-4724-9787-72DA137C4E47} = {DB488001-8E98-4724-9787-72DA137C4E47}
		{3BF9D44F-4A29-46EE-9A04-EE706E602620} = {3BF9D44F-4A29-46EE-9A04-EE706E602620}
		{1D558D7D-DA57-4908-BCFC-902054FE6B63} = {1D558D7D-DA57-4908-BCFC-902054FE6B63}
		{7B21D090-9A12-4E86-8E65-9AAEA2B72AB4} = {7B21D090-9A12-4E86-8E65-9AAEA2B72AB4}
		{AE8EB9B3-D2C2-4372-AB4B-FC980EE69D2D} = {AE8EB9B3-D2C2-4372-AB4B-FC980EE69D2D}
	EndProjectSection
EndProject
Project("{2150E333-8FDC-42A3-9474-1A3956D46DE8}") = "Demos", "Demos", "{F4B9FE33-2E4F-4074-90AC-8F7690867A45}"
EndProject
Project("{2150E333-8FDC-42A3-9474-1A3956D46DE8}") = "Tutorials", "Tutorials", "{529C9F38-D989-4D40-9FA5-B00035BE668D}"
EndProject
Project("{8BC9CEB8-8B4A-11D0-8D11-00A0C91BC942}") = "GameFACSControlComponent", "src\GameFACSControlComponent\GameFACSControlComponent_2008.vcproj", "{9217256F-BF11-46C3-807B-042A41B22268}"
	ProjectSection(ProjectDependencies) = postProject
		{DB488001-8E98-4724-9787-72DA137C4E47} = {DB488001-8E98-4724-9787-72DA137C4E47}
		{3BF9D44F-4A29-46EE-9A04-EE706E602620} = {3BF9D44F-4A29-46EE-9A04-EE706E602620}
		{1D558D7D-DA57-4908-BCFC-902054FE6B63} = {1D558D7D-DA57-4908-BCFC-902054FE6B63}
		{7B21D090-9A12-4E86-8E65-9AAEA2B72AB4} = {7B21D090-9A12-4E86-8E65-9AAEA2B72AB4}
		{AE8EB9B3-D2C2-4372-AB4B-FC980EE69D2D} = {AE8EB9B3-D2C2-4372-AB4B-FC980EE69D2D}
	EndProjectSection
EndProject
Project("{8BC9CEB8-8B4A-11D0-8D11-00A0C91BC942}") = "DemoApp", "Samples\TutorialApp\DemoApplication_2008.vcproj", "{51F1EE2A-3989-4B3C-86FE-2F8462D60E31}"
EndProject
Project("{8BC9CEB8-8B4A-11D0-8D11-00A0C91BC942}") = "InteractiveAlfred", "Samples\InteractiveAlfred\InteractiveAlfred_2008.vcproj", "{FC8B3C49-37FD-4F8F-8078-8F1D0B65653E}"
	ProjectSection(ProjectDependencies) = postProject
		{DB488001-8E98-4724-9787-72DA137C4E47} = {DB488001-8E98-4724-9787-72DA137C4E47}
		{F606E654-0F08-4B81-8388-5A903BBA07E9} = {F606E654-0F08-4B81-8388-5A903BBA07E9}
		{9217256F-BF11-46C3-807B-042A41B22268} = {9217256F-BF11-46C3-807B-042A41B22268}
		{C93E4376-D274-4D5C-9D4B-597594E5B343} = {C93E4376-D274-4D5C-9D4B-597594E5B343}
		{1D558D7D-DA57-4908-BCFC-902054FE6B63} = {1D558D7D-DA57-4908-BCFC-902054FE6B63}
		{7B21D090-9A12-4E86-8E65-9AAEA2B72AB4} = {7B21D090-9A12-4E86-8E65-9AAEA2B72AB4}
		{C767B2A0-CF6F-45CA-AE4B-37DDB759AD23} = {C767B2A0-CF6F-45CA-AE4B-37DDB759AD23}
		{AE8EB9B3-D2C2-4372-AB4B-FC980EE69D2D} = {AE8EB9B3-D2C2-4372-AB4B-FC980EE69D2D}
		{3E87E5FB-5C38-1139-85B7-CF179BA0D2AB} = {3E87E5FB-5C38-1139-85B7-CF179BA0D2AB}
	EndProjectSection
EndProject
Project("{8BC9CEB8-8B4A-11D0-8D11-00A0C91BC942}") = "GameVideoComponent", "src\GameVideoComponent\GameVideoComponent_2008.vcproj", "{4C883733-BB98-4EC9-B561-7094BA1D49AA}"
	ProjectSection(ProjectDependencies) = postProject
		{DB488001-8E98-4724-9787-72DA137C4E47} = {DB488001-8E98-4724-9787-72DA137C4E47}
		{3BF9D44F-4A29-46EE-9A04-EE706E602620} = {3BF9D44F-4A29-46EE-9A04-EE706E602620}
		{BEA5367D-0441-4677-934A-43A09ABBF8C6} = {BEA5367D-0441-4677-934A-43A09ABBF8C6}
		{1D558D7D-DA57-4908-BCFC-902054FE6B63} = {1D558D7D-DA57-4908-BCFC-902054FE6B63}
		{AE8EB9B3-D2C2-4372-AB4B-FC980EE69D2D} = {AE8EB9B3-D2C2-4372-AB4B-FC980EE69D2D}
	EndProjectSection
EndProject
Project("{8BC9CEB8-8B4A-11D0-8D11-00A0C91BC942}") = "GameBayesNetComponent", "src\GameBayesNetComponent\GameBayesNetComponent_2008.vcproj", "{ACA0EDF7-A6D9-42DF-A0C1-29E8D0AACC32}"
	ProjectSection(ProjectDependencies) = postProject
		{DB488001-8E98-4724-9787-72DA137C4E47} = {DB488001-8E98-4724-9787-72DA137C4E47}
		{3BF9D44F-4A29-46EE-9A04-EE706E602620} = {3BF9D44F-4A29-46EE-9A04-EE706E602620}
	EndProjectSection
EndProject
Project("{8BC9CEB8-8B4A-11D0-8D11-00A0C91BC942}") = "GameSocketComponent", "src\GameSocketComponent\GameSocketComponent_2008.vcproj", "{46436C34-9E64-4754-A03E-D951849B0830}"
	ProjectSection(ProjectDependencies) = postProject
		{DB488001-8E98-4724-9787-72DA137C4E47} = {DB488001-8E98-4724-9787-72DA137C4E47}
		{3BF9D44F-4A29-46EE-9A04-EE706E602620} = {3BF9D44F-4A29-46EE-9A04-EE706E602620}
	EndProjectSection
EndProject
Project("{8BC9CEB8-8B4A-11D0-8D11-00A0C91BC942}") = "AAA", "Samples\AAA\AAA_2008.vcproj", "{29BF6357-CD36-419D-817D-CBC80A1C9A9B}"
	ProjectSection(ProjectDependencies) = postProject
		{DB488001-8E98-4724-9787-72DA137C4E47} = {DB488001-8E98-4724-9787-72DA137C4E47}
		{46436C34-9E64-4754-A03E-D951849B0830} = {46436C34-9E64-4754-A03E-D951849B0830}
		{3BF9D44F-4A29-46EE-9A04-EE706E602620} = {3BF9D44F-4A29-46EE-9A04-EE706E602620}
		{F606E654-0F08-4B81-8388-5A903BBA07E9} = {F606E654-0F08-4B81-8388-5A903BBA07E9}
		{1D558D7D-DA57-4908-BCFC-902054FE6B63} = {1D558D7D-DA57-4908-BCFC-902054FE6B63}
		{2A423B83-D582-49BA-A45F-E27148099850} = {2A423B83-D582-49BA-A45F-E27148099850}
		{7B21D090-9A12-4E86-8E65-9AAEA2B72AB4} = {7B21D090-9A12-4E86-8E65-9AAEA2B72AB4}
		{C767B2A0-CF6F-45CA-AE4B-37DDB759AD23} = {C767B2A0-CF6F-45CA-AE4B-37DDB759AD23}
		{AE8EB9B3-D2C2-4372-AB4B-FC980EE69D2D} = {AE8EB9B3-D2C2-4372-AB4B-FC980EE69D2D}
		{4D459FCD-DEFC-442B-B25E-2A69FAC82966} = {4D459FCD-DEFC-442B-B25E-2A69FAC82966}
		{ACA0EDF7-A6D9-42DF-A0C1-29E8D0AACC32} = {ACA0EDF7-A6D9-42DF-A0C1-29E8D0AACC32}
	EndProjectSection
EndProject
Project("{8BC9CEB8-8B4A-11D0-8D11-00A0C91BC942}") = "AAAClient", "Samples\AAAClient\AAAClient_2008.vcproj", "{D3D78CC3-32E8-4D58-93B7-EA6F9AE55BC9}"
EndProject
Project("{8BC9CEB8-8B4A-11D0-8D11-00A0C91BC942}") = "AlfredXpad", "Samples\AlfredXpad\AlfredXpad_2008.vcproj", "{E6F87B71-B9B4-405A-812D-350DD5B6E213}"
	ProjectSection(ProjectDependencies) = postProject
		{DB488001-8E98-4724-9787-72DA137C4E47} = {DB488001-8E98-4724-9787-72DA137C4E47}
		{1D558D7D-DA57-4908-BCFC-902054FE6B63} = {1D558D7D-DA57-4908-BCFC-902054FE6B63}
		{7B21D090-9A12-4E86-8E65-9AAEA2B72AB4} = {7B21D090-9A12-4E86-8E65-9AAEA2B72AB4}
		{AE8EB9B3-D2C2-4372-AB4B-FC980EE69D2D} = {AE8EB9B3-D2C2-4372-AB4B-FC980EE69D2D}
	EndProjectSection
EndProject
Project("{8BC9CEB8-8B4A-11D0-8D11-00A0C91BC942}") = "GameAgentComponent", "src\GameAgentComponent\GameAgentComponent_2008.vcproj", "{4D459FCD-DEFC-442B-B25E-2A69FAC82966}"
	ProjectSection(ProjectDependencies) = postProject
		{DB488001-8E98-4724-9787-72DA137C4E47} = {DB488001-8E98-4724-9787-72DA137C4E47}
		{46436C34-9E64-4754-A03E-D951849B0830} = {46436C34-9E64-4754-A03E-D951849B0830}
		{3BF9D44F-4A29-46EE-9A04-EE706E602620} = {3BF9D44F-4A29-46EE-9A04-EE706E602620}
		{F606E654-0F08-4B81-8388-5A903BBA07E9} = {F606E654-0F08-4B81-8388-5A903BBA07E9}
		{1D558D7D-DA57-4908-BCFC-902054FE6B63} = {1D558D7D-DA57-4908-BCFC-902054FE6B63}
		{2A423B83-D582-49BA-A45F-E27148099850} = {2A423B83-D582-49BA-A45F-E27148099850}
		{7B21D090-9A12-4E86-8E65-9AAEA2B72AB4} = {7B21D090-9A12-4E86-8E65-9AAEA2B72AB4}
		{C767B2A0-CF6F-45CA-AE4B-37DDB759AD23} = {C767B2A0-CF6F-45CA-AE4B-37DDB759AD23}
		{AE8EB9B3-D2C2-4372-AB4B-FC980EE69D2D} = {AE8EB9B3-D2C2-4372-AB4B-FC980EE69D2D}
		{ACA0EDF7-A6D9-42DF-A0C1-29E8D0AACC32} = {ACA0EDF7-A6D9-42DF-A0C1-29E8D0AACC32}
	EndProjectSection
EndProject
Project("{8BC9CEB8-8B4A-11D0-8D11-00A0C91BC942}") = "zlib", "..\Dependencies\zlib\zlib_2008.vcproj", "{43FABD59-E406-44BC-B9F6-ED8646134078}"
EndProject
Project("{8BC9CEB8-8B4A-11D0-8D11-00A0C91BC942}") = "NetworkApp", "Samples\NetworkDemo\NetworkApp_2008.vcproj", "{0616B596-46BA-43B7-8E34-67E58D177D25}"
	ProjectSection(ProjectDependencies) = postProject
		{DB488001-8E98-4724-9787-72DA137C4E47} = {DB488001-8E98-4724-9787-72DA137C4E47}
		{F606E654-0F08-4B81-8388-5A903BBA07E9} = {F606E654-0F08-4B81-8388-5A903BBA07E9}
		{C93E4376-D274-4D5C-9D4B-597594E5B343} = {C93E4376-D274-4D5C-9D4B-597594E5B343}
		{BEA5367D-0441-4677-934A-43A09ABBF8C6} = {BEA5367D-0441-4677-934A-43A09ABBF8C6}
		{1D558D7D-DA57-4908-BCFC-902054FE6B63} = {1D558D7D-DA57-4908-BCFC-902054FE6B63}
		{7B21D090-9A12-4E86-8E65-9AAEA2B72AB4} = {7B21D090-9A12-4E86-8E65-9AAEA2B72AB4}
		{AE8EB9B3-D2C2-4372-AB4B-FC980EE69D2D} = {AE8EB9B3-D2C2-4372-AB4B-FC980EE69D2D}
		{3E87E5FB-5C38-1139-85B7-CF179BA0D2AB} = {3E87E5FB-5C38-1139-85B7-CF179BA0D2AB}
	EndProjectSection
EndProject
Global
	GlobalSection(SolutionConfigurationPlatforms) = preSolution
		Debug|Win32 = Debug|Win32
		MemoryCheck|Win32 = MemoryCheck|Win32
		Release OpenMP|Win32 = Release OpenMP|Win32
		Release|Win32 = Release|Win32
	EndGlobalSection
	GlobalSection(ProjectConfigurationPlatforms) = postSolution
		{DB488001-8E98-4724-9787-72DA137C4E47}.Debug|Win32.ActiveCfg = Debug|Win32
		{DB488001-8E98-4724-9787-72DA137C4E47}.Debug|Win32.Build.0 = Debug|Win32
		{DB488001-8E98-4724-9787-72DA137C4E47}.MemoryCheck|Win32.ActiveCfg = Debug|Win32
		{DB488001-8E98-4724-9787-72DA137C4E47}.MemoryCheck|Win32.Build.0 = Debug|Win32
		{DB488001-8E98-4724-9787-72DA137C4E47}.Release OpenMP|Win32.ActiveCfg = Release OpenMP|Win32
		{DB488001-8E98-4724-9787-72DA137C4E47}.Release OpenMP|Win32.Build.0 = Release OpenMP|Win32
		{DB488001-8E98-4724-9787-72DA137C4E47}.Release|Win32.ActiveCfg = Release|Win32
		{DB488001-8E98-4724-9787-72DA137C4E47}.Release|Win32.Build.0 = Release|Win32
		{015B0EBE-4BCE-4C7D-8F27-47A5C78C6B27}.Debug|Win32.ActiveCfg = Debug|Win32
		{015B0EBE-4BCE-4C7D-8F27-47A5C78C6B27}.Debug|Win32.Build.0 = Debug|Win32
		{015B0EBE-4BCE-4C7D-8F27-47A5C78C6B27}.MemoryCheck|Win32.ActiveCfg = Debug|Win32
		{015B0EBE-4BCE-4C7D-8F27-47A5C78C6B27}.MemoryCheck|Win32.Build.0 = Debug|Win32
		{015B0EBE-4BCE-4C7D-8F27-47A5C78C6B27}.Release OpenMP|Win32.ActiveCfg = Release|Win32
		{015B0EBE-4BCE-4C7D-8F27-47A5C78C6B27}.Release OpenMP|Win32.Build.0 = Release|Win32
		{015B0EBE-4BCE-4C7D-8F27-47A5C78C6B27}.Release|Win32.ActiveCfg = Release|Win32
		{015B0EBE-4BCE-4C7D-8F27-47A5C78C6B27}.Release|Win32.Build.0 = Release|Win32
		{F606E654-0F08-4B81-8388-5A903BBA07E9}.Debug|Win32.ActiveCfg = Debug|Win32
		{F606E654-0F08-4B81-8388-5A903BBA07E9}.Debug|Win32.Build.0 = Debug|Win32
		{F606E654-0F08-4B81-8388-5A903BBA07E9}.MemoryCheck|Win32.ActiveCfg = Debug|Win32
		{F606E654-0F08-4B81-8388-5A903BBA07E9}.MemoryCheck|Win32.Build.0 = Debug|Win32
		{F606E654-0F08-4B81-8388-5A903BBA07E9}.Release OpenMP|Win32.ActiveCfg = Release|Win32
		{F606E654-0F08-4B81-8388-5A903BBA07E9}.Release OpenMP|Win32.Build.0 = Release|Win32
		{F606E654-0F08-4B81-8388-5A903BBA07E9}.Release|Win32.ActiveCfg = Release|Win32
		{F606E654-0F08-4B81-8388-5A903BBA07E9}.Release|Win32.Build.0 = Release|Win32
		{3E87E5FB-5C38-1139-85B7-CF179BA0D2AB}.Debug|Win32.ActiveCfg = Debug|Win32
		{3E87E5FB-5C38-1139-85B7-CF179BA0D2AB}.Debug|Win32.Build.0 = Debug|Win32
		{3E87E5FB-5C38-1139-85B7-CF179BA0D2AB}.MemoryCheck|Win32.ActiveCfg = Debug|Win32
		{3E87E5FB-5C38-1139-85B7-CF179BA0D2AB}.MemoryCheck|Win32.Build.0 = Debug|Win32
		{3E87E5FB-5C38-1139-85B7-CF179BA0D2AB}.Release OpenMP|Win32.ActiveCfg = Release|Win32
		{3E87E5FB-5C38-1139-85B7-CF179BA0D2AB}.Release OpenMP|Win32.Build.0 = Release|Win32
		{3E87E5FB-5C38-1139-85B7-CF179BA0D2AB}.Release|Win32.ActiveCfg = Release|Win32
		{3E87E5FB-5C38-1139-85B7-CF179BA0D2AB}.Release|Win32.Build.0 = Release|Win32
		{0D5CC932-3AEA-4AB2-802C-D4DA76A3A390}.Debug|Win32.ActiveCfg = Debug|Win32
		{0D5CC932-3AEA-4AB2-802C-D4DA76A3A390}.Debug|Win32.Build.0 = Debug|Win32
		{0D5CC932-3AEA-4AB2-802C-D4DA76A3A390}.MemoryCheck|Win32.ActiveCfg = MemoryCheck|Win32
		{0D5CC932-3AEA-4AB2-802C-D4DA76A3A390}.MemoryCheck|Win32.Build.0 = MemoryCheck|Win32
		{0D5CC932-3AEA-4AB2-802C-D4DA76A3A390}.Release OpenMP|Win32.ActiveCfg = Release|Win32
		{0D5CC932-3AEA-4AB2-802C-D4DA76A3A390}.Release OpenMP|Win32.Build.0 = Release|Win32
		{0D5CC932-3AEA-4AB2-802C-D4DA76A3A390}.Release|Win32.ActiveCfg = Release|Win32
		{0D5CC932-3AEA-4AB2-802C-D4DA76A3A390}.Release|Win32.Build.0 = Release|Win32
		{7B21D090-9A12-4E86-8E65-9AAEA2B72AB4}.Debug|Win32.ActiveCfg = Debug|Win32
		{7B21D090-9A12-4E86-8E65-9AAEA2B72AB4}.Debug|Win32.Build.0 = Debug|Win32
		{7B21D090-9A12-4E86-8E65-9AAEA2B72AB4}.MemoryCheck|Win32.ActiveCfg = Debug|Win32
		{7B21D090-9A12-4E86-8E65-9AAEA2B72AB4}.MemoryCheck|Win32.Build.0 = Debug|Win32
		{7B21D090-9A12-4E86-8E65-9AAEA2B72AB4}.Release OpenMP|Win32.ActiveCfg = Release|Win32
		{7B21D090-9A12-4E86-8E65-9AAEA2B72AB4}.Release OpenMP|Win32.Build.0 = Release|Win32
		{7B21D090-9A12-4E86-8E65-9AAEA2B72AB4}.Release|Win32.ActiveCfg = Release|Win32
		{7B21D090-9A12-4E86-8E65-9AAEA2B72AB4}.Release|Win32.Build.0 = Release|Win32
		{C93E4376-D274-4D5C-9D4B-597594E5B343}.Debug|Win32.ActiveCfg = Debug|Win32
		{C93E4376-D274-4D5C-9D4B-597594E5B343}.Debug|Win32.Build.0 = Debug|Win32
		{C93E4376-D274-4D5C-9D4B-597594E5B343}.MemoryCheck|Win32.ActiveCfg = Debug|Win32
		{C93E4376-D274-4D5C-9D4B-597594E5B343}.MemoryCheck|Win32.Build.0 = Debug|Win32
		{C93E4376-D274-4D5C-9D4B-597594E5B343}.Release OpenMP|Win32.ActiveCfg = Release OpenMP|Win32
		{C93E4376-D274-4D5C-9D4B-597594E5B343}.Release OpenMP|Win32.Build.0 = Release OpenMP|Win32
		{C93E4376-D274-4D5C-9D4B-597594E5B343}.Release|Win32.ActiveCfg = Release|Win32
		{C93E4376-D274-4D5C-9D4B-597594E5B343}.Release|Win32.Build.0 = Release|Win32
		{AFFBE2FC-17A7-4892-A398-94A1BF45574B}.Debug|Win32.ActiveCfg = Debug|Win32
		{AFFBE2FC-17A7-4892-A398-94A1BF45574B}.Debug|Win32.Build.0 = Debug|Win32
		{AFFBE2FC-17A7-4892-A398-94A1BF45574B}.MemoryCheck|Win32.ActiveCfg = Debug|Win32
		{AFFBE2FC-17A7-4892-A398-94A1BF45574B}.MemoryCheck|Win32.Build.0 = Debug|Win32
		{AFFBE2FC-17A7-4892-A398-94A1BF45574B}.Release OpenMP|Win32.ActiveCfg = Release|Win32
		{AFFBE2FC-17A7-4892-A398-94A1BF45574B}.Release OpenMP|Win32.Build.0 = Release|Win32
		{AFFBE2FC-17A7-4892-A398-94A1BF45574B}.Release|Win32.ActiveCfg = Release|Win32
		{AFFBE2FC-17A7-4892-A398-94A1BF45574B}.Release|Win32.Build.0 = Release|Win32
		{BEA5367D-0441-4677-934A-43A09ABBF8C6}.Debug|Win32.ActiveCfg = Debug|Win32
		{BEA5367D-0441-4677-934A-43A09ABBF8C6}.Debug|Win32.Build.0 = Debug|Win32
		{BEA5367D-0441-4677-934A-43A09ABBF8C6}.MemoryCheck|Win32.ActiveCfg = Debug|Win32
		{BEA5367D-0441-4677-934A-43A09ABBF8C6}.MemoryCheck|Win32.Build.0 = Debug|Win32
		{BEA5367D-0441-4677-934A-43A09ABBF8C6}.Release OpenMP|Win32.ActiveCfg = Release|Win32
		{BEA5367D-0441-4677-934A-43A09ABBF8C6}.Release OpenMP|Win32.Build.0 = Release|Win32
		{BEA5367D-0441-4677-934A-43A09ABBF8C6}.Release|Win32.ActiveCfg = Release|Win32
		{BEA5367D-0441-4677-934A-43A09ABBF8C6}.Release|Win32.Build.0 = Release|Win32
		{3BF9D44F-4A29-46EE-9A04-EE706E602620}.Debug|Win32.ActiveCfg = Debug|Win32
		{3BF9D44F-4A29-46EE-9A04-EE706E602620}.Debug|Win32.Build.0 = Debug|Win32
		{3BF9D44F-4A29-46EE-9A04-EE706E602620}.MemoryCheck|Win32.ActiveCfg = Debug|Win32
		{3BF9D44F-4A29-46EE-9A04-EE706E602620}.MemoryCheck|Win32.Build.0 = Debug|Win32
		{3BF9D44F-4A29-46EE-9A04-EE706E602620}.Release OpenMP|Win32.ActiveCfg = Release|Win32
		{3BF9D44F-4A29-46EE-9A04-EE706E602620}.Release OpenMP|Win32.Build.0 = Release|Win32
		{3BF9D44F-4A29-46EE-9A04-EE706E602620}.Release|Win32.ActiveCfg = Release|Win32
		{3BF9D44F-4A29-46EE-9A04-EE706E602620}.Release|Win32.Build.0 = Release|Win32
		{834E6910-D179-4A80-AB73-3A8502BD2E84}.Debug|Win32.ActiveCfg = Debug|Win32
		{834E6910-D179-4A80-AB73-3A8502BD2E84}.Debug|Win32.Build.0 = Debug|Win32
		{834E6910-D179-4A80-AB73-3A8502BD2E84}.MemoryCheck|Win32.ActiveCfg = Debug|Win32
		{834E6910-D179-4A80-AB73-3A8502BD2E84}.MemoryCheck|Win32.Build.0 = Debug|Win32
		{834E6910-D179-4A80-AB73-3A8502BD2E84}.Release OpenMP|Win32.ActiveCfg = Release|Win32
		{834E6910-D179-4A80-AB73-3A8502BD2E84}.Release OpenMP|Win32.Build.0 = Release|Win32
		{834E6910-D179-4A80-AB73-3A8502BD2E84}.Release|Win32.ActiveCfg = Release|Win32
		{834E6910-D179-4A80-AB73-3A8502BD2E84}.Release|Win32.Build.0 = Release|Win32
		{AAE1B4EC-1495-436E-9C7B-A0A1B6C8F00A}.Debug|Win32.ActiveCfg = Debug|Win32
		{AAE1B4EC-1495-436E-9C7B-A0A1B6C8F00A}.Debug|Win32.Build.0 = Debug|Win32
		{AAE1B4EC-1495-436E-9C7B-A0A1B6C8F00A}.MemoryCheck|Win32.ActiveCfg = Debug|Win32
		{AAE1B4EC-1495-436E-9C7B-A0A1B6C8F00A}.MemoryCheck|Win32.Build.0 = Debug|Win32
		{AAE1B4EC-1495-436E-9C7B-A0A1B6C8F00A}.Release OpenMP|Win32.ActiveCfg = Release|Win32
		{AAE1B4EC-1495-436E-9C7B-A0A1B6C8F00A}.Release OpenMP|Win32.Build.0 = Release|Win32
		{AAE1B4EC-1495-436E-9C7B-A0A1B6C8F00A}.Release|Win32.ActiveCfg = Release|Win32
		{AAE1B4EC-1495-436E-9C7B-A0A1B6C8F00A}.Release|Win32.Build.0 = Release|Win32
		{9CFDEE73-7AD4-45DD-9453-EEF5FE8F6C85}.Debug|Win32.ActiveCfg = Debug|Win32
		{9CFDEE73-7AD4-45DD-9453-EEF5FE8F6C85}.Debug|Win32.Build.0 = Debug|Win32
		{9CFDEE73-7AD4-45DD-9453-EEF5FE8F6C85}.MemoryCheck|Win32.ActiveCfg = Debug|Win32
		{9CFDEE73-7AD4-45DD-9453-EEF5FE8F6C85}.MemoryCheck|Win32.Build.0 = Debug|Win32
		{9CFDEE73-7AD4-45DD-9453-EEF5FE8F6C85}.Release OpenMP|Win32.ActiveCfg = Release|Win32
		{9CFDEE73-7AD4-45DD-9453-EEF5FE8F6C85}.Release OpenMP|Win32.Build.0 = Release|Win32
		{9CFDEE73-7AD4-45DD-9453-EEF5FE8F6C85}.Release|Win32.ActiveCfg = Release|Win32
		{9CFDEE73-7AD4-45DD-9453-EEF5FE8F6C85}.Release|Win32.Build.0 = Release|Win32
		{B5FEA270-4B23-4249-9864-D974001157C9}.Debug|Win32.ActiveCfg = Debug|Win32
		{B5FEA270-4B23-4249-9864-D974001157C9}.Debug|Win32.Build.0 = Debug|Win32
		{B5FEA270-4B23-4249-9864-D974001157C9}.MemoryCheck|Win32.ActiveCfg = Debug|Win32
		{B5FEA270-4B23-4249-9864-D974001157C9}.MemoryCheck|Win32.Build.0 = Debug|Win32
		{B5FEA270-4B23-4249-9864-D974001157C9}.Release OpenMP|Win32.ActiveCfg = Release|Win32
		{B5FEA270-4B23-4249-9864-D974001157C9}.Release OpenMP|Win32.Build.0 = Release|Win32
		{B5FEA270-4B23-4249-9864-D974001157C9}.Release|Win32.ActiveCfg = Release|Win32
		{B5FEA270-4B23-4249-9864-D974001157C9}.Release|Win32.Build.0 = Release|Win32
		{4651A405-6EE2-42DC-9745-6555F69C553C}.Debug|Win32.ActiveCfg = Debug|Win32
		{4651A405-6EE2-42DC-9745-6555F69C553C}.Debug|Win32.Build.0 = Debug|Win32
		{4651A405-6EE2-42DC-9745-6555F69C553C}.MemoryCheck|Win32.ActiveCfg = Debug|Win32
		{4651A405-6EE2-42DC-9745-6555F69C553C}.MemoryCheck|Win32.Build.0 = Debug|Win32
		{4651A405-6EE2-42DC-9745-6555F69C553C}.Release OpenMP|Win32.ActiveCfg = Release|Win32
		{4651A405-6EE2-42DC-9745-6555F69C553C}.Release OpenMP|Win32.Build.0 = Release|Win32
		{4651A405-6EE2-42DC-9745-6555F69C553C}.Release|Win32.ActiveCfg = Release|Win32
		{4651A405-6EE2-42DC-9745-6555F69C553C}.Release|Win32.Build.0 = Release|Win32
		{2A423B83-D582-49BA-A45F-E27148099850}.Debug|Win32.ActiveCfg = Debug|Win32
		{2A423B83-D582-49BA-A45F-E27148099850}.Debug|Win32.Build.0 = Debug|Win32
		{2A423B83-D582-49BA-A45F-E27148099850}.MemoryCheck|Win32.ActiveCfg = Debug|Win32
		{2A423B83-D582-49BA-A45F-E27148099850}.MemoryCheck|Win32.Build.0 = Debug|Win32
		{2A423B83-D582-49BA-A45F-E27148099850}.Release OpenMP|Win32.ActiveCfg = Release|Win32
		{2A423B83-D582-49BA-A45F-E27148099850}.Release OpenMP|Win32.Build.0 = Release|Win32
		{2A423B83-D582-49BA-A45F-E27148099850}.Release|Win32.ActiveCfg = Release|Win32
		{2A423B83-D582-49BA-A45F-E27148099850}.Release|Win32.Build.0 = Release|Win32
		{1D558D7D-DA57-4908-BCFC-902054FE6B63}.Debug|Win32.ActiveCfg = Debug|Win32
		{1D558D7D-DA57-4908-BCFC-902054FE6B63}.Debug|Win32.Build.0 = Debug|Win32
		{1D558D7D-DA57-4908-BCFC-902054FE6B63}.MemoryCheck|Win32.ActiveCfg = Debug|Win32
		{1D558D7D-DA57-4908-BCFC-902054FE6B63}.MemoryCheck|Win32.Build.0 = Debug|Win32
		{1D558D7D-DA57-4908-BCFC-902054FE6B63}.Release OpenMP|Win32.ActiveCfg = Release|Win32
		{1D558D7D-DA57-4908-BCFC-902054FE6B63}.Release OpenMP|Win32.Build.0 = Release|Win32
		{1D558D7D-DA57-4908-BCFC-902054FE6B63}.Release|Win32.ActiveCfg = Release|Win32
		{1D558D7D-DA57-4908-BCFC-902054FE6B63}.Release|Win32.Build.0 = Release|Win32
		{AE8EB9B3-D2C2-4372-AB4B-FC980EE69D2D}.Debug|Win32.ActiveCfg = Debug|Win32
		{AE8EB9B3-D2C2-4372-AB4B-FC980EE69D2D}.Debug|Win32.Build.0 = Debug|Win32
		{AE8EB9B3-D2C2-4372-AB4B-FC980EE69D2D}.MemoryCheck|Win32.ActiveCfg = Debug|Win32
		{AE8EB9B3-D2C2-4372-AB4B-FC980EE69D2D}.MemoryCheck|Win32.Build.0 = Debug|Win32
		{AE8EB9B3-D2C2-4372-AB4B-FC980EE69D2D}.Release OpenMP|Win32.ActiveCfg = Release|Win32
		{AE8EB9B3-D2C2-4372-AB4B-FC980EE69D2D}.Release OpenMP|Win32.Build.0 = Release|Win32
		{AE8EB9B3-D2C2-4372-AB4B-FC980EE69D2D}.Release|Win32.ActiveCfg = Release|Win32
		{AE8EB9B3-D2C2-4372-AB4B-FC980EE69D2D}.Release|Win32.Build.0 = Release|Win32
		{7D7F9530-C61A-4BF2-B1C8-DE9D369880B6}.Debug|Win32.ActiveCfg = Debug|Win32
		{7D7F9530-C61A-4BF2-B1C8-DE9D369880B6}.Debug|Win32.Build.0 = Debug|Win32
		{7D7F9530-C61A-4BF2-B1C8-DE9D369880B6}.MemoryCheck|Win32.ActiveCfg = Debug|Win32
		{7D7F9530-C61A-4BF2-B1C8-DE9D369880B6}.MemoryCheck|Win32.Build.0 = Debug|Win32
		{7D7F9530-C61A-4BF2-B1C8-DE9D369880B6}.Release OpenMP|Win32.ActiveCfg = Release|Win32
		{7D7F9530-C61A-4BF2-B1C8-DE9D369880B6}.Release OpenMP|Win32.Build.0 = Release|Win32
		{7D7F9530-C61A-4BF2-B1C8-DE9D369880B6}.Release|Win32.ActiveCfg = Release|Win32
		{7D7F9530-C61A-4BF2-B1C8-DE9D369880B6}.Release|Win32.Build.0 = Release|Win32
		{AFB8F4F3-5342-4AAE-ACAA-CB6428F6212E}.Debug|Win32.ActiveCfg = Debug|Win32
		{AFB8F4F3-5342-4AAE-ACAA-CB6428F6212E}.Debug|Win32.Build.0 = Debug|Win32
		{AFB8F4F3-5342-4AAE-ACAA-CB6428F6212E}.MemoryCheck|Win32.ActiveCfg = MemoryCheck|Win32
		{AFB8F4F3-5342-4AAE-ACAA-CB6428F6212E}.MemoryCheck|Win32.Build.0 = MemoryCheck|Win32
		{AFB8F4F3-5342-4AAE-ACAA-CB6428F6212E}.Release OpenMP|Win32.ActiveCfg = Release|Win32
		{AFB8F4F3-5342-4AAE-ACAA-CB6428F6212E}.Release OpenMP|Win32.Build.0 = Release|Win32
		{AFB8F4F3-5342-4AAE-ACAA-CB6428F6212E}.Release|Win32.ActiveCfg = Release|Win32
		{AFB8F4F3-5342-4AAE-ACAA-CB6428F6212E}.Release|Win32.Build.0 = Release|Win32
		{572DA8BF-33EA-4950-AA4C-D5A4C4C8E6BD}.Debug|Win32.ActiveCfg = Debug|Win32
		{572DA8BF-33EA-4950-AA4C-D5A4C4C8E6BD}.Debug|Win32.Build.0 = Debug|Win32
		{572DA8BF-33EA-4950-AA4C-D5A4C4C8E6BD}.MemoryCheck|Win32.ActiveCfg = Debug|Win32
		{572DA8BF-33EA-4950-AA4C-D5A4C4C8E6BD}.MemoryCheck|Win32.Build.0 = Debug|Win32
		{572DA8BF-33EA-4950-AA4C-D5A4C4C8E6BD}.Release OpenMP|Win32.ActiveCfg = Release|Win32
		{572DA8BF-33EA-4950-AA4C-D5A4C4C8E6BD}.Release OpenMP|Win32.Build.0 = Release|Win32
		{572DA8BF-33EA-4950-AA4C-D5A4C4C8E6BD}.Release|Win32.ActiveCfg = Release|Win32
		{572DA8BF-33EA-4950-AA4C-D5A4C4C8E6BD}.Release|Win32.Build.0 = Release|Win32
		{15CBFEFF-7965-41F5-B4E2-21E8795C9159}.Debug|Win32.ActiveCfg = Debug|Win32
		{15CBFEFF-7965-41F5-B4E2-21E8795C9159}.Debug|Win32.Build.0 = Debug|Win32
		{15CBFEFF-7965-41F5-B4E2-21E8795C9159}.MemoryCheck|Win32.ActiveCfg = Debug|Win32
		{15CBFEFF-7965-41F5-B4E2-21E8795C9159}.MemoryCheck|Win32.Build.0 = Debug|Win32
		{15CBFEFF-7965-41F5-B4E2-21E8795C9159}.Release OpenMP|Win32.ActiveCfg = Release|Win32
		{15CBFEFF-7965-41F5-B4E2-21E8795C9159}.Release OpenMP|Win32.Build.0 = Release|Win32
		{15CBFEFF-7965-41F5-B4E2-21E8795C9159}.Release|Win32.ActiveCfg = Release|Win32
		{15CBFEFF-7965-41F5-B4E2-21E8795C9159}.Release|Win32.Build.0 = Release|Win32
		{3A214E06-B95E-4D61-A291-1F8DF2EC10FD}.Debug|Win32.ActiveCfg = Debug|Win32
		{3A214E06-B95E-4D61-A291-1F8DF2EC10FD}.Debug|Win32.Build.0 = Debug|Win32
		{3A214E06-B95E-4D61-A291-1F8DF2EC10FD}.MemoryCheck|Win32.ActiveCfg = Debug|Win32
		{3A214E06-B95E-4D61-A291-1F8DF2EC10FD}.MemoryCheck|Win32.Build.0 = Debug|Win32
		{3A214E06-B95E-4D61-A291-1F8DF2EC10FD}.Release OpenMP|Win32.ActiveCfg = Release|Win32
		{3A214E06-B95E-4D61-A291-1F8DF2EC10FD}.Release OpenMP|Win32.Build.0 = Release|Win32
		{3A214E06-B95E-4D61-A291-1F8DF2EC10FD}.Release|Win32.ActiveCfg = Release|Win32
		{3A214E06-B95E-4D61-A291-1F8DF2EC10FD}.Release|Win32.Build.0 = Release|Win32
		{CEBDE98B-A6AA-46E6-BC79-FAAF823DB9EC}.Debug|Win32.ActiveCfg = Debug|Win32
		{CEBDE98B-A6AA-46E6-BC79-FAAF823DB9EC}.Debug|Win32.Build.0 = Debug|Win32
		{CEBDE98B-A6AA-46E6-BC79-FAAF823DB9EC}.MemoryCheck|Win32.ActiveCfg = Debug|Win32
		{CEBDE98B-A6AA-46E6-BC79-FAAF823DB9EC}.MemoryCheck|Win32.Build.0 = Debug|Win32
		{CEBDE98B-A6AA-46E6-BC79-FAAF823DB9EC}.Release OpenMP|Win32.ActiveCfg = Release|Win32
		{CEBDE98B-A6AA-46E6-BC79-FAAF823DB9EC}.Release OpenMP|Win32.Build.0 = Release|Win32
		{CEBDE98B-A6AA-46E6-BC79-FAAF823DB9EC}.Release|Win32.ActiveCfg = Release|Win32
		{CEBDE98B-A6AA-46E6-BC79-FAAF823DB9EC}.Release|Win32.Build.0 = Release|Win32
		{C767B2A0-CF6F-45CA-AE4B-37DDB759AD23}.Debug|Win32.ActiveCfg = Debug|Win32
		{C767B2A0-CF6F-45CA-AE4B-37DDB759AD23}.Debug|Win32.Build.0 = Debug|Win32
		{C767B2A0-CF6F-45CA-AE4B-37DDB759AD23}.MemoryCheck|Win32.ActiveCfg = Debug|Win32
		{C767B2A0-CF6F-45CA-AE4B-37DDB759AD23}.MemoryCheck|Win32.Build.0 = Debug|Win32
		{C767B2A0-CF6F-45CA-AE4B-37DDB759AD23}.Release OpenMP|Win32.ActiveCfg = Release|Win32
		{C767B2A0-CF6F-45CA-AE4B-37DDB759AD23}.Release OpenMP|Win32.Build.0 = Release|Win32
		{C767B2A0-CF6F-45CA-AE4B-37DDB759AD23}.Release|Win32.ActiveCfg = Release|Win32
		{C767B2A0-CF6F-45CA-AE4B-37DDB759AD23}.Release|Win32.Build.0 = Release|Win32
		{9217256F-BF11-46C3-807B-042A41B22268}.Debug|Win32.ActiveCfg = Debug|Win32
		{9217256F-BF11-46C3-807B-042A41B22268}.Debug|Win32.Build.0 = Debug|Win32
		{9217256F-BF11-46C3-807B-042A41B22268}.MemoryCheck|Win32.ActiveCfg = Debug|Win32
		{9217256F-BF11-46C3-807B-042A41B22268}.MemoryCheck|Win32.Build.0 = Debug|Win32
		{9217256F-BF11-46C3-807B-042A41B22268}.Release OpenMP|Win32.ActiveCfg = Release|Win32
		{9217256F-BF11-46C3-807B-042A41B22268}.Release OpenMP|Win32.Build.0 = Release|Win32
		{9217256F-BF11-46C3-807B-042A41B22268}.Release|Win32.ActiveCfg = Release|Win32
		{9217256F-BF11-46C3-807B-042A41B22268}.Release|Win32.Build.0 = Release|Win32
		{51F1EE2A-3989-4B3C-86FE-2F8462D60E31}.Debug|Win32.ActiveCfg = Debug|Win32
		{51F1EE2A-3989-4B3C-86FE-2F8462D60E31}.Debug|Win32.Build.0 = Debug|Win32
		{51F1EE2A-3989-4B3C-86FE-2F8462D60E31}.MemoryCheck|Win32.ActiveCfg = MemoryCheck|Win32
		{51F1EE2A-3989-4B3C-86FE-2F8462D60E31}.MemoryCheck|Win32.Build.0 = MemoryCheck|Win32
		{51F1EE2A-3989-4B3C-86FE-2F8462D60E31}.Release OpenMP|Win32.ActiveCfg = Release|Win32
		{51F1EE2A-3989-4B3C-86FE-2F8462D60E31}.Release OpenMP|Win32.Build.0 = Release|Win32
		{51F1EE2A-3989-4B3C-86FE-2F8462D60E31}.Release|Win32.ActiveCfg = Release|Win32
		{51F1EE2A-3989-4B3C-86FE-2F8462D60E31}.Release|Win32.Build.0 = Release|Win32
		{FC8B3C49-37FD-4F8F-8078-8F1D0B65653E}.Debug|Win32.ActiveCfg = Debug|Win32
		{FC8B3C49-37FD-4F8F-8078-8F1D0B65653E}.Debug|Win32.Build.0 = Debug|Win32
		{FC8B3C49-37FD-4F8F-8078-8F1D0B65653E}.MemoryCheck|Win32.ActiveCfg = MemoryCheck|Win32
		{FC8B3C49-37FD-4F8F-8078-8F1D0B65653E}.MemoryCheck|Win32.Build.0 = MemoryCheck|Win32
		{FC8B3C49-37FD-4F8F-8078-8F1D0B65653E}.Release OpenMP|Win32.ActiveCfg = Release|Win32
		{FC8B3C49-37FD-4F8F-8078-8F1D0B65653E}.Release OpenMP|Win32.Build.0 = Release|Win32
		{FC8B3C49-37FD-4F8F-8078-8F1D0B65653E}.Release|Win32.ActiveCfg = Release|Win32
		{FC8B3C49-37FD-4F8F-8078-8F1D0B65653E}.Release|Win32.Build.0 = Release|Win32
		{4C883733-BB98-4EC9-B561-7094BA1D49AA}.Debug|Win32.ActiveCfg = Debug|Win32
		{4C883733-BB98-4EC9-B561-7094BA1D49AA}.Debug|Win32.Build.0 = Debug|Win32
		{4C883733-BB98-4EC9-B561-7094BA1D49AA}.MemoryCheck|Win32.ActiveCfg = Debug|Win32
		{4C883733-BB98-4EC9-B561-7094BA1D49AA}.MemoryCheck|Win32.Build.0 = Debug|Win32
		{4C883733-BB98-4EC9-B561-7094BA1D49AA}.Release OpenMP|Win32.ActiveCfg = Release|Win32
		{4C883733-BB98-4EC9-B561-7094BA1D49AA}.Release OpenMP|Win32.Build.0 = Release|Win32
		{4C883733-BB98-4EC9-B561-7094BA1D49AA}.Release|Win32.ActiveCfg = Release|Win32
		{4C883733-BB98-4EC9-B561-7094BA1D49AA}.Release|Win32.Build.0 = Release|Win32
		{ACA0EDF7-A6D9-42DF-A0C1-29E8D0AACC32}.Debug|Win32.ActiveCfg = Debug|Win32
		{ACA0EDF7-A6D9-42DF-A0C1-29E8D0AACC32}.Debug|Win32.Build.0 = Debug|Win32
		{ACA0EDF7-A6D9-42DF-A0C1-29E8D0AACC32}.MemoryCheck|Win32.ActiveCfg = Debug|Win32
		{ACA0EDF7-A6D9-42DF-A0C1-29E8D0AACC32}.MemoryCheck|Win32.Build.0 = Debug|Win32
		{ACA0EDF7-A6D9-42DF-A0C1-29E8D0AACC32}.Release OpenMP|Win32.ActiveCfg = Release|Win32
		{ACA0EDF7-A6D9-42DF-A0C1-29E8D0AACC32}.Release OpenMP|Win32.Build.0 = Release|Win32
		{ACA0EDF7-A6D9-42DF-A0C1-29E8D0AACC32}.Release|Win32.ActiveCfg = Release|Win32
		{ACA0EDF7-A6D9-42DF-A0C1-29E8D0AACC32}.Release|Win32.Build.0 = Release|Win32
		{46436C34-9E64-4754-A03E-D951849B0830}.Debug|Win32.ActiveCfg = Debug|Win32
		{46436C34-9E64-4754-A03E-D951849B0830}.Debug|Win32.Build.0 = Debug|Win32
		{46436C34-9E64-4754-A03E-D951849B0830}.MemoryCheck|Win32.ActiveCfg = Debug|Win32
		{46436C34-9E64-4754-A03E-D951849B0830}.MemoryCheck|Win32.Build.0 = Debug|Win32
		{46436C34-9E64-4754-A03E-D951849B0830}.Release OpenMP|Win32.ActiveCfg = Release|Win32
		{46436C34-9E64-4754-A03E-D951849B0830}.Release OpenMP|Win32.Build.0 = Release|Win32
		{46436C34-9E64-4754-A03E-D951849B0830}.Release|Win32.ActiveCfg = Release|Win32
		{46436C34-9E64-4754-A03E-D951849B0830}.Release|Win32.Build.0 = Release|Win32
		{29BF6357-CD36-419D-817D-CBC80A1C9A9B}.Debug|Win32.ActiveCfg = Debug|Win32
		{29BF6357-CD36-419D-817D-CBC80A1C9A9B}.Debug|Win32.Build.0 = Debug|Win32
		{29BF6357-CD36-419D-817D-CBC80A1C9A9B}.MemoryCheck|Win32.ActiveCfg = Debug|Win32
		{29BF6357-CD36-419D-817D-CBC80A1C9A9B}.MemoryCheck|Win32.Build.0 = Debug|Win32
		{29BF6357-CD36-419D-817D-CBC80A1C9A9B}.Release OpenMP|Win32.ActiveCfg = Release|Win32
		{29BF6357-CD36-419D-817D-CBC80A1C9A9B}.Release OpenMP|Win32.Build.0 = Release|Win32
		{29BF6357-CD36-419D-817D-CBC80A1C9A9B}.Release|Win32.ActiveCfg = Release|Win32
		{29BF6357-CD36-419D-817D-CBC80A1C9A9B}.Release|Win32.Build.0 = Release|Win32
		{D3D78CC3-32E8-4D58-93B7-EA6F9AE55BC9}.Debug|Win32.ActiveCfg = Debug|Win32
		{D3D78CC3-32E8-4D58-93B7-EA6F9AE55BC9}.Debug|Win32.Build.0 = Debug|Win32
		{D3D78CC3-32E8-4D58-93B7-EA6F9AE55BC9}.MemoryCheck|Win32.ActiveCfg = Debug|Win32
		{D3D78CC3-32E8-4D58-93B7-EA6F9AE55BC9}.MemoryCheck|Win32.Build.0 = Debug|Win32
		{D3D78CC3-32E8-4D58-93B7-EA6F9AE55BC9}.Release OpenMP|Win32.ActiveCfg = Release|Win32
		{D3D78CC3-32E8-4D58-93B7-EA6F9AE55BC9}.Release OpenMP|Win32.Build.0 = Release|Win32
		{D3D78CC3-32E8-4D58-93B7-EA6F9AE55BC9}.Release|Win32.ActiveCfg = Release|Win32
		{D3D78CC3-32E8-4D58-93B7-EA6F9AE55BC9}.Release|Win32.Build.0 = Release|Win32
		{E6F87B71-B9B4-405A-812D-350DD5B6E213}.Debug|Win32.ActiveCfg = Debug|Win32
		{E6F87B71-B9B4-405A-812D-350DD5B6E213}.Debug|Win32.Build.0 = Debug|Win32
		{E6F87B71-B9B4-405A-812D-350DD5B6E213}.MemoryCheck|Win32.ActiveCfg = MemoryCheck|Win32
		{E6F87B71-B9B4-405A-812D-350DD5B6E213}.MemoryCheck|Win32.Build.0 = MemoryCheck|Win32
		{E6F87B71-B9B4-405A-812D-350DD5B6E213}.Release OpenMP|Win32.ActiveCfg = Release|Win32
		{E6F87B71-B9B4-405A-812D-350DD5B6E213}.Release OpenMP|Win32.Build.0 = Release|Win32
		{E6F87B71-B9B4-405A-812D-350DD5B6E213}.Release|Win32.ActiveCfg = Release|Win32
		{E6F87B71-B9B4-405A-812D-350DD5B6E213}.Release|Win32.Build.0 = Release|Win32
		{4D459FCD-DEFC-442B-B25E-2A69FAC82966}.Debug|Win32.ActiveCfg = Debug|Win32
		{4D459FCD-DEFC-442B-B25E-2A69FAC82966}.Debug|Win32.Build.0 = Debug|Win32
		{4D459FCD-DEFC-442B-B25E-2A69FAC82966}.MemoryCheck|Win32.ActiveCfg = Release|Win32
		{4D459FCD-DEFC-442B-B25E-2A69FAC82966}.MemoryCheck|Win32.Build.0 = Release|Win32
		{4D459FCD-DEFC-442B-B25E-2A69FAC82966}.Release OpenMP|Win32.ActiveCfg = Release|Win32
		{4D459FCD-DEFC-442B-B25E-2A69FAC82966}.Release OpenMP|Win32.Build.0 = Release|Win32
		{4D459FCD-DEFC-442B-B25E-2A69FAC82966}.Release|Win32.ActiveCfg = Release|Win32
		{4D459FCD-DEFC-442B-B25E-2A69FAC82966}.Release|Win32.Build.0 = Release|Win32
		{43FABD59-E406-44BC-B9F6-ED8646134078}.Debug|Win32.ActiveCfg = Debug|Win32
		{43FABD59-E406-44BC-B9F6-ED8646134078}.Debug|Win32.Build.0 = Debug|Win32
		{43FABD59-E406-44BC-B9F6-ED8646134078}.MemoryCheck|Win32.ActiveCfg = Release|Win32
		{43FABD59-E406-44BC-B9F6-ED8646134078}.MemoryCheck|Win32.Build.0 = Release|Win32
		{43FABD59-E406-44BC-B9F6-ED8646134078}.Release OpenMP|Win32.ActiveCfg = Release|Win32
		{43FABD59-E406-44BC-B9F6-ED8646134078}.Release OpenMP|Win32.Build.0 = Release|Win32
		{43FABD59-E406-44BC-B9F6-ED8646134078}.Release|Win32.ActiveCfg = Release|Win32
		{43FABD59-E406-44BC-B9F6-ED8646134078}.Release|Win32.Build.0 = Release|Win32
		{0616B596-46BA-43B7-8E34-67E58D177D25}.Debug|Win32.ActiveCfg = Debug|Win32
		{0616B596-46BA-43B7-8E34-67E58D177D25}.Debug|Win32.Build.0 = Debug|Win32
		{0616B596-46BA-43B7-8E34-67E58D177D25}.MemoryCheck|Win32.ActiveCfg = MemoryCheck|Win32
		{0616B596-46BA-43B7-8E34-67E58D177D25}.MemoryCheck|Win32.Build.0 = MemoryCheck|Win32
		{0616B596-46BA-43B7-8E34-67E58D177D25}.Release OpenMP|Win32.ActiveCfg = Release|Win32
		{0616B596-46BA-43B7-8E34-67E58D177D25}.Release OpenMP|Win32.Build.0 = Release|Win32
		{0616B596-46BA-43B7-8E34-67E58D177D25}.Release|Win32.ActiveCfg = Release|Win32
		{0616B596-46BA-43B7-8E34-67E58D177D25}.Release|Win32.Build.0 = Release|Win32
	EndGlobalSection
	GlobalSection(SolutionProperties) = preSolution
		HideSolutionNode = FALSE
	EndGlobalSection
	GlobalSection(NestedProjects) = preSolution
		{DB488001-8E98-4724-9787-72DA137C4E47} = {A6D1B062-D16B-4C0A-9D22-681FAD046BE0}
		{015B0EBE-4BCE-4C7D-8F27-47A5C78C6B27} = {A6D1B062-D16B-4C0A-9D22-681FAD046BE0}
		{F606E654-0F08-4B81-8388-5A903BBA07E9} = {A6D1B062-D16B-4C0A-9D22-681FAD046BE0}
		{3E87E5FB-5C38-1139-85B7-CF179BA0D2AB} = {A6D1B062-D16B-4C0A-9D22-681FAD046BE0}
		{7B21D090-9A12-4E86-8E65-9AAEA2B72AB4} = {A6D1B062-D16B-4C0A-9D22-681FAD046BE0}
		{C93E4376-D274-4D5C-9D4B-597594E5B343} = {A6D1B062-D16B-4C0A-9D22-681FAD046BE0}
		{AFFBE2FC-17A7-4892-A398-94A1BF45574B} = {A6D1B062-D16B-4C0A-9D22-681FAD046BE0}
		{C767B2A0-CF6F-45CA-AE4B-37DDB759AD23} = {A6D1B062-D16B-4C0A-9D22-681FAD046BE0}
		{9217256F-BF11-46C3-807B-042A41B22268} = {A6D1B062-D16B-4C0A-9D22-681FAD046BE0}
		{4C883733-BB98-4EC9-B561-7094BA1D49AA} = {A6D1B062-D16B-4C0A-9D22-681FAD046BE0}
		{ACA0EDF7-A6D9-42DF-A0C1-29E8D0AACC32} = {A6D1B062-D16B-4C0A-9D22-681FAD046BE0}
		{46436C34-9E64-4754-A03E-D951849B0830} = {A6D1B062-D16B-4C0A-9D22-681FAD046BE0}
		{4D459FCD-DEFC-442B-B25E-2A69FAC82966} = {A6D1B062-D16B-4C0A-9D22-681FAD046BE0}
		{BEA5367D-0441-4677-934A-43A09ABBF8C6} = {99FD7239-73AE-4DFB-8201-7B4529041102}
		{3BF9D44F-4A29-46EE-9A04-EE706E602620} = {99FD7239-73AE-4DFB-8201-7B4529041102}
		{834E6910-D179-4A80-AB73-3A8502BD2E84} = {99FD7239-73AE-4DFB-8201-7B4529041102}
		{AAE1B4EC-1495-436E-9C7B-A0A1B6C8F00A} = {99FD7239-73AE-4DFB-8201-7B4529041102}
		{9CFDEE73-7AD4-45DD-9453-EEF5FE8F6C85} = {99FD7239-73AE-4DFB-8201-7B4529041102}
		{B5FEA270-4B23-4249-9864-D974001157C9} = {99FD7239-73AE-4DFB-8201-7B4529041102}
		{4651A405-6EE2-42DC-9745-6555F69C553C} = {99FD7239-73AE-4DFB-8201-7B4529041102}
		{2A423B83-D582-49BA-A45F-E27148099850} = {99FD7239-73AE-4DFB-8201-7B4529041102}
		{43FABD59-E406-44BC-B9F6-ED8646134078} = {99FD7239-73AE-4DFB-8201-7B4529041102}
		{BB412F41-7C51-489A-AF33-A2736913EBA3} = {284A8B6D-11F0-4242-9FE9-FBA5E7E632BA}
		{1D558D7D-DA57-4908-BCFC-902054FE6B63} = {284A8B6D-11F0-4242-9FE9-FBA5E7E632BA}
		{AE8EB9B3-D2C2-4372-AB4B-FC980EE69D2D} = {284A8B6D-11F0-4242-9FE9-FBA5E7E632BA}
		{7D7F9530-C61A-4BF2-B1C8-DE9D369880B6} = {284A8B6D-11F0-4242-9FE9-FBA5E7E632BA}
		{572DA8BF-33EA-4950-AA4C-D5A4C4C8E6BD} = {284A8B6D-11F0-4242-9FE9-FBA5E7E632BA}
		{15CBFEFF-7965-41F5-B4E2-21E8795C9159} = {BB412F41-7C51-489A-AF33-A2736913EBA3}
		{3A214E06-B95E-4D61-A291-1F8DF2EC10FD} = {BB412F41-7C51-489A-AF33-A2736913EBA3}
		{CEBDE98B-A6AA-46E6-BC79-FAAF823DB9EC} = {BB412F41-7C51-489A-AF33-A2736913EBA3}
		{AFB8F4F3-5342-4AAE-ACAA-CB6428F6212E} = {F4B9FE33-2E4F-4074-90AC-8F7690867A45}
		{0D5CC932-3AEA-4AB2-802C-D4DA76A3A390} = {F4B9FE33-2E4F-4074-90AC-8F7690867A45}
		{29BF6357-CD36-419D-817D-CBC80A1C9A9B} = {F4B9FE33-2E4F-4074-90AC-8F7690867A45}
		{D3D78CC3-32E8-4D58-93B7-EA6F9AE55BC9} = {F4B9FE33-2E4F-4074-90AC-8F7690867A45}
		{E6F87B71-B9B4-405A-812D-350DD5B6E213} = {F4B9FE33-2E4F-4074-90AC-8F7690867A45}
		{0616B596-46BA-43B7-8E34-67E58D177D25} = {F4B9FE33-2E4F-4074-90AC-8F7690867A45}
		{51F1EE2A-3989-4B3C-86FE-2F8462D60E31} = {529C9F38-D989-4D40-9FA5-B00035BE668D}
		{FC8B3C49-37FD-4F8F-8078-8F1D0B65653E} = {529C9F38-D989-4D40-9FA5-B00035BE668D}
	EndGlobalSection
	GlobalSection(ExtensibilityGlobals) = postSolution
		AMDCaProjectFile = D:\Dokumente\Programmieren\GameEngine\CodeAnalyst\GameEngine_2008.caw
	EndGlobalSection
EndGlobal
